{
  "lockfileVersion": 1,
  "configVersion": 0,
  "workspaces": {
    "": {
      "name": "name_pn",
      "dependencies": {
        "@activeadmin/activeadmin": "4.0.0-beta23",
        "@hotwired/stimulus": "^3.2.2",
        "@hotwired/turbo": "^8.0.23",
        "@kollegorna/cocoon-vanilla-js": "^1.0.7",
        "@rails/activestorage": "^8.1.301",
        "@tailwindcss/cli": "^4.3.3",
        "@tailwindcss/typography": "^0.5.20",
        "@uppy/core": "^5.2.0",
        "@uppy/dashboard": "^5.1.1",
        "@uppy/image-editor": "^4.2.0",
        "@uppy/webcam": "^5.1.0",
        "@uppy/xhr-upload": "^5.2.0",
        "animate.css": "^4.1.1",
        "daisyui": "^5.7.43",
        "esbuild": "~0.28.2",
        "extendable-media-recorder": "^9.2.40",
        "extendable-media-recorder-wav-encoder": "^7.0.140",
        "fitty": "^2.4.2",
        "luminous-lightbox": "^2.4.0",
        "sortablejs": "^1.15.7",
        "tailwindcss": "^4.3.3",
      },
      "devDependencies": {
        "@types/sortablejs": "^1.15.9",
        "typescript": "^6.0.3",
      },
    },
  },
  "packages": {
    "@activeadmin/activeadmin": ["@activeadmin/activeadmin@4.0.0-beta23", "", { "dependencies": { "@rails/ujs": "7.1.600", "flowbite": "3.1.2" } }, "sha512-7hNiy0T/p1XEPAgYqLWYT9/03+0zBZ8dnjP+B8igr7FNE7KOYa8Mbv1LFJvZuN9P4AKLc1lMHTJzu7BVLY/PZw=="],

    "@babel/runtime": ["@babel/runtime@7.29.7", "", {}, "sha512-Nq8OhGWiZIZGV6hLHoyAKLLcJihP/xFeBMGJoUrxTX2psI8dCifzLhZISFb+VWS3wFMRDmCGw5R+dOySCqPLhw=="],

    "@esbuild/aix-ppc64": ["@esbuild/aix-ppc64@0.28.2", "", { "os": "aix", "cpu": "ppc64" }, "sha512-XExcO+dvLKvVtNTibSTBej1NCAbaGhWn9Ww1ZPx80qsahhPFe/8jgWP0IchNe0F3HwkU7n8ejhH8bjonqht8mQ=="],

    "@esbuild/android-arm": ["@esbuild/android-arm@0.28.2", "", { "os": "android", "cpu": "arm" }, "sha512-kXXoiPVVGQcnIYGOeaovwOURpniDBpSq4A03qkQ+BMQqtGG6HYap3xne9C1O1yo4TR3qxlCX5IqqmX6fFo2Lqg=="],

    "@esbuild/android-arm64": ["@esbuild/android-arm64@0.28.2", "", { "os": "android", "cpu": "arm64" }, "sha512-5YfKeeI8qWfBZIX+u2xZC3Zlb3Os/gLS2sbEKM+I4ZOcsWmHS2WLysCcQZDAFRslDUU5Oiq44gf6PYN1vGwG5A=="],

    "@esbuild/android-x64": ["@esbuild/android-x64@0.28.2", "", { "os": "android", "cpu": "x64" }, "sha512-O387ite7SzUyCcy3JQX4P4bLtEA7bLLkx+esve5JHnyYfNTxcVpXZo9jhdB0lTKN44gztELTdU7nS8Nr16Fs1Q=="],

    "@esbuild/darwin-arm64": ["@esbuild/darwin-arm64@0.28.2", "", { "os": "darwin", "cpu": "arm64" }, "sha512-n4KqkOQrraxHJcgjM1RvwbigfQKIKJVpM7xp+KsxiyUSrRdIXnt73VhrPAx0fV44hgfmIVKjxMN9J1t5jySVkw=="],

    "@esbuild/darwin-x64": ["@esbuild/darwin-x64@0.28.2", "", { "os": "darwin", "cpu": "x64" }, "sha512-uq6suIWYP37qzGddBKPw5QEQPi6HiLGsO7UmkpfyaYNQ3D+rN6w6WfwH+nuqcGXWvawGwxOEroO4YGnFh95azw=="],

    "@esbuild/freebsd-arm64": ["@esbuild/freebsd-arm64@0.28.2", "", { "os": "freebsd", "cpu": "arm64" }, "sha512-n+I0BTSRIoy+d6RPKnEVwql5UwBJolytvY4mAOIEJorKlqgPII8ix6slVVrfZ5Tnj7glIZvloylbB/EJPMWEXw=="],

    "@esbuild/freebsd-x64": ["@esbuild/freebsd-x64@0.28.2", "", { "os": "freebsd", "cpu": "x64" }, "sha512-78XJTJkvPs0kz2w61301PJjXl4g7q3JqiYMZ/M/yVI73EHBrCRTgkhu9oqG7vPqq+a/yadEW8aD+agKlk5xrmg=="],

    "@esbuild/linux-arm": ["@esbuild/linux-arm@0.28.2", "", { "os": "linux", "cpu": "arm" }, "sha512-XlDnu2q5yoqems+xay6wSAcg9DDD7K9RLKZEBOMZm3ckNpJBvOX20tSfby8KfrrhINDyv9V2YVZKY/SpoGJI8w=="],

    "@esbuild/linux-arm64": ["@esbuild/linux-arm64@0.28.2", "", { "os": "linux", "cpu": "arm64" }, "sha512-pW4AC0P3it8c7do9MVM4p51FzHzdM/TZrerurgRcHJ2WTa1VQ1CIq18xncfpBJw4ojkiZZrKW2yIBWBP92j6Ug=="],

    "@esbuild/linux-ia32": ["@esbuild/linux-ia32@0.28.2", "", { "os": "linux", "cpu": "ia32" }, "sha512-CYbnj78HsIeA+DhgUKgFCfvNsTHFhMMrinUrMZpDXJXKN8T3XViTZ/+wtHeVxEWY8ewSzTFN+nRmSwO2tZaLUQ=="],

    "@esbuild/linux-loong64": ["@esbuild/linux-loong64@0.28.2", "", { "os": "linux", "cpu": "none" }, "sha512-buwkd8nsph4R+ajRvw0qM5Hja/TXQow3ptzWO2EbG/cqcIkHloRrdlBtQlshyYGTNFvfkfJ5tpPLVkY4DtsPfQ=="],

    "@esbuild/linux-mips64el": ["@esbuild/linux-mips64el@0.28.2", "", { "os": "linux", "cpu": "none" }, "sha512-ZVykbDyk7519VwiNb9Lcj9m8XM6v5V9uKPvrEMkkEedVewf+0itkhahp4HDpgERXhwLRpWFypsGbG/J8s0QjJA=="],

    "@esbuild/linux-ppc64": ["@esbuild/linux-ppc64@0.28.2", "", { "os": "linux", "cpu": "ppc64" }, "sha512-CAXl+Dtd9UUuJd8pKKdwh6MLm3MUMiqMPmhZ3tTSXPqfyQ3vDl6R5hZdZ/kYojK4ofXtdfSv1tFq8XzWx3heNQ=="],

    "@esbuild/linux-riscv64": ["@esbuild/linux-riscv64@0.28.2", "", { "os": "linux", "cpu": "none" }, "sha512-GeXCej4IQtU1B+QlDV8W/RRvbzI3O/Stss+/bCXv4lZls5WGRtu2a+3JkA3i4qIUlMXpcHebWpF8AkJhATowuA=="],

    "@esbuild/linux-s390x": ["@esbuild/linux-s390x@0.28.2", "", { "os": "linux", "cpu": "s390x" }, "sha512-3H1weTYZPxt/WOhByszQZybS9w5lKzUn1FDMsgEChbHWQwHYQQRfBxgCcZvPhjHfKyJjIievvMmEUawJrdY9Dg=="],

    "@esbuild/linux-x64": ["@esbuild/linux-x64@0.28.2", "", { "os": "linux", "cpu": "x64" }, "sha512-4xTZr1FUmSoQW4XIWmit3tzQrUTZM+N3P0XV8xROKYF50XfI7xeO90+1bZvNwxIufQ9hDQVRJH5YhgPVF8A/HQ=="],

    "@esbuild/netbsd-arm64": ["@esbuild/netbsd-arm64@0.28.2", "", { "os": "none", "cpu": "arm64" }, "sha512-sSATRjPeDBg3pdgHoQfoYBob11Kk1FGa9lui5RIHZCoCkJa9QKlvl3/vKz2usCmYYjs7ymJR/2Nnsqe+Hjt5nw=="],

    "@esbuild/netbsd-x64": ["@esbuild/netbsd-x64@0.28.2", "", { "os": "none", "cpu": "x64" }, "sha512-lqnzCV+mM0gIADaKihiCg6ifgfU2L3h5E33rNQBN1Y4MaVGnzryzmvvf7UHxprpQdE8hpqLolJ9Rl+SkIRDpyw=="],

    "@esbuild/openbsd-arm64": ["@esbuild/openbsd-arm64@0.28.2", "", { "os": "openbsd", "cpu": "arm64" }, "sha512-AL2qJILH7lNjrDmCQDvdxMfAUIv8KMNZOvrwAQ8i8//ntL9FflhOyMJ8OZSMBb8/AWXe3/5v5S20y3zCoZWKoQ=="],

    "@esbuild/openbsd-x64": ["@esbuild/openbsd-x64@0.28.2", "", { "os": "openbsd", "cpu": "x64" }, "sha512-QtiuPytchRyC4rwUKhexJdQKvDuZ6hWloi3igqPQNUJCS1/v9EiO3UTOXR6A3FoMo4fnAKbWJdqaIwhOzh8qEw=="],

    "@esbuild/openharmony-arm64": ["@esbuild/openharmony-arm64@0.28.2", "", { "os": "none", "cpu": "arm64" }, "sha512-WkhYDmpTjLvGlScA1rwjRUmhl4k8oXR3cIbtqWmELgU/dFeHHlEllxDvdWcNJV9rbzCexB5vz8gtNewWLgCT7Q=="],

    "@esbuild/sunos-x64": ["@esbuild/sunos-x64@0.28.2", "", { "os": "sunos", "cpu": "x64" }, "sha512-GPMSkTOtMnv2U2F8gxe4Io6qmVs+YKyp832Etqqxr0hFngmXQ3rzwytelm3GIn7T4VviRUlf3sOgBOiTdvaf7g=="],

    "@esbuild/win32-arm64": ["@esbuild/win32-arm64@0.28.2", "", { "os": "win32", "cpu": "arm64" }, "sha512-PIhhEkE9uPBleRBrQEJpUn7MBnibZzbGzYWPmY3x+YoVg/95zbjB4CxPPOQ8l5tYYM4mMaCthF8/1DIfBQQyWQ=="],

    "@esbuild/win32-ia32": ["@esbuild/win32-ia32@0.28.2", "", { "os": "win32", "cpu": "ia32" }, "sha512-YmJbfTlvU7Sdn9BB+4PRES4oB6pxgS37MAONj+hBr/cpXS1aBPKXxNnDbu+QCWPj0o9dgyxeq79g6c5P8KeuYA=="],

    "@esbuild/win32-x64": ["@esbuild/win32-x64@0.28.2", "", { "os": "win32", "cpu": "x64" }, "sha512-5ebpxr3nWMzrL/rnUI755Jkuee0bHL/Gq0WTF9lvcpv73wAp5eu8MfBUgWK9bhWvZjj7yX8etf/8tI8Ney695g=="],

    "@hotwired/stimulus": ["@hotwired/stimulus@3.2.2", "", {}, "sha512-eGeIqNOQpXoPAIP7tC1+1Yc1yl1xnwYqg+3mzqxyrbE5pg5YFBZcA6YoTiByJB6DKAEsiWtl6tjTJS4IYtbB7A=="],

    "@hotwired/turbo": ["@hotwired/turbo@8.0.23", "", {}, "sha512-GZ7cijxEZ6Ig71u7rD6LHaRv/wcE/hNsc+nEfiWOkLNqUgLOwo5MNGWOy5ZV9ZUDSiQx1no7YxjTNnT4O6//cQ=="],

    "@jridgewell/gen-mapping": ["@jridgewell/gen-mapping@0.3.13", "", { "dependencies": { "@jridgewell/sourcemap-codec": "^1.5.0", "@jridgewell/trace-mapping": "^0.3.24" } }, "sha512-2kkt/7niJ6MgEPxF0bYdQ6etZaA+fQvDcLKckhy1yIQOzaoKjBBjSj63/aLVjYE3qhRt5dvM+uUyfCg6UKCBbA=="],

    "@jridgewell/remapping": ["@jridgewell/remapping@2.3.5", "", { "dependencies": { "@jridgewell/gen-mapping": "^0.3.5", "@jridgewell/trace-mapping": "^0.3.24" } }, "sha512-LI9u/+laYG4Ds1TDKSJW2YPrIlcVYOwi2fUC6xB43lueCjgxV4lffOCZCtYFiH6TNOX+tQKXx97T4IKHbhyHEQ=="],

    "@jridgewell/resolve-uri": ["@jridgewell/resolve-uri@3.1.2", "", {}, "sha512-bRISgCIjP20/tbWSPWMEi54QVPRZExkuD9lJL+UIxUKtwVJA8wW1Trb1jMs1RFXo1CBTNZ/5hpC9QvmKWdopKw=="],

    "@jridgewell/sourcemap-codec": ["@jridgewell/sourcemap-codec@1.6.0", "", {}, "sha512-T7jf+5zgsZHwNJ4lvQ7/aezbyk0nNX+zJVWpmHA7VYsEx7a7qr5Rg5IbtJFqkgze5Y2sruq1RUY8Q837Od7iFw=="],

    "@jridgewell/trace-mapping": ["@jridgewell/trace-mapping@0.3.31", "", { "dependencies": { "@jridgewell/resolve-uri": "^3.1.0", "@jridgewell/sourcemap-codec": "^1.4.14" } }, "sha512-zzNR+SdQSDJzc8joaeP8QQoCQr8NuYx2dIIytl1QeBEZHJ9uW6hebsrYgbz8hJwUQao3TWCMtmfV8Nu1twOLAw=="],

    "@kollegorna/cocoon-vanilla-js": ["@kollegorna/cocoon-vanilla-js@1.0.7", "", {}, "sha512-ceu4Mtx7R6Lw7rUdDiODEcMBJCWxog+pO4OEEQKRRERrBqQeGM5zb6qSM5Z5/DJJooqmpY9ANyxt7XbfJMDVWQ=="],

    "@parcel/watcher": ["@parcel/watcher@2.5.1", "", { "dependencies": { "detect-libc": "^1.0.3", "is-glob": "^4.0.3", "micromatch": "^4.0.5", "node-addon-api": "^7.0.0" }, "optionalDependencies": { "@parcel/watcher-android-arm64": "2.5.1", "@parcel/watcher-darwin-arm64": "2.5.1", "@parcel/watcher-darwin-x64": "2.5.1", "@parcel/watcher-freebsd-x64": "2.5.1", "@parcel/watcher-linux-arm-glibc": "2.5.1", "@parcel/watcher-linux-arm-musl": "2.5.1", "@parcel/watcher-linux-arm64-glibc": "2.5.1", "@parcel/watcher-linux-arm64-musl": "2.5.1", "@parcel/watcher-linux-x64-glibc": "2.5.1", "@parcel/watcher-linux-x64-musl": "2.5.1", "@parcel/watcher-win32-arm64": "2.5.1", "@parcel/watcher-win32-ia32": "2.5.1", "@parcel/watcher-win32-x64": "2.5.1" } }, "sha512-dfUnCxiN9H4ap84DvD2ubjw+3vUNpstxa0TneY/Paat8a3R4uQZDLSvWjmznAY/DoahqTHl9V46HF/Zs3F29pg=="],

    "@parcel/watcher-android-arm64": ["@parcel/watcher-android-arm64@2.5.1", "", { "os": "android", "cpu": "arm64" }, "sha512-KF8+j9nNbUN8vzOFDpRMsaKBHZ/mcjEjMToVMJOhTozkDonQFFrRcfdLWn6yWKCmJKmdVxSgHiYvTCef4/qcBA=="],

    "@parcel/watcher-darwin-arm64": ["@parcel/watcher-darwin-arm64@2.5.1", "", { "os": "darwin", "cpu": "arm64" }, "sha512-eAzPv5osDmZyBhou8PoF4i6RQXAfeKL9tjb3QzYuccXFMQU0ruIc/POh30ePnaOyD1UXdlKguHBmsTs53tVoPw=="],

    "@parcel/watcher-darwin-x64": ["@parcel/watcher-darwin-x64@2.5.1", "", { "os": "darwin", "cpu": "x64" }, "sha512-1ZXDthrnNmwv10A0/3AJNZ9JGlzrF82i3gNQcWOzd7nJ8aj+ILyW1MTxVk35Db0u91oD5Nlk9MBiujMlwmeXZg=="],

    "@parcel/watcher-freebsd-x64": ["@parcel/watcher-freebsd-x64@2.5.1", "", { "os": "freebsd", "cpu": "x64" }, "sha512-SI4eljM7Flp9yPuKi8W0ird8TI/JK6CSxju3NojVI6BjHsTyK7zxA9urjVjEKJ5MBYC+bLmMcbAWlZ+rFkLpJQ=="],

    "@parcel/watcher-linux-arm-glibc": ["@parcel/watcher-linux-arm-glibc@2.5.1", "", { "os": "linux", "cpu": "arm" }, "sha512-RCdZlEyTs8geyBkkcnPWvtXLY44BCeZKmGYRtSgtwwnHR4dxfHRG3gR99XdMEdQ7KeiDdasJwwvNSF5jKtDwdA=="],

    "@parcel/watcher-linux-arm-musl": ["@parcel/watcher-linux-arm-musl@2.5.1", "", { "os": "linux", "cpu": "arm" }, "sha512-6E+m/Mm1t1yhB8X412stiKFG3XykmgdIOqhjWj+VL8oHkKABfu/gjFj8DvLrYVHSBNC+/u5PeNrujiSQ1zwd1Q=="],

    "@parcel/watcher-linux-arm64-glibc": ["@parcel/watcher-linux-arm64-glibc@2.5.1", "", { "os": "linux", "cpu": "arm64" }, "sha512-LrGp+f02yU3BN9A+DGuY3v3bmnFUggAITBGriZHUREfNEzZh/GO06FF5u2kx8x+GBEUYfyTGamol4j3m9ANe8w=="],

    "@parcel/watcher-linux-arm64-musl": ["@parcel/watcher-linux-arm64-musl@2.5.1", "", { "os": "linux", "cpu": "arm64" }, "sha512-cFOjABi92pMYRXS7AcQv9/M1YuKRw8SZniCDw0ssQb/noPkRzA+HBDkwmyOJYp5wXcsTrhxO0zq1U11cK9jsFg=="],

    "@parcel/watcher-linux-x64-glibc": ["@parcel/watcher-linux-x64-glibc@2.5.1", "", { "os": "linux", "cpu": "x64" }, "sha512-GcESn8NZySmfwlTsIur+49yDqSny2IhPeZfXunQi48DMugKeZ7uy1FX83pO0X22sHntJ4Ub+9k34XQCX+oHt2A=="],

    "@parcel/watcher-linux-x64-musl": ["@parcel/watcher-linux-x64-musl@2.5.1", "", { "os": "linux", "cpu": "x64" }, "sha512-n0E2EQbatQ3bXhcH2D1XIAANAcTZkQICBPVaxMeaCVBtOpBZpWJuf7LwyWPSBDITb7In8mqQgJ7gH8CILCURXg=="],

    "@parcel/watcher-win32-arm64": ["@parcel/watcher-win32-arm64@2.5.1", "", { "os": "win32", "cpu": "arm64" }, "sha512-RFzklRvmc3PkjKjry3hLF9wD7ppR4AKcWNzH7kXR7GUe0Igb3Nz8fyPwtZCSquGrhU5HhUNDr/mKBqj7tqA2Vw=="],

    "@parcel/watcher-win32-ia32": ["@parcel/watcher-win32-ia32@2.5.1", "", { "os": "win32", "cpu": "ia32" }, "sha512-c2KkcVN+NJmuA7CGlaGD1qJh1cLfDnQsHjE89E60vUEMlqduHGCdCLJCID5geFVM0dOtA3ZiIO8BoEQmzQVfpQ=="],

    "@parcel/watcher-win32-x64": ["@parcel/watcher-win32-x64@2.5.1", "", { "os": "win32", "cpu": "x64" }, "sha512-9lHBdJITeNR++EvSQVUcaZoWupyHfXe1jZvGZ06O/5MflPcuPLtEphScIBL+AiCWBO46tDSHzWyD0uDmmZqsgA=="],

    "@popperjs/core": ["@popperjs/core@2.11.8", "", {}, "sha512-P1st0aksCrn9sGZhp8GMYwBnQsbvAWsZAX44oXNNvLHGqAOcoVxmjZiohstwQ7SqKnbR47akdNi+uleWD8+g6A=="],

    "@rails/activestorage": ["@rails/activestorage@8.1.301", "", { "dependencies": { "spark-md5": "^3.0.1" } }, "sha512-o+gxhV96Wa/NpVdTWib9iR9RWlqWjjsylPv16muSFUjIhI6usZJBjM1y93h9cjwWfuW/FxI5QONeH3EFv3+cbg=="],

    "@rails/ujs": ["@rails/ujs@7.1.600", "", {}, "sha512-ntMYJ8++n1zcIJ1g75or7Va9IU3ueCHgp9IJk7Ny7eFEbu0Kx40EHZ2FNhoxoUEjlF5NifCFCbvoK5rDK5HpIQ=="],

    "@rollup/plugin-node-resolve": ["@rollup/plugin-node-resolve@15.3.1", "", { "dependencies": { "@rollup/pluginutils": "^5.0.1", "@types/resolve": "1.20.2", "deepmerge": "^4.2.2", "is-module": "^1.0.0", "resolve": "^1.22.1" }, "peerDependencies": { "rollup": "^2.78.0||^3.0.0||^4.0.0" }, "optionalPeers": ["rollup"] }, "sha512-tgg6b91pAybXHJQMAAwW9VuWBO6Thi+q7BCNARLwSqlmsHz0XYURtGvh/AuwSADXSI4h/2uHbs7s4FzlZDGSGA=="],

    "@rollup/pluginutils": ["@rollup/pluginutils@5.4.0", "", { "dependencies": { "@types/estree": "^1.0.0", "estree-walker": "^2.0.2", "picomatch": "^4.0.2" }, "peerDependencies": { "rollup": "^1.20.0||^2.0.0||^3.0.0||^4.0.0" }, "optionalPeers": ["rollup"] }, "sha512-MfPp06CjRLfXQ3wY0R8vJDYBy/MvVcc9OulEfR0B8Iv9ko+GCNaRZ+EpJYFl27LhKsZK0o420sYCRHCjfCgeUg=="],

    "@tailwindcss/cli": ["@tailwindcss/cli@4.3.3", "", { "dependencies": { "@parcel/watcher": "2.5.1", "@tailwindcss/node": "4.3.3", "@tailwindcss/oxide": "4.3.3", "enhanced-resolve": "^5.24.1", "mri": "^1.2.0", "picocolors": "^1.1.1", "tailwindcss": "4.3.3" }, "bin": { "tailwindcss": "./dist/index.mjs" } }, "sha512-ZvS/n1ZHOBKcVlhkt8l5NNr1EDXk1NboYO5CYDOs6NUmvT9z6bzkwsosaJftY57T/3gWNzWMJzIXLodZC8ssdw=="],

    "@tailwindcss/node": ["@tailwindcss/node@4.3.3", "", { "dependencies": { "@jridgewell/remapping": "^2.3.5", "enhanced-resolve": "^5.24.1", "jiti": "^2.7.0", "lightningcss": "1.32.0", "magic-string": "^0.30.21", "source-map-js": "^1.2.1", "tailwindcss": "4.3.3" } }, "sha512-/T8IKEsf9VTU6tLjgC7+sv2mOPtQxzE2jMw7u4Tt40Tx+QSZxpzh95/H6cMKoja9XuW7iMdLJYBB0o9G1CaAgg=="],

    "@tailwindcss/oxide": ["@tailwindcss/oxide@4.3.3", "", { "optionalDependencies": { "@tailwindcss/oxide-android-arm64": "4.3.3", "@tailwindcss/oxide-darwin-arm64": "4.3.3", "@tailwindcss/oxide-darwin-x64": "4.3.3", "@tailwindcss/oxide-freebsd-x64": "4.3.3", "@tailwindcss/oxide-linux-arm-gnueabihf": "4.3.3", "@tailwindcss/oxide-linux-arm64-gnu": "4.3.3", "@tailwindcss/oxide-linux-arm64-musl": "4.3.3", "@tailwindcss/oxide-linux-x64-gnu": "4.3.3", "@tailwindcss/oxide-linux-x64-musl": "4.3.3", "@tailwindcss/oxide-wasm32-wasi": "4.3.3", "@tailwindcss/oxide-win32-arm64-msvc": "4.3.3", "@tailwindcss/oxide-win32-x64-msvc": "4.3.3" } }, "sha512-krXjAikiaFSPaK/FkAQT5UTx3VormQaiZ5hBFlJZ9UFQGB/rwg1MZIhHAG9smMQRTdyJxP6Qt5MwMtdyU5FWrA=="],

    "@tailwindcss/oxide-android-arm64": ["@tailwindcss/oxide-android-arm64@4.3.3", "", { "os": "android", "cpu": "arm64" }, "sha512-Y85A2gmPSkl5Ve5qR86GL4HT509cFqQh1aes9p3sSkyTPwt0Pppf3GkwGe4JPACcRYjgJIEhQgM6dBClnr0NYw=="],

    "@tailwindcss/oxide-darwin-arm64": ["@tailwindcss/oxide-darwin-arm64@4.3.3", "", { "os": "darwin", "cpu": "arm64" }, "sha512-BiaWatpBcERQFDlOjRDpIVXuFK5PJez5SA4JMg6VYZdBYU+qKfV/vqjcIs+IYmtitf1xYQZTwXvU/8y4lfZUGw=="],

    "@tailwindcss/oxide-darwin-x64": ["@tailwindcss/oxide-darwin-x64@4.3.3", "", { "os": "darwin", "cpu": "x64" }, "sha512-fAeUqfV5ndhxRwai8cXGzdLvul9utWOmeTkv69unv4ZXixjn61Z+p9lCWdwOwA3TYboG3BwdVuN/RDjhBRl0mw=="],

    "@tailwindcss/oxide-freebsd-x64": ["@tailwindcss/oxide-freebsd-x64@4.3.3", "", { "os": "freebsd", "cpu": "x64" }, "sha512-iyf5bV6+wnAlflVeEy7R25dupxTNECZN5QMI0qNT6eT+EgaGdZcKhGkr5SdoaWiLJ3spLqIY9VCeSGrwmtg4kw=="],

    "@tailwindcss/oxide-linux-arm-gnueabihf": ["@tailwindcss/oxide-linux-arm-gnueabihf@4.3.3", "", { "os": "linux", "cpu": "arm" }, "sha512-aAYUprJAJQWWbRrPvtjdroZ56Md+JM8pMiopS6xGEwDfLhqj+2ver2p4nU4Mb3CRqcMmNBjo8KkUgcxhkzVQGQ=="],

    "@tailwindcss/oxide-linux-arm64-gnu": ["@tailwindcss/oxide-linux-arm64-gnu@4.3.3", "", { "os": "linux", "cpu": "arm64" }, "sha512-nDxldcEENOxZRzC2uu9jrutZdAAQtb+8WWDCSnWL1zvBk1+FN+x6MtDViPB5AJMfttVCUhehGWus3XBPgatM/w=="],

    "@tailwindcss/oxide-linux-arm64-musl": ["@tailwindcss/oxide-linux-arm64-musl@4.3.3", "", { "os": "linux", "cpu": "arm64" }, "sha512-Md44bD6veX/PC5iyF8cDVnw4HBIANZepRZZ7a8DQOvkfo5WUBwcp6iAuCUz23u+4SUkhJlD3eL7hNdW8ezd/kA=="],

    "@tailwindcss/oxide-linux-x64-gnu": ["@tailwindcss/oxide-linux-x64-gnu@4.3.3", "", { "os": "linux", "cpu": "x64" }, "sha512-tx7us1muwOKAKWao2v/GaafFeQboE6aj88vC6ziN2NCGcRm8gWUhwjzg+YdVB1e4boAtdtma4L43onunI6NS4w=="],

    "@tailwindcss/oxide-linux-x64-musl": ["@tailwindcss/oxide-linux-x64-musl@4.3.3", "", { "os": "linux", "cpu": "x64" }, "sha512-SJxX60smvHgasZoBy11dX6YRjXJFovwWBoedhbQPOBzgFWBHGB+TVPWB9BxzR7TTxU8FQZAI2AyiNCMzFm8Img=="],

    "@tailwindcss/oxide-wasm32-wasi": ["@tailwindcss/oxide-wasm32-wasi@4.3.3", "", { "dependencies": { "@emnapi/core": "^1.11.1", "@emnapi/runtime": "^1.11.1", "@emnapi/wasi-threads": "^1.2.2", "@napi-rs/wasm-runtime": "^1.1.4", "@tybys/wasm-util": "^0.10.2", "tslib": "^2.8.1" }, "cpu": "none" }, "sha512-jx1+rPhY/5Ympkktd656HBWEBLxP7dH06losBLjjf5vgCODXvi9KhtftWcMIwTFIDqBr7cRnQkdLnAG+IOlGvQ=="],

    "@tailwindcss/oxide-win32-arm64-msvc": ["@tailwindcss/oxide-win32-arm64-msvc@4.3.3", "", { "os": "win32", "cpu": "arm64" }, "sha512-3rc292Ca2ceK6Ulcc/bAVnTs/3nDtoPhyEKlgPv+yQJQi/JS/AMJlqzxvlDacL1nekbrcf6bTqp/jV4qgnPxNQ=="],

    "@tailwindcss/oxide-win32-x64-msvc": ["@tailwindcss/oxide-win32-x64-msvc@4.3.3", "", { "os": "win32", "cpu": "x64" }, "sha512-yJ0pwIVc/nYeGoV02WtsN8KYyLQv7kyI2wDnkezyJlGGjkd4QLwDGAwl47YpPJeuI0M0ObaXGSPjvWDPeTPggw=="],

    "@tailwindcss/typography": ["@tailwindcss/typography@0.5.20", "", { "dependencies": { "postcss-selector-parser": "6.0.10" }, "peerDependencies": { "tailwindcss": ">=3.0.0 || >=4.0.0 || insiders" } }, "sha512-hwbzQuNUfcPvbegQFatVPl/MY/tcM9KLl963hQ5laJKPh81TEZ1+dNG9PirGvcaDBkp+BCshExAyKVPW91dozw=="],

    "@transloadit/prettier-bytes": ["@transloadit/prettier-bytes@0.3.5", "", {}, "sha512-xF4A3d/ZyX2LJWeQZREZQw+qFX4TGQ8bGVP97OLRt6sPO6T0TNHBFTuRHOJh7RNmYOBmQ9MHxpolD9bXihpuVA=="],

    "@types/estree": ["@types/estree@1.0.9", "", {}, "sha512-GhdPgy1el4/ImP05X05Uw4cw2/M93BCUmnEvWZNStlCzEKME4Fkk+YpoA5OiHNQmoS7Cafb8Xa3Pya8m1Qrzeg=="],

    "@types/resolve": ["@types/resolve@1.20.2", "", {}, "sha512-60BCwRFOZCQhDncwQdxxeOEEkbc5dIMccYLwbxsS4TUNeVECQ/pBJ0j09mrHOl/JJvpRPGwO9SvE4nR2Nb/a4Q=="],

    "@types/retry": ["@types/retry@0.12.2", "", {}, "sha512-XISRgDJ2Tc5q4TRqvgJtzsRkFYNJzZrhTdtMoGVBttwzzQJkPnS3WWTFc7kuDRoPtPakl+T+OfdEUjYJj7Jbow=="],

    "@types/sortablejs": ["@types/sortablejs@1.15.9", "", {}, "sha512-7HP+rZGE2p886PKV9c9OJzLBI6BBJu1O7lJGYnPyG3fS4/duUCcngkNCjsLwIMV+WMqANe3tt4irrXHSIe68OQ=="],

    "@uppy/companion-client": ["@uppy/companion-client@5.1.1", "", { "dependencies": { "@uppy/utils": "^7.1.1", "namespace-emitter": "^2.0.1", "p-retry": "^6.1.0" } }, "sha512-DzrOWTbIZHvtgAFXBMYHk2wD27NjpBSVhY2tEiEIUhPd2CxbFRZjHM/N3HOt3VwZEAP471QWFLlJRWPcIY3A2Q=="],

    "@uppy/core": ["@uppy/core@5.2.0", "", { "dependencies": { "@transloadit/prettier-bytes": "^0.3.4", "@uppy/store-default": "^5.0.0", "@uppy/utils": "^7.1.4", "lodash": "^4.17.21", "mime-match": "^1.0.2", "namespace-emitter": "^2.0.1", "nanoid": "^5.0.9", "preact": "^10.5.13" } }, "sha512-uvfNyz4cnaplt7LYJmEZHuqOuav0tKp4a9WKJIaH6iIj7XiqYvS2J5SEByexAlUFlzefOAyjzj4Ja2dd/8aMrw=="],

    "@uppy/dashboard": ["@uppy/dashboard@5.1.1", "", { "dependencies": { "@transloadit/prettier-bytes": "^0.3.4", "@uppy/provider-views": "^5.2.2", "@uppy/thumbnail-generator": "^5.1.0", "@uppy/utils": "^7.1.5", "classnames": "^2.2.6", "lodash": "^4.17.23", "nanoid": "^5.0.9", "preact": "^10.26.10", "shallow-equal": "^3.0.0" } }, "sha512-6H/xVvhhdfwp1+FRMp2C+tudyaedqD5+LMDB8Iw20k9+QCL1eGzOh4wXm6MCqJtNfQ1tLaprGMG1jlo7yS/uyw=="],

    "@uppy/image-editor": ["@uppy/image-editor@4.2.0", "", { "dependencies": { "@uppy/utils": "^7.1.5", "cropperjs": "^1.6.2", "preact": "^10.26.10" } }, "sha512-7Mn40hQMEwy9lufXYfNhSDuY24LUUSSmumXEoivGgUnXsNgcmppyzVjY94/Q6S6yX7Bg3L/sMvayjPXhYwt64A=="],

    "@uppy/provider-views": ["@uppy/provider-views@5.2.2", "", { "dependencies": { "@uppy/utils": "^7.1.5", "classnames": "^2.2.6", "lodash": "^4.17.21", "nanoid": "^5.0.9", "p-queue": "^8.0.0", "preact": "^10.5.13" } }, "sha512-NAazIJ5sjrAc6++CeJ/u9dB5gDaaAOLHrYeEmWs/HqLlftlIinRZOybnyzJRXwI8jWI/FK5moluzt2HXu6dPQQ=="],

    "@uppy/store-default": ["@uppy/store-default@5.0.0", "", {}, "sha512-hQtCSQ1yGiaval/wVYUWquYGDJ+bpQ7e4FhUUAsRQz1x1K+o7NBtjfp63O9I4Ks1WRoKunpkarZ+as09l02cPw=="],

    "@uppy/thumbnail-generator": ["@uppy/thumbnail-generator@5.1.0", "", { "dependencies": { "@uppy/utils": "^7.1.4", "exifr": "^7.0.0" } }, "sha512-QAKJHHkMrD/30GOyUb5U9HyJ7Ie3jiMLp4pVdw27PoA4pNV7fDQz0tyDeRPj2H+BWPEB1NsTSSfHI2pjHNI+OQ=="],

    "@uppy/utils": ["@uppy/utils@7.2.0", "", { "dependencies": { "lodash": "^4.17.23", "preact": "^10.26.10" } }, "sha512-6lC246qszMv6bTyl/+QyHwrudgeguWkA94ME1wHn+a6uRAvmtAEaUManIfGqTJfoKvWAiCJqdJPl5xRJjhAloQ=="],

    "@uppy/webcam": ["@uppy/webcam@5.1.0", "", { "dependencies": { "@uppy/utils": "^7.1.4", "is-mobile": "^4.0.0", "preact": "^10.5.13" } }, "sha512-SHI+yiNrD4JrTFhQPyt7Mi9nL5r5YDwyXtYXuSRM3URB0etKes6u02MKY5GEn2LEpCSqSceXUi84Prig7UWYIw=="],

    "@uppy/xhr-upload": ["@uppy/xhr-upload@5.2.0", "", { "dependencies": { "@uppy/companion-client": "^5.1.1", "@uppy/utils": "^7.2.0" } }, "sha512-3LV/X5Of6BINnKplP+CwUJ0a4/7cRFfzxwGyXnW+uCrNQHoo09dttcz3begWHejGvzenQHuUnMO3Fxyc71Pryg=="],

    "animate.css": ["animate.css@4.1.1", "", {}, "sha512-+mRmCTv6SbCmtYJCN4faJMNFVNN5EuCTTprDTAo7YzIGji2KADmakjVA3+8mVDkZ2Bf09vayB35lSQIex2+QaQ=="],

    "automation-events": ["automation-events@7.1.19", "", { "dependencies": { "@babel/runtime": "^7.29.2", "tslib": "^2.8.1" } }, "sha512-cD+TLhJTI0q4AI3ktd353lrGZiVa9AchowSDzQzzGjSoYe22js4vlS32VUtWuaulghi1Yq0KYNWKk9wWuGymPA=="],

    "braces": ["braces@3.0.3", "", { "dependencies": { "fill-range": "^7.1.1" } }, "sha512-yQbXgO/OSZVD2IsiLlro+7Hf6Q18EJrKSEsdoMzKePKXct3gvD8oLcOQdIzGupr5Fj+EDe8gO/lxc1BzfMpxvA=="],

    "broker-factory": ["broker-factory@3.1.15", "", { "dependencies": { "@babel/runtime": "^7.29.7", "fast-unique-numbers": "^9.0.27", "tslib": "^2.8.1", "worker-factory": "^7.0.50" } }, "sha512-ko+aWvgNuP49meGrdjUu7rC+Y+Wai3cCPxP3xWwHsHfehFjOh5ZQM2yC4gEB2UddeZ/YXhm0K1eG/L6fxym2Og=="],

    "classnames": ["classnames@2.5.1", "", {}, "sha512-saHYOzhIQs6wy2sVxTM6bUDsQO4F50V9RQ22qBpEdCW+I+/Wmke2HOl6lS6dTpdxVhb88/I6+Hs+438c3lfUow=="],

    "cropperjs": ["cropperjs@1.6.3", "", {}, "sha512-BRb0PRIzjbfM5n+i6L2D85pSbXI/w6cnnwb9W9cRKgAmbiP+OjDeq+Irhd86IujZDXm/7JWECfscllFIdrlmfw=="],

    "cssesc": ["cssesc@3.0.0", "", { "bin": { "cssesc": "bin/cssesc" } }, "sha512-/Tb/JcjK111nNScGob5MNtsntNM1aCNUDipB/TkwZFhyDrrE47SOx/18wF2bbjgc3ZzCSKW1T5nt5EbFoAz/Vg=="],

    "daisyui": ["daisyui@5.7.43", "", {}, "sha512-o80D/SaF70gWppzpfk1X01ApWjVeqEEARbySaC0hWzIQymMqStcp28e+5lTWErHIfOk8RqGkD8ozA4v9tI4MZA=="],

    "deepmerge": ["deepmerge@4.3.1", "", {}, "sha512-3sUqbMEc77XqpdNO7FRyRog+eW3ph+GYCbj+rK+uYyRMuwsVy0rMiVtPn+QJlKFvWP/1PYpapqYn0Me2knFn+A=="],

    "detect-libc": ["detect-libc@1.0.3", "", { "bin": { "detect-libc": "./bin/detect-libc.js" } }, "sha512-pGjwhsmsp4kL2RTz08wcOlGN83otlqHeD/Z5T8GXZB+/YcpQ/dgo+lbU8ZsGxV0HIvqqxo9l7mqYwyYMD9bKDg=="],

    "enhanced-resolve": ["enhanced-resolve@5.25.1", "", { "dependencies": { "graceful-fs": "^4.2.4", "tapable": "^2.3.3" } }, "sha512-nGXts5znJzmWPu+mIE9izCOzdg63oJca2mDzGWWTth7sr4aCToKcoyFVBQwN75Ij5Pf6p510EwkTqViTRzDV+w=="],

    "es-errors": ["es-errors@1.3.0", "", {}, "sha512-Zf5H2Kxt2xjTvbJvP2ZWLEICxA6j+hAmMzIlypy4xcBg1vKVnx89Wy0GbS+kf5cwCVFFzdCFh2XSCFNULS6csw=="],

    "esbuild": ["esbuild@0.28.2", "", { "optionalDependencies": { "@esbuild/aix-ppc64": "0.28.2", "@esbuild/android-arm": "0.28.2", "@esbuild/android-arm64": "0.28.2", "@esbuild/android-x64": "0.28.2", "@esbuild/darwin-arm64": "0.28.2", "@esbuild/darwin-x64": "0.28.2", "@esbuild/freebsd-arm64": "0.28.2", "@esbuild/freebsd-x64": "0.28.2", "@esbuild/linux-arm": "0.28.2", "@esbuild/linux-arm64": "0.28.2", "@esbuild/linux-ia32": "0.28.2", "@esbuild/linux-loong64": "0.28.2", "@esbuild/linux-mips64el": "0.28.2", "@esbuild/linux-ppc64": "0.28.2", "@esbuild/linux-riscv64": "0.28.2", "@esbuild/linux-s390x": "0.28.2", "@esbuild/linux-x64": "0.28.2", "@esbuild/netbsd-arm64": "0.28.2", "@esbuild/netbsd-x64": "0.28.2", "@esbuild/openbsd-arm64": "0.28.2", "@esbuild/openbsd-x64": "0.28.2", "@esbuild/openharmony-arm64": "0.28.2", "@esbuild/sunos-x64": "0.28.2", "@esbuild/win32-arm64": "0.28.2", "@esbuild/win32-ia32": "0.28.2", "@esbuild/win32-x64": "0.28.2" }, "bin": { "esbuild": "bin/esbuild" } }, "sha512-HKVLS8dvII+xoKW9kmqxbRKrnWEXfJJr/FZhhJmiqIB0e053QNYFqOBouTMO/k5sID4MvCiUCvv8b9M4h32wIA=="],

    "estree-walker": ["estree-walker@2.0.2", "", {}, "sha512-Rfkk/Mp/DL7JVje3u18FxFujQlTNR2q6QfMSMB7AvCBx91NGj/ba3kCfza0f6dVDbw7YlRf/nDrn7pQrCCyQ/w=="],

    "eventemitter3": ["eventemitter3@5.0.4", "", {}, "sha512-mlsTRyGaPBjPedk6Bvw+aqbsXDtoAyAzm5MO7JgU+yVRyMQ5O8bD4Kcci7BS85f93veegeCPkL8R4GLClnjLFw=="],

    "exifr": ["exifr@7.1.3", "", {}, "sha512-g/aje2noHivrRSLbAUtBPWFbxKdKhgj/xr1vATDdUXPOFYJlQ62Ft0oy+72V6XLIpDJfHs6gXLbBLAolqOXYRw=="],

    "extendable-media-recorder": ["extendable-media-recorder@9.2.40", "", { "dependencies": { "@babel/runtime": "^7.29.7", "media-encoder-host": "^9.0.31", "multi-buffer-data-view": "^6.0.27", "recorder-audio-worklet": "^6.0.60", "standardized-audio-context": "^25.3.77", "subscribable-things": "^2.1.60", "tslib": "^2.8.1" } }, "sha512-7jU3W9vDzcb8V9wwy9TsZxq37NrhH8Ru0K5EfY6AGFmeohBYXsgmeDqK13F3tAGGf3uCYo48jfK4MdXTIvEwxA=="],

    "extendable-media-recorder-wav-encoder": ["extendable-media-recorder-wav-encoder@7.0.140", "", { "dependencies": { "@babel/runtime": "^7.29.7", "extendable-media-recorder-wav-encoder-broker": "^7.0.128", "extendable-media-recorder-wav-encoder-worker": "^8.0.123", "tslib": "^2.8.1" } }, "sha512-xKJL6XSWutZ0AArONTekZvB1BL9NtYX5Naf/mqGbUl4DjoMeT/JR4pdSXaBZGb/mKGPz2nQAzWMcj4etdXMdEA=="],

    "extendable-media-recorder-wav-encoder-broker": ["extendable-media-recorder-wav-encoder-broker@7.0.128", "", { "dependencies": { "@babel/runtime": "^7.29.7", "broker-factory": "^3.1.15", "extendable-media-recorder-wav-encoder-worker": "^8.0.123", "tslib": "^2.8.1" } }, "sha512-4pP+IBbU8n9aP6teDvewleI+QtYCQPaRiSDW12PuPkhjxc89QZkM56w1zXhm0M4niJiqzh8SoAs/ndlWVuQo9A=="],

    "extendable-media-recorder-wav-encoder-worker": ["extendable-media-recorder-wav-encoder-worker@8.0.123", "", { "dependencies": { "@babel/runtime": "^7.29.7", "tslib": "^2.8.1", "worker-factory": "^7.0.50" } }, "sha512-WRKybAbfSICvwCzkfvWIaHBClf5G9njUq1jyX8pFonzSv3koo5FqwKHv7e5jyGsd7mpDLAtOSZcPZOkM10SaRQ=="],

    "fast-unique-numbers": ["fast-unique-numbers@9.0.27", "", { "dependencies": { "@babel/runtime": "^7.29.2", "tslib": "^2.8.1" } }, "sha512-nDA9ADeINN8SA2u2wCtU+siWFTTDqQR37XvgPIDDmboWQeExz7X0mImxuaN+kJddliIqy2FpVRmnvRZ+j8i1/A=="],

    "fill-range": ["fill-range@7.1.1", "", { "dependencies": { "to-regex-range": "^5.0.1" } }, "sha512-YsGpe3WHLK8ZYi4tWDg2Jy3ebRz2rXowDxnld4bkQB00cc/1Zw9AWnC0i9ztDJitivtQvaI9KaLyKrc+hBW0yg=="],

    "fitty": ["fitty@2.4.2", "", {}, "sha512-GNhWgImK4+wEkgEZjBkQMyu5NLSmmryg/CaRP7zYby+TWzCrUou6BHL+iqbjKzJRXMyzuJkH+LBB1+lh4oO77g=="],

    "flowbite": ["flowbite@3.1.2", "", { "dependencies": { "@popperjs/core": "^2.9.3", "flowbite-datepicker": "^1.3.1", "mini-svg-data-uri": "^1.4.3", "postcss": "^8.5.1" } }, "sha512-MkwSgbbybCYgMC+go6Da5idEKUFfMqc/AmSjm/2ZbdmvoKf5frLPq/eIhXc9P+rC8t9boZtUXzHDgt5whZ6A/Q=="],

    "flowbite-datepicker": ["flowbite-datepicker@1.3.2", "", { "dependencies": { "@rollup/plugin-node-resolve": "^15.2.3", "flowbite": "^2.0.0" } }, "sha512-6Nfm0MCVX3mpaR7YSCjmEO2GO8CDt6CX8ZpQnGdeu03WUCWtEPQ/uy0PUiNtIJjJZWnX0Cm3H55MOhbD1g+E/g=="],

    "function-bind": ["function-bind@1.1.2", "", {}, "sha512-7XHNxH7qX9xG5mIwxkhumTox/MIRNcOgDrxWsMt2pAr23WHp6MrRlN7FBSFpCpr+oVO0F744iUgR82nJMfG2SA=="],

    "graceful-fs": ["graceful-fs@4.2.11", "", {}, "sha512-RbJ5/jmFcNNCcDV5o9eTnBLJ/HszWV0P73bc+Ff4nS/rJj+YaS6IGyiOL0VoBYX+l1Wrl3k63h/KrH+nhJ0XvQ=="],

    "hasown": ["hasown@2.0.4", "", { "dependencies": { "function-bind": "^1.1.2" } }, "sha512-T2UbfbBEF32wiepXIsMlTW9+dDYC6wMh/t/vYA4tuOMKqWz/n3vr1NFSxQiyP+zk2mXsoMA/i/7qV6LKut1t1A=="],

    "is-core-module": ["is-core-module@2.17.0", "", { "dependencies": { "hasown": "^2.0.4" } }, "sha512-J/vG0zBCbIKOQFfufSwyXdMrsohyJIUNkrnmo6WZGzoM7tr/lsbfW5b2BvisL6zsyMzK9UxV9L6c7AoFbyXHOA=="],

    "is-extglob": ["is-extglob@2.1.1", "", {}, "sha512-SbKbANkN603Vi4jEZv49LeVJMn4yGwsbzZworEoyEiutsN3nJYdbO36zfhGJ6QEDpOZIFkDtnq5JRxmvl3jsoQ=="],

    "is-glob": ["is-glob@4.0.3", "", { "dependencies": { "is-extglob": "^2.1.1" } }, "sha512-xelSayHH36ZgE7ZWhli7pW34hNbNl8Ojv5KVmkJD4hBdD3th8Tfk9vYasLM+mXWOZhFkgZfxhLSnrwRr4elSSg=="],

    "is-mobile": ["is-mobile@4.0.0", "", {}, "sha512-mlcHZA84t1qLSuWkt2v0I2l61PYdyQDt4aG1mLIXF5FDMm4+haBCxCPYSr/uwqQNRk1MiTizn0ypEuRAOLRAew=="],

    "is-module": ["is-module@1.0.0", "", {}, "sha512-51ypPSPCoTEIN9dy5Oy+h4pShgJmPCygKfyRCISBI+JoWT/2oJvK8QPxmwv7b/p239jXrm9M1mlQbyKJ5A152g=="],

    "is-network-error": ["is-network-error@1.3.2", "", {}, "sha512-PhBY86zaxNZUuWP6h13Vu5oFe0XY6/UlKzQnYFELzGVHygP3MxmvTfYSG7GN3aIab/iWudSMgjSnG9Dq+nHrgA=="],

    "is-number": ["is-number@7.0.0", "", {}, "sha512-41Cifkg6e8TylSpdtTpeLVMqvSBEVzTttHvERD741+pnZ8ANv0004MRL43QKPDlK9cGvNp6NZWZUBlbGXYxxng=="],

    "jiti": ["jiti@2.7.0", "", { "bin": { "jiti": "lib/jiti-cli.mjs" } }, "sha512-AC/7JofJvZGrrneWNaEnJeOLUx+JlGt7tNa0wZiRPT4MY1wmfKjt2+6O2p2uz2+skll8OZZmJMNqeke7kKbNgQ=="],

    "lightningcss": ["lightningcss@1.32.0", "", { "dependencies": { "detect-libc": "^2.0.3" }, "optionalDependencies": { "lightningcss-android-arm64": "1.32.0", "lightningcss-darwin-arm64": "1.32.0", "lightningcss-darwin-x64": "1.32.0", "lightningcss-freebsd-x64": "1.32.0", "lightningcss-linux-arm-gnueabihf": "1.32.0", "lightningcss-linux-arm64-gnu": "1.32.0", "lightningcss-linux-arm64-musl": "1.32.0", "lightningcss-linux-x64-gnu": "1.32.0", "lightningcss-linux-x64-musl": "1.32.0", "lightningcss-win32-arm64-msvc": "1.32.0", "lightningcss-win32-x64-msvc": "1.32.0" } }, "sha512-NXYBzinNrblfraPGyrbPoD19C1h9lfI/1mzgWYvXUTe414Gz/X1FD2XBZSZM7rRTrMA8JL3OtAaGifrIKhQ5yQ=="],

    "lightningcss-android-arm64": ["lightningcss-android-arm64@1.32.0", "", { "os": "android", "cpu": "arm64" }, "sha512-YK7/ClTt4kAK0vo6w3X+Pnm0D2cf2vPHbhOXdoNti1Ga0al1P4TBZhwjATvjNwLEBCnKvjJc2jQgHXH0NEwlAg=="],

    "lightningcss-darwin-arm64": ["lightningcss-darwin-arm64@1.32.0", "", { "os": "darwin", "cpu": "arm64" }, "sha512-RzeG9Ju5bag2Bv1/lwlVJvBE3q6TtXskdZLLCyfg5pt+HLz9BqlICO7LZM7VHNTTn/5PRhHFBSjk5lc4cmscPQ=="],

    "lightningcss-darwin-x64": ["lightningcss-darwin-x64@1.32.0", "", { "os": "darwin", "cpu": "x64" }, "sha512-U+QsBp2m/s2wqpUYT/6wnlagdZbtZdndSmut/NJqlCcMLTWp5muCrID+K5UJ6jqD2BFshejCYXniPDbNh73V8w=="],

    "lightningcss-freebsd-x64": ["lightningcss-freebsd-x64@1.32.0", "", { "os": "freebsd", "cpu": "x64" }, "sha512-JCTigedEksZk3tHTTthnMdVfGf61Fky8Ji2E4YjUTEQX14xiy/lTzXnu1vwiZe3bYe0q+SpsSH/CTeDXK6WHig=="],

    "lightningcss-linux-arm-gnueabihf": ["lightningcss-linux-arm-gnueabihf@1.32.0", "", { "os": "linux", "cpu": "arm" }, "sha512-x6rnnpRa2GL0zQOkt6rts3YDPzduLpWvwAF6EMhXFVZXD4tPrBkEFqzGowzCsIWsPjqSK+tyNEODUBXeeVHSkw=="],

    "lightningcss-linux-arm64-gnu": ["lightningcss-linux-arm64-gnu@1.32.0", "", { "os": "linux", "cpu": "arm64" }, "sha512-0nnMyoyOLRJXfbMOilaSRcLH3Jw5z9HDNGfT/gwCPgaDjnx0i8w7vBzFLFR1f6CMLKF8gVbebmkUN3fa/kQJpQ=="],

    "lightningcss-linux-arm64-musl": ["lightningcss-linux-arm64-musl@1.32.0", "", { "os": "linux", "cpu": "arm64" }, "sha512-UpQkoenr4UJEzgVIYpI80lDFvRmPVg6oqboNHfoH4CQIfNA+HOrZ7Mo7KZP02dC6LjghPQJeBsvXhJod/wnIBg=="],

    "lightningcss-linux-x64-gnu": ["lightningcss-linux-x64-gnu@1.32.0", "", { "os": "linux", "cpu": "x64" }, "sha512-V7Qr52IhZmdKPVr+Vtw8o+WLsQJYCTd8loIfpDaMRWGUZfBOYEJeyJIkqGIDMZPwPx24pUMfwSxxI8phr/MbOA=="],

    "lightningcss-linux-x64-musl": ["lightningcss-linux-x64-musl@1.32.0", "", { "os": "linux", "cpu": "x64" }, "sha512-bYcLp+Vb0awsiXg/80uCRezCYHNg1/l3mt0gzHnWV9XP1W5sKa5/TCdGWaR/zBM2PeF/HbsQv/j2URNOiVuxWg=="],

    "lightningcss-win32-arm64-msvc": ["lightningcss-win32-arm64-msvc@1.32.0", "", { "os": "win32", "cpu": "arm64" }, "sha512-8SbC8BR40pS6baCM8sbtYDSwEVQd4JlFTOlaD3gWGHfThTcABnNDBda6eTZeqbofalIJhFx0qKzgHJmcPTnGdw=="],

    "lightningcss-win32-x64-msvc": ["lightningcss-win32-x64-msvc@1.32.0", "", { "os": "win32", "cpu": "x64" }, "sha512-Amq9B/SoZYdDi1kFrojnoqPLxYhQ4Wo5XiL8EVJrVsB8ARoC1PWW6VGtT0WKCemjy8aC+louJnjS7U18x3b06Q=="],

    "lodash": ["lodash@4.18.1", "", {}, "sha512-dMInicTPVE8d1e5otfwmmjlxkZoUpiVLwyeTdUsi/Caj/gfzzblBcCE5sRHV/AsjuCmxWrte2TNGSYuCeCq+0Q=="],

    "luminous-lightbox": ["luminous-lightbox@2.4.0", "", {}, "sha512-qu1IE2/+sTyAzUgEGffHPnBNenJ1CDDieSDy6yLgmJUsMVoTLCbTeDJuQvje4hpl+M3xZvq87TIP8hu3BsgaEQ=="],

    "magic-string": ["magic-string@0.30.21", "", { "dependencies": { "@jridgewell/sourcemap-codec": "^1.5.5" } }, "sha512-vd2F4YUyEXKGcLHoq+TEyCjxueSeHnFxyyjNp80yg0XV4vUhnDer/lvvlqM/arB5bXQN5K2/3oinyCRyx8T2CQ=="],

    "media-encoder-host": ["media-encoder-host@9.0.31", "", { "dependencies": { "@babel/runtime": "^7.29.7", "media-encoder-host-broker": "^8.0.29", "media-encoder-host-worker": "^10.0.29", "tslib": "^2.8.1" } }, "sha512-PTgBe18JxIAntMnxiiPU8bnWZi75ZVHp+ed9Zmm+ogUmtbEbCNkuuDu5T86FlEa2ekiQ0G7Lx0F7xA9EB+FKCA=="],

    "media-encoder-host-broker": ["media-encoder-host-broker@8.0.29", "", { "dependencies": { "@babel/runtime": "^7.29.7", "broker-factory": "^3.1.15", "fast-unique-numbers": "^9.0.27", "media-encoder-host-worker": "^10.0.29", "tslib": "^2.8.1" } }, "sha512-ATJ1GRUPwoIiBeRXSBvfF96CIRBYjHKaRTg861CrcS+6pALgMMjTvn/XDIalkqjY2pXCnAWiXn5szRWDEFOflg=="],

    "media-encoder-host-worker": ["media-encoder-host-worker@10.0.29", "", { "dependencies": { "@babel/runtime": "^7.29.7", "extendable-media-recorder-wav-encoder-broker": "^7.0.128", "tslib": "^2.8.1", "worker-factory": "^7.0.50" } }, "sha512-AT1X6mIp6W++OxMimGMm622GFkAARzny82T1k8jxZWK0rIZhVoro9FaqIx+xERdGSMPZioN4qj0MKAgY04XENA=="],

    "micromatch": ["micromatch@4.0.8", "", { "dependencies": { "braces": "^3.0.3", "picomatch": "^2.3.1" } }, "sha512-PXwfBhYu0hBCPw8Dn0E+WDYb7af3dSLVWKi3HGv84IdF4TyFoC0ysxFd0Goxw7nSv4T/PzEJQxsYsEiFCKo2BA=="],

    "mime-match": ["mime-match@1.0.2", "", { "dependencies": { "wildcard": "^1.1.0" } }, "sha512-VXp/ugGDVh3eCLOBCiHZMYWQaTNUHv2IJrut+yXA6+JbLPXHglHwfS/5A5L0ll+jkCY7fIzRJcH6OIunF+c6Cg=="],

    "mini-svg-data-uri": ["mini-svg-data-uri@1.4.4", "", { "bin": { "mini-svg-data-uri": "cli.js" } }, "sha512-r9deDe9p5FJUPZAk3A59wGH7Ii9YrjjWw0jmw/liSbHl2CHiyXj6FcDXDu2K3TjVAXqiJdaw3xxwlZZr9E6nHg=="],

    "mri": ["mri@1.2.0", "", {}, "sha512-tzzskb3bG8LvYGFF/mDTpq3jpI6Q9wc3LEmBaghu+DdCssd1FakN7Bc0hVNmEyGq1bq3RgfkCb3cmQLpNPOroA=="],

    "multi-buffer-data-view": ["multi-buffer-data-view@6.0.27", "", { "dependencies": { "@babel/runtime": "^7.29.2", "tslib": "^2.8.1" } }, "sha512-hqbVIRFskEUX3PmHxGPGFOcLU93va4yfYkBBg4c1U0wK1Z/pDfIbYDexbIIWI+vtrXWkQAStCQ4drcQ1ooakiA=="],

    "namespace-emitter": ["namespace-emitter@2.0.1", "", {}, "sha512-N/sMKHniSDJBjfrkbS/tpkPj4RAbvW3mr8UAzvlMHyun93XEm83IAvhWtJVHo+RHn/oO8Job5YN4b+wRjSVp5g=="],

    "nanoid": ["nanoid@5.1.16", "", { "bin": { "nanoid": "bin/nanoid.js" } }, "sha512-kVrnsrJqMR8+oLJnGEmSWw9BivK5mt7H3FZatVRjrc5wGqFYuBxX1yG7+A7Gi5AefkX6t/oCkizcQgpu0cY1dQ=="],

    "node-addon-api": ["node-addon-api@7.1.1", "", {}, "sha512-5m3bsyrjFWE1xf7nz7YXdN4udnVtXK6/Yfgn5qnahL6bCkf2yKt4k3nuTKAtT4r3IG8JNR2ncsIMdZuAzJjHQQ=="],

    "p-queue": ["p-queue@8.1.1", "", { "dependencies": { "eventemitter3": "^5.0.1", "p-timeout": "^6.1.2" } }, "sha512-aNZ+VfjobsWryoiPnEApGGmf5WmNsCo9xu8dfaYamG5qaLP7ClhLN6NgsFe6SwJ2UbLEBK5dv9x8Mn5+RVhMWQ=="],

    "p-retry": ["p-retry@6.2.1", "", { "dependencies": { "@types/retry": "0.12.2", "is-network-error": "^1.0.0", "retry": "^0.13.1" } }, "sha512-hEt02O4hUct5wtwg4H4KcWgDdm+l1bOaEy/hWzd8xtXB9BqxTWBBhb+2ImAtH4Cv4rPjV76xN3Zumqk3k3AhhQ=="],

    "p-timeout": ["p-timeout@6.1.4", "", {}, "sha512-MyIV3ZA/PmyBN/ud8vV9XzwTrNtR4jFrObymZYnZqMmW0zA8Z17vnT0rBgFE/TlohB+YCHqXMgZzb3Csp49vqg=="],

    "path-parse": ["path-parse@1.0.7", "", {}, "sha512-LDJzPVEEEPR+y48z93A0Ed0yXb8pAByGWo/k5YYdYgpY2/2EsOsksJrq7lOHxryrVOn1ejG6oAp8ahvOIQD8sw=="],

    "picocolors": ["picocolors@1.1.1", "", {}, "sha512-xceH2snhtb5M9liqDsmEw56le376mTZkEX/jEb/RxNFyegNul7eNslCXP9FDj/Lcu0X8KEyMceP2ntpaHrDEVA=="],

    "picomatch": ["picomatch@2.3.2", "", {}, "sha512-V7+vQEJ06Z+c5tSye8S+nHUfI51xoXIXjHQ99cQtKUkQqqO1kO/KCJUfZXuB47h/YBlDhah2H3hdUGXn8ie0oA=="],

    "postcss": ["postcss@8.5.28", "", { "dependencies": { "nanoid": "^3.3.18", "picocolors": "^1.1.1", "source-map-js": "^1.2.1" } }, "sha512-RRuzqDtt5Y9h3quz5hWhK+TPnsmVs6WwSU6LkJMeY4HstUEDuYTG8UJSdawMRzmzAtV+KEoG8N3Qg2qLy5vM/A=="],

    "postcss-selector-parser": ["postcss-selector-parser@6.0.10", "", { "dependencies": { "cssesc": "^3.0.0", "util-deprecate": "^1.0.2" } }, "sha512-IQ7TZdoaqbT+LCpShg46jnZVlhWD2w6iQYAcYXfHARZ7X1t/UGhhceQDs5X0cGqKvYlHNOuv7Oa1xmb0oQuA3w=="],

    "preact": ["preact@10.29.8", "", { "peerDependencies": { "preact-render-to-string": ">=5" }, "optionalPeers": ["preact-render-to-string"] }, "sha512-ej2aVZ+vZ8WO7tvlQWRM9N63A0KzF9q4mWJfDUHgYaIofWY9hu74QdnQrjoPMmZi2/nZ5gN0bJCQF49xQqx09Q=="],

    "recorder-audio-worklet": ["recorder-audio-worklet@6.0.60", "", { "dependencies": { "@babel/runtime": "^7.29.7", "broker-factory": "^3.1.15", "fast-unique-numbers": "^9.0.27", "recorder-audio-worklet-processor": "^5.0.41", "standardized-audio-context": "^25.3.77", "subscribable-things": "^2.1.60", "tslib": "^2.8.1", "worker-factory": "^7.0.50" } }, "sha512-ZIDm5URZxsPH4bqr2BgGkSC5QLqtAKMSvovM9KeDsI2pCvZVpy+PSWZFrlpgJ/QeuAF/f9cbHX/s9GjFxm7Pjw=="],

    "recorder-audio-worklet-processor": ["recorder-audio-worklet-processor@5.0.41", "", { "dependencies": { "@babel/runtime": "^7.29.7", "tslib": "^2.8.1" } }, "sha512-TXaP51ZloO7mDyi71pF6BVU1MenHTMbEOFCbY4KfQGBjOsPuvvvhJzj25b/9RjchaF857x6MGg2CT8Ai8XbtXg=="],

    "resolve": ["resolve@1.22.12", "", { "dependencies": { "es-errors": "^1.3.0", "is-core-module": "^2.16.1", "path-parse": "^1.0.7", "supports-preserve-symlinks-flag": "^1.0.0" }, "bin": { "resolve": "bin/resolve" } }, "sha512-TyeJ1zif53BPfHootBGwPRYT1RUt6oGWsaQr8UyZW/eAm9bKoijtvruSDEmZHm92CwS9nj7/fWttqPCgzep8CA=="],

    "retry": ["retry@0.13.1", "", {}, "sha512-XQBQ3I8W1Cge0Seh+6gjj03LbmRFWuoszgK9ooCpwYIrhhoO80pfq4cUkU5DkknwfOfFteRwlZ56PYOGYyFWdg=="],

    "rxjs-interop": ["rxjs-interop@2.0.0", "", {}, "sha512-ASEq9atUw7lualXB+knvgtvwkCEvGWV2gDD/8qnASzBkzEARZck9JAyxmY8OS6Nc1pCPEgDTKNcx+YqqYfzArw=="],

    "shallow-equal": ["shallow-equal@3.1.0", "", {}, "sha512-pfVOw8QZIXpMbhBWvzBISicvToTiM5WBF1EeAUZDDSb5Dt29yl4AYbyywbJFSEsRUMr7gJaxqCdr4L3tQf9wVg=="],

    "sortablejs": ["sortablejs@1.15.7", "", {}, "sha512-Kk8wLQPlS+yi1ZEf48a4+fzHa4yxjC30M/Sr2AnQu+f/MPwvvX9XjZ6OWejiz8crBsLwSq8GHqaxaET7u6ux0A=="],

    "source-map-js": ["source-map-js@1.2.1", "", {}, "sha512-UXWMKhLOwVKb728IUtQPXxfYU+usdybtUrK/8uGE8CQMvrhOpwvzDBwj0QhSL7MQc7vIsISBG8VQ8+IDQxpfQA=="],

    "spark-md5": ["spark-md5@3.0.2", "", {}, "sha512-wcFzz9cDfbuqe0FZzfi2or1sgyIrsDwmPwfZC4hiNidPdPINjeUwNfv5kldczoEAcjl9Y1L3SM7Uz2PUEQzxQw=="],

    "standardized-audio-context": ["standardized-audio-context@25.3.77", "", { "dependencies": { "@babel/runtime": "^7.25.6", "automation-events": "^7.0.9", "tslib": "^2.7.0" } }, "sha512-Ki9zNz6pKcC5Pi+QPjPyVsD9GwJIJWgryji0XL9cAJXMGyn+dPOf6Qik1AHei0+UNVcc4BOCa0hWLBzlwqsW/A=="],

    "subscribable-things": ["subscribable-things@2.1.60", "", { "dependencies": { "@babel/runtime": "^7.29.7", "rxjs-interop": "^2.0.0", "tslib": "^2.8.1" } }, "sha512-6gamStlTGrZAHmIMKUxnrZGW1y0b2N3ofQMX/ZrWdYCcNytk/wRyiRB8eGE4Jg+bYFLypoQAb7UpmWjqpiWCKA=="],

    "supports-preserve-symlinks-flag": ["supports-preserve-symlinks-flag@1.0.0", "", {}, "sha512-ot0WnXS9fgdkgIcePe6RHNk1WA8+muPa6cSjeR3V8K27q9BB1rTE3R1p7Hv0z1ZyAc8s6Vvv8DIyWf681MAt0w=="],

    "tailwindcss": ["tailwindcss@4.3.3", "", {}, "sha512-gOhV3P7ufE62QDGg1zVaTgCR+EtPv92k2nIhVcVKcLmxT1sUBsQGhnZj175j+MqRt4zLF7ic+sCYjfhxMxj7YQ=="],

    "tapable": ["tapable@2.3.3", "", {}, "sha512-uxc/zpqFg6x7C8vOE7lh6Lbda8eEL9zmVm/PLeTPBRhh1xCgdWaQ+J1CUieGpIfm2HdtsUpRv+HshiasBMcc6A=="],

    "to-regex-range": ["to-regex-range@5.0.1", "", { "dependencies": { "is-number": "^7.0.0" } }, "sha512-65P7iz6X5yEr1cwcgvQxbbIw7Uk3gOy5dIdtZ4rDveLqhrdJP+Li/Hx6tyK0NEb+2GCyneCMJiGqrADCSNk8sQ=="],

    "tslib": ["tslib@2.8.1", "", {}, "sha512-oJFu94HQb+KVduSUQL7wnpmqnfmLsOA/nAh6b6EH0wCEoK0/mPeXU6c3wKDV83MkOuHPRHtSXKKU99IBazS/2w=="],

    "typescript": ["typescript@6.0.3", "", { "bin": { "tsc": "bin/tsc", "tsserver": "bin/tsserver" } }, "sha512-y2TvuxSZPDyQakkFRPZHKFm+KKVqIisdg9/CZwm9ftvKXLP8NRWj38/ODjNbr43SsoXqNuAisEf1GdCxqWcdBw=="],

    "util-deprecate": ["util-deprecate@1.0.2", "", {}, "sha512-EPD5q1uXyFxJpCrLnCc1nHnq3gOa6DZBocAIiI2TaSCA7VCJ1UJDMagCzIkXNsUYfD1daK//LTEQ8xiIbrHtcw=="],

    "wildcard": ["wildcard@1.1.2", "", {}, "sha512-DXukZJxpHA8LuotRwL0pP1+rS6CS7FF2qStDDE1C7DDg2rLud2PXRMuEDYIPhgEezwnlHNL4c+N6MfMTjCGTng=="],

    "worker-factory": ["worker-factory@7.0.50", "", { "dependencies": { "@babel/runtime": "^7.29.7", "fast-unique-numbers": "^9.0.27", "tslib": "^2.8.1" } }, "sha512-hhwc0G+sFwM4qBuhJIUBn2p1Jf8v/FwmLUANBf/Q+Lt2uI8mfIZQhXaZQACodQD4R7Zp6cn/6702bIvNn2puJQ=="],

    "@rollup/pluginutils/picomatch": ["picomatch@4.0.7", "", {}, "sha512-qcJu88Q2IWqJsDD529JKMdwGm/dvInW4HvQnRwiH9JtihJvzGOscDtHE3x1pBKeUOTysQ8kVmLnJ2kJu7yhcGA=="],

    "@tailwindcss/oxide-wasm32-wasi/@emnapi/core": ["@emnapi/core@1.11.3", "", { "dependencies": { "@emnapi/wasi-threads": "1.2.3", "tslib": "^2.4.0" }, "bundled": true }, "sha512-zLpS5asjEb7lq8jYLq37N6XKaE41DIexlY1rF/z4/tIl3wo13Sqm28fRyfIsKZD+NZ8mM5RoKkpW/rBcuoSZSg=="],

    "@tailwindcss/oxide-wasm32-wasi/@emnapi/runtime": ["@emnapi/runtime@1.11.3", "", { "dependencies": { "tslib": "^2.4.0" }, "bundled": true }, "sha512-Xz4Tpyki7XyrpbUK1jR1AhdAdaXyhhY4lZ3neLodmhpuWfy2PAQN5B46sAiU4liOXGLkHypn/qU+jvfWSCYYLA=="],

    "@tailwindcss/oxide-wasm32-wasi/@emnapi/wasi-threads": ["@emnapi/wasi-threads@1.2.3", "", { "dependencies": { "tslib": "^2.4.0" }, "bundled": true }, "sha512-ELEBe8PsLvvJ6QMr0zLt8ffvOHW/dc1m3CEzNMg7aJUv3bMaoDtw2TXyDAwkYBuroxxuHEwhRTLJSe5sya547g=="],

    "@tailwindcss/oxide-wasm32-wasi/@napi-rs/wasm-runtime": ["@napi-rs/wasm-runtime@1.2.4", "", { "dependencies": { "@tybys/wasm-util": "^0.10.3" }, "peerDependencies": { "@emnapi/core": "^1.7.1 || ^2.0.0-alpha.4", "@emnapi/runtime": "^1.7.1 || ^2.0.0-alpha.4" }, "bundled": true }, "sha512-AJxoUD2/15ESHbvpcyjU274nsAPLuOtPHCk0vKJM5pj//Fg/B1FXNWjPnXTT9PymCYYiHo4zPj0ZomXBKhoy7g=="],

    "@tailwindcss/oxide-wasm32-wasi/@tybys/wasm-util": ["@tybys/wasm-util@0.10.4", "", { "dependencies": { "tslib": "^2.4.0" }, "bundled": true }, "sha512-W3c4gRigFS0T/Ma4qIYF3GDAc5AQdHb1yL5znJT1Zv1YaD9Kitx656wBjvr19qbiosmZT8lWDM5BEMynUqX65A=="],

    "@tailwindcss/oxide-wasm32-wasi/tslib": ["tslib@2.8.1", "", { "bundled": true }, "sha512-oJFu94HQb+KVduSUQL7wnpmqnfmLsOA/nAh6b6EH0wCEoK0/mPeXU6c3wKDV83MkOuHPRHtSXKKU99IBazS/2w=="],

    "flowbite-datepicker/flowbite": ["flowbite@2.3.0", "", { "dependencies": { "@popperjs/core": "^2.9.3", "mini-svg-data-uri": "^1.4.3" } }, "sha512-pm3JRo8OIJHGfFYWgaGpPv8E+UdWy0Z3gEAGufw+G/1dusaU/P1zoBLiQpf2/+bYAi+GBQtPVG86KYlV0W+AFQ=="],

    "lightningcss/detect-libc": ["detect-libc@2.1.2", "", {}, "sha512-Btj2BOOO83o3WyH59e8MgXsxEQVcarkUOpEYrubB0urwnN10yQ364rsiByU11nZlqWYZm05i/of7io4mzihBtQ=="],

    "postcss/nanoid": ["nanoid@3.3.19", "", { "bin": { "nanoid": "bin/nanoid.cjs" } }, "sha512-Y2tUNy4ouw6tq5oDSKeQYGOyhkUBhNOcGV/02KC+6kd9eDGqdZd++mjMiIDilrBYvjEnCYvVtsuHCuP+okSfug=="],
  }
}
