# THIS IS AN AUTOGENERATED FILE. DO NOT EDIT THIS FILE DIRECTLY.
# yarn lockfile v1


"@babel/runtime@^7.24.8":
  version "7.25.0"
  resolved "https://registry.yarnpkg.com/@babel/runtime/-/runtime-7.25.0.tgz#3af9a91c1b739c569d5d80cc917280919c544ecb"
  integrity sha512-7dRy4DwXwtzBrPbZflqxnvfxLF8kdZXPkhymtDeFoFqE6ldzjQFgYTtYIFARcLEYDrqfBfYcZt1WqFxRoyC9Rw==
  dependencies:
    regenerator-runtime "^0.14.0"

"@esbuild/aix-ppc64@0.21.5":
  version "0.21.5"
  resolved "https://registry.yarnpkg.com/@esbuild/aix-ppc64/-/aix-ppc64-0.21.5.tgz#c7184a326533fcdf1b8ee0733e21c713b975575f"
  integrity sha512-1SDgH6ZSPTlggy1yI6+Dbkiz8xzpHJEVAlF/AM1tHPLsf5STom9rwtjE4hKAF20FfXXNTFqEYXyJNWh1GiZedQ==

"@esbuild/android-arm64@0.21.5":
  version "0.21.5"
  resolved "https://registry.yarnpkg.com/@esbuild/android-arm64/-/android-arm64-0.21.5.tgz#09d9b4357780da9ea3a7dfb833a1f1ff439b4052"
  integrity sha512-c0uX9VAUBQ7dTDCjq+wdyGLowMdtR/GoC2U5IYk/7D1H1JYC0qseD7+11iMP2mRLN9RcCMRcjC4YMclCzGwS/A==

"@esbuild/android-arm@0.21.5":
  version "0.21.5"
  resolved "https://registry.yarnpkg.com/@esbuild/android-arm/-/android-arm-0.21.5.tgz#9b04384fb771926dfa6d7ad04324ecb2ab9b2e28"
  integrity sha512-vCPvzSjpPHEi1siZdlvAlsPxXl7WbOVUBBAowWug4rJHb68Ox8KualB+1ocNvT5fjv6wpkX6o/iEpbDrf68zcg==

"@esbuild/android-x64@0.21.5":
  version "0.21.5"
  resolved "https://registry.yarnpkg.com/@esbuild/android-x64/-/android-x64-0.21.5.tgz#29918ec2db754cedcb6c1b04de8cd6547af6461e"
  integrity sha512-D7aPRUUNHRBwHxzxRvp856rjUHRFW1SdQATKXH2hqA0kAZb1hKmi02OpYRacl0TxIGz/ZmXWlbZgjwWYaCakTA==

"@esbuild/darwin-arm64@0.21.5":
  version "0.21.5"
  resolved "https://registry.yarnpkg.com/@esbuild/darwin-arm64/-/darwin-arm64-0.21.5.tgz#e495b539660e51690f3928af50a76fb0a6ccff2a"
  integrity sha512-DwqXqZyuk5AiWWf3UfLiRDJ5EDd49zg6O9wclZ7kUMv2WRFr4HKjXp/5t8JZ11QbQfUS6/cRCKGwYhtNAY88kQ==

"@esbuild/darwin-x64@0.21.5":
  version "0.21.5"
  resolved "https://registry.yarnpkg.com/@esbuild/darwin-x64/-/darwin-x64-0.21.5.tgz#c13838fa57372839abdddc91d71542ceea2e1e22"
  integrity sha512-se/JjF8NlmKVG4kNIuyWMV/22ZaerB+qaSi5MdrXtd6R08kvs2qCN4C09miupktDitvh8jRFflwGFBQcxZRjbw==

"@esbuild/freebsd-arm64@0.21.5":
  version "0.21.5"
  resolved "https://registry.yarnpkg.com/@esbuild/freebsd-arm64/-/freebsd-arm64-0.21.5.tgz#646b989aa20bf89fd071dd5dbfad69a3542e550e"
  integrity sha512-5JcRxxRDUJLX8JXp/wcBCy3pENnCgBR9bN6JsY4OmhfUtIHe3ZW0mawA7+RDAcMLrMIZaf03NlQiX9DGyB8h4g==

"@esbuild/freebsd-x64@0.21.5":
  version "0.21.5"
  resolved "https://registry.yarnpkg.com/@esbuild/freebsd-x64/-/freebsd-x64-0.21.5.tgz#aa615cfc80af954d3458906e38ca22c18cf5c261"
  integrity sha512-J95kNBj1zkbMXtHVH29bBriQygMXqoVQOQYA+ISs0/2l3T9/kj42ow2mpqerRBxDJnmkUDCaQT/dfNXWX/ZZCQ==

"@esbuild/linux-arm64@0.21.5":
  version "0.21.5"
  resolved "https://registry.yarnpkg.com/@esbuild/linux-arm64/-/linux-arm64-0.21.5.tgz#70ac6fa14f5cb7e1f7f887bcffb680ad09922b5b"
  integrity sha512-ibKvmyYzKsBeX8d8I7MH/TMfWDXBF3db4qM6sy+7re0YXya+K1cem3on9XgdT2EQGMu4hQyZhan7TeQ8XkGp4Q==

"@esbuild/linux-arm@0.21.5":
  version "0.21.5"
  resolved "https://registry.yarnpkg.com/@esbuild/linux-arm/-/linux-arm-0.21.5.tgz#fc6fd11a8aca56c1f6f3894f2bea0479f8f626b9"
  integrity sha512-bPb5AHZtbeNGjCKVZ9UGqGwo8EUu4cLq68E95A53KlxAPRmUyYv2D6F0uUI65XisGOL1hBP5mTronbgo+0bFcA==

"@esbuild/linux-ia32@0.21.5":
  version "0.21.5"
  resolved "https://registry.yarnpkg.com/@esbuild/linux-ia32/-/linux-ia32-0.21.5.tgz#3271f53b3f93e3d093d518d1649d6d68d346ede2"
  integrity sha512-YvjXDqLRqPDl2dvRODYmmhz4rPeVKYvppfGYKSNGdyZkA01046pLWyRKKI3ax8fbJoK5QbxblURkwK/MWY18Tg==

"@esbuild/linux-loong64@0.21.5":
  version "0.21.5"
  resolved "https://registry.yarnpkg.com/@esbuild/linux-loong64/-/linux-loong64-0.21.5.tgz#ed62e04238c57026aea831c5a130b73c0f9f26df"
  integrity sha512-uHf1BmMG8qEvzdrzAqg2SIG/02+4/DHB6a9Kbya0XDvwDEKCoC8ZRWI5JJvNdUjtciBGFQ5PuBlpEOXQj+JQSg==

"@esbuild/linux-mips64el@0.21.5":
  version "0.21.5"
  resolved "https://registry.yarnpkg.com/@esbuild/linux-mips64el/-/linux-mips64el-0.21.5.tgz#e79b8eb48bf3b106fadec1ac8240fb97b4e64cbe"
  integrity sha512-IajOmO+KJK23bj52dFSNCMsz1QP1DqM6cwLUv3W1QwyxkyIWecfafnI555fvSGqEKwjMXVLokcV5ygHW5b3Jbg==

"@esbuild/linux-ppc64@0.21.5":
  version "0.21.5"
  resolved "https://registry.yarnpkg.com/@esbuild/linux-ppc64/-/linux-ppc64-0.21.5.tgz#5f2203860a143b9919d383ef7573521fb154c3e4"
  integrity sha512-1hHV/Z4OEfMwpLO8rp7CvlhBDnjsC3CttJXIhBi+5Aj5r+MBvy4egg7wCbe//hSsT+RvDAG7s81tAvpL2XAE4w==

"@esbuild/linux-riscv64@0.21.5":
  version "0.21.5"
  resolved "https://registry.yarnpkg.com/@esbuild/linux-riscv64/-/linux-riscv64-0.21.5.tgz#07bcafd99322d5af62f618cb9e6a9b7f4bb825dc"
  integrity sha512-2HdXDMd9GMgTGrPWnJzP2ALSokE/0O5HhTUvWIbD3YdjME8JwvSCnNGBnTThKGEB91OZhzrJ4qIIxk/SBmyDDA==

"@esbuild/linux-s390x@0.21.5":
  version "0.21.5"
  resolved "https://registry.yarnpkg.com/@esbuild/linux-s390x/-/linux-s390x-0.21.5.tgz#b7ccf686751d6a3e44b8627ababc8be3ef62d8de"
  integrity sha512-zus5sxzqBJD3eXxwvjN1yQkRepANgxE9lgOW2qLnmr8ikMTphkjgXu1HR01K4FJg8h1kEEDAqDcZQtbrRnB41A==

"@esbuild/linux-x64@0.21.5":
  version "0.21.5"
  resolved "https://registry.yarnpkg.com/@esbuild/linux-x64/-/linux-x64-0.21.5.tgz#6d8f0c768e070e64309af8004bb94e68ab2bb3b0"
  integrity sha512-1rYdTpyv03iycF1+BhzrzQJCdOuAOtaqHTWJZCWvijKD2N5Xu0TtVC8/+1faWqcP9iBCWOmjmhoH94dH82BxPQ==

"@esbuild/netbsd-x64@0.21.5":
  version "0.21.5"
  resolved "https://registry.yarnpkg.com/@esbuild/netbsd-x64/-/netbsd-x64-0.21.5.tgz#bbe430f60d378ecb88decb219c602667387a6047"
  integrity sha512-Woi2MXzXjMULccIwMnLciyZH4nCIMpWQAs049KEeMvOcNADVxo0UBIQPfSmxB3CWKedngg7sWZdLvLczpe0tLg==

"@esbuild/openbsd-x64@0.21.5":
  version "0.21.5"
  resolved "https://registry.yarnpkg.com/@esbuild/openbsd-x64/-/openbsd-x64-0.21.5.tgz#99d1cf2937279560d2104821f5ccce220cb2af70"
  integrity sha512-HLNNw99xsvx12lFBUwoT8EVCsSvRNDVxNpjZ7bPn947b8gJPzeHWyNVhFsaerc0n3TsbOINvRP2byTZ5LKezow==

"@esbuild/sunos-x64@0.21.5":
  version "0.21.5"
  resolved "https://registry.yarnpkg.com/@esbuild/sunos-x64/-/sunos-x64-0.21.5.tgz#08741512c10d529566baba837b4fe052c8f3487b"
  integrity sha512-6+gjmFpfy0BHU5Tpptkuh8+uw3mnrvgs+dSPQXQOv3ekbordwnzTVEb4qnIvQcYXq6gzkyTnoZ9dZG+D4garKg==

"@esbuild/win32-arm64@0.21.5":
  version "0.21.5"
  resolved "https://registry.yarnpkg.com/@esbuild/win32-arm64/-/win32-arm64-0.21.5.tgz#675b7385398411240735016144ab2e99a60fc75d"
  integrity sha512-Z0gOTd75VvXqyq7nsl93zwahcTROgqvuAcYDUr+vOv8uHhNSKROyU961kgtCD1e95IqPKSQKH7tBTslnS3tA8A==

"@esbuild/win32-ia32@0.21.5":
  version "0.21.5"
  resolved "https://registry.yarnpkg.com/@esbuild/win32-ia32/-/win32-ia32-0.21.5.tgz#1bfc3ce98aa6ca9a0969e4d2af72144c59c1193b"
  integrity sha512-SWXFF1CL2RVNMaVs+BBClwtfZSvDgtL//G/smwAc5oVK/UPu2Gu9tIaRgFmYFFKrmg3SyAjSrElf0TiJ1v8fYA==

"@esbuild/win32-x64@0.21.5":
  version "0.21.5"
  resolved "https://registry.yarnpkg.com/@esbuild/win32-x64/-/win32-x64-0.21.5.tgz#acad351d582d157bb145535db2a6ff53dd514b5c"
  integrity sha512-tQd/1efJuzPC6rCFwEvLtci/xNFcTZknmXs98FYDfGE4wP9ClFV98nyKrzJKVPMhdDnjzLhdUyMX4PsQAPjwIw==

"@hotwired/stimulus@^3.1.0":
  version "3.2.2"
  resolved "https://registry.yarnpkg.com/@hotwired/stimulus/-/stimulus-3.2.2.tgz#071aab59c600fed95b97939e605ff261a4251608"
  integrity sha512-eGeIqNOQpXoPAIP7tC1+1Yc1yl1xnwYqg+3mzqxyrbE5pg5YFBZcA6YoTiByJB6DKAEsiWtl6tjTJS4IYtbB7A==

"@kollegorna/cocoon-vanilla-js@^1.0.7":
  version "1.0.7"
  resolved "https://registry.yarnpkg.com/@kollegorna/cocoon-vanilla-js/-/cocoon-vanilla-js-1.0.7.tgz#af897b69227f3ff1bd96a6618b86d4a983c94da4"
  integrity sha512-ceu4Mtx7R6Lw7rUdDiODEcMBJCWxog+pO4OEEQKRRERrBqQeGM5zb6qSM5Z5/DJJooqmpY9ANyxt7XbfJMDVWQ==

"@mdi/font@^7.0.96":
  version "7.4.47"
  resolved "https://registry.yarnpkg.com/@mdi/font/-/font-7.4.47.tgz#2ae522867da3a5c88b738d54b403eb91471903af"
  integrity sha512-43MtGpd585SNzHZPcYowu/84Vz2a2g31TvPMTm9uTiCSWzaheQySUcSyUH/46fPnuPQWof2yd0pGBtzee/IQWw==

"@rails/activestorage@^7.0.2":
  version "7.1.3"
  resolved "https://registry.yarnpkg.com/@rails/activestorage/-/activestorage-7.1.3.tgz#e83ece6c5fd94b3ddf30a8cf3b8f78cad049e596"
  integrity sha512-B+RFYAU8vdTPFg0IJcRp2ey0Qw9hpcUOqHHcWqftDJ76ZMBi9+m/UUeMJlNsSd0l9eD+1HLlFSo1X//cY4yiDw==
  dependencies:
    spark-md5 "^3.0.1"

"@rails/ujs@^7.1.3-4":
  version "7.1.3-4"
  resolved "https://registry.yarnpkg.com/@rails/ujs/-/ujs-7.1.3-4.tgz#1dddea99d5c042e8513973ea709b2cb7e840dc2d"
  integrity sha512-z0ckI5jrAJfImcObjMT1RBz2IxH6I5q6ZTMFex6AfxSQKZuuL8JxAXvg2CvBuodGCxKvybFVolDyMHXlBLeYAA==

"@transloadit/prettier-bytes@^0.3.4":
  version "0.3.4"
  resolved "https://registry.yarnpkg.com/@transloadit/prettier-bytes/-/prettier-bytes-0.3.4.tgz#51f837a49cab10a42ef64d6f227d1a859ba435aa"
  integrity sha512-8/SnIF9Q2k52mbjRVAYLranwkaDTLb+O9r4Z/uo8uNw//SjygKvvbF4BHSOuReufaAyum1q13602VcNud25Dfg==

"@types/rails__ujs@^6.0.4":
  version "6.0.4"
  resolved "https://registry.yarnpkg.com/@types/rails__ujs/-/rails__ujs-6.0.4.tgz#c5fc210e1a1fe186d9a4386280490f3ceb17d0e9"
  integrity sha512-4A8+Xp+2bd4E/mLjfwldc46katQQJfLfwTRbhDBoQyj4timlpWfJ6uHqwyre/qwcapgjKtVd365pt9ovD/3tRw==

"@types/retry@0.12.2":
  version "0.12.2"
  resolved "https://registry.yarnpkg.com/@types/retry/-/retry-0.12.2.tgz#ed279a64fa438bb69f2480eda44937912bb7480a"
  integrity sha512-XISRgDJ2Tc5q4TRqvgJtzsRkFYNJzZrhTdtMoGVBttwzzQJkPnS3WWTFc7kuDRoPtPakl+T+OfdEUjYJj7Jbow==

"@types/sortablejs@^1.15.8":
  version "1.15.8"
  resolved "https://registry.yarnpkg.com/@types/sortablejs/-/sortablejs-1.15.8.tgz#11ed555076046e00869a5ef85d1e7651e7a66ef6"
  integrity sha512-b79830lW+RZfwaztgs1aVPgbasJ8e7AXtZYHTELNXZPsERt4ymJdjV4OccDbHQAvHrCcFpbF78jkm0R6h/pZVg==

"@types/turbolinks@^5.2.2":
  version "5.2.2"
  resolved "https://registry.yarnpkg.com/@types/turbolinks/-/turbolinks-5.2.2.tgz#8f9f1d4bfb5e53ea599f79c393779ca8b92cf6e0"
  integrity sha512-FaCObYvhT7GtQ9a1SLW/DyYb7qxC2tBc5QJx7/xnBED0uBngfJHsIJ4mGT6u5dRTy+VAi0QvzdK7EUEQAeOdfw==

"@uppy/companion-client@^3.8.1":
  version "3.8.2"
  resolved "https://registry.yarnpkg.com/@uppy/companion-client/-/companion-client-3.8.2.tgz#8dd531ea378826db699be835442c687405e55604"
  integrity sha512-WLjZ0Y6Fe7lzwU1YPvvQ/YqooejcgIZkT2TC39xr+QQ7Y1FwJECsyUdlKwgi1ee8TNpjoCrj3Q1Hjel/+p0VhA==
  dependencies:
    "@uppy/utils" "^5.9.0"
    namespace-emitter "^2.0.1"
    p-retry "^6.1.0"

"@uppy/core@^3.0.0":
  version "3.13.1"
  resolved "https://registry.yarnpkg.com/@uppy/core/-/core-3.13.1.tgz#01b42684b5c08186033bb8c86bbfb5a1d8b5ae94"
  integrity sha512-iQGAUO4ziQRpfv7kix6tO6JOWqjI0K4vt8AynvHWzDPZxYSba3zd6RojGNPsYWSR7Xv+dRXYx+GU8oTiK1FRUA==
  dependencies:
    "@transloadit/prettier-bytes" "^0.3.4"
    "@uppy/store-default" "^3.2.2"
    "@uppy/utils" "^5.9.0"
    lodash "^4.17.21"
    mime-match "^1.0.2"
    namespace-emitter "^2.0.1"
    nanoid "^4.0.0"
    preact "^10.5.13"

"@uppy/dashboard@^3.0.0":
  version "3.9.1"
  resolved "https://registry.yarnpkg.com/@uppy/dashboard/-/dashboard-3.9.1.tgz#257c8b920ccd7883129c22cc956c176f939a2a79"
  integrity sha512-zZp+5Dwqu1jUdAZEu0Os2kC/8bF3cdrkve8CYEwqP/12yjNe8PF+XUQKF1RCYITjDE4hPSXcTh0MWw6t2LONuw==
  dependencies:
    "@transloadit/prettier-bytes" "^0.3.4"
    "@uppy/informer" "^3.1.0"
    "@uppy/provider-views" "^3.13.0"
    "@uppy/status-bar" "^3.3.3"
    "@uppy/thumbnail-generator" "^3.1.0"
    "@uppy/utils" "^5.9.0"
    classnames "^2.2.6"
    is-shallow-equal "^1.0.1"
    lodash "^4.17.21"
    memoize-one "^6.0.0"
    nanoid "^4.0.0"
    preact "^10.5.13"

"@uppy/image-editor@^2.0.0":
  version "2.4.6"
  resolved "https://registry.yarnpkg.com/@uppy/image-editor/-/image-editor-2.4.6.tgz#0ed0fe08d989a8e9c91dc23404e348afd14571db"
  integrity sha512-uQ8k4pUSsYBv6ZBoICwKq3M1DqiKg6AFM/nbvxL/q5KpRkRTszzPvP4hyvjY2zDLLf/NlK3E45N2IcWraV87dQ==
  dependencies:
    "@uppy/utils" "^5.9.0"
    cropperjs "1.5.7"
    preact "^10.5.13"

"@uppy/informer@^3.1.0":
  version "3.1.0"
  resolved "https://registry.yarnpkg.com/@uppy/informer/-/informer-3.1.0.tgz#40a8489f508911c778a7305fd5c551947fd4c96b"
  integrity sha512-vmpTLqzSLmZSuIVDZV0o19yXVqyTh5/uCbKUEiyfBhR726kQiuYQLP/ZHaKcvW3c1ESQGbNg53iNHbFBqF681w==
  dependencies:
    "@uppy/utils" "^5.7.4"
    preact "^10.5.13"

"@uppy/provider-views@^3.13.0":
  version "3.13.0"
  resolved "https://registry.yarnpkg.com/@uppy/provider-views/-/provider-views-3.13.0.tgz#9fa98b35e0827ef24c264de1729241f85e29bfa2"
  integrity sha512-Z2oI88A+GC2zIPk8beoeFN/miHKkhtF58mYjvb5miGCMMZM7p7LRj98sgb5OOdKsGrfeiuTavtgL424BvcVd8w==
  dependencies:
    "@uppy/utils" "^5.9.0"
    classnames "^2.2.6"
    nanoid "^4.0.0"
    p-queue "^7.3.4"
    preact "^10.5.13"

"@uppy/status-bar@^3.3.3":
  version "3.3.3"
  resolved "https://registry.yarnpkg.com/@uppy/status-bar/-/status-bar-3.3.3.tgz#3ad4bd5477904fd137ee46c69c3e5fd3b22e5d08"
  integrity sha512-TCcnBjTDbq/AmnGOcWbCpQNsv05Z6Y36zdmTCt/xNe2/gTVAYAzGRoGOrkeb6jf/E4AAi25VyOolSqL2ibB8Kw==
  dependencies:
    "@transloadit/prettier-bytes" "^0.3.4"
    "@uppy/utils" "^5.9.0"
    classnames "^2.2.6"
    preact "^10.5.13"

"@uppy/store-default@^3.2.2":
  version "3.2.2"
  resolved "https://registry.yarnpkg.com/@uppy/store-default/-/store-default-3.2.2.tgz#19ef59ea9a427372b21395fd4c842e193b9a9dde"
  integrity sha512-OiSgT++Jj4nLK0N9WTeod3UNjCH81OXE5BcMJCd9oWzl2d0xPNq2T/E9Y6O72XVd+6Y7+tf5vZlPElutfMB3KQ==

"@uppy/thumbnail-generator@^3.1.0":
  version "3.1.0"
  resolved "https://registry.yarnpkg.com/@uppy/thumbnail-generator/-/thumbnail-generator-3.1.0.tgz#8352542a12c0a4ed209c16c55850b3744af7d59c"
  integrity sha512-tDKK/cukC0CrM0F/OlHFmvpGGUq+Db4YfakhIGPKtT7ZO8aWOiIu5JIvaYUnKRxGq3RGsk4zhkxYXuoxVzzsGA==
  dependencies:
    "@uppy/utils" "^5.7.5"
    exifr "^7.0.0"

"@uppy/utils@^5.7.4", "@uppy/utils@^5.7.5", "@uppy/utils@^5.9.0":
  version "5.9.0"
  resolved "https://registry.yarnpkg.com/@uppy/utils/-/utils-5.9.0.tgz#c88827f9678a53cd13c7cd2f51e7682efd060e7d"
  integrity sha512-9Ubddd3orCOLYjf0KobwgJ+aTrABSxk9t4X/QdM4qJHVZuMIftkaMplrViRUO+kvIBCXEZDIP2AmS060siDNGw==
  dependencies:
    lodash "^4.17.21"
    preact "^10.5.13"

"@uppy/webcam@^3.0.0":
  version "3.4.2"
  resolved "https://registry.yarnpkg.com/@uppy/webcam/-/webcam-3.4.2.tgz#b057eec75cea1e8b30503c46f8bc68b86222fec8"
  integrity sha512-exp6YZN8eu8hJjJ48/O84htMwwGKLwMzuLTEWrXmu710Z3kU7Zu3+jN1PiajnRcGykXl9iwj3iXR2z1uEu+dbw==
  dependencies:
    "@uppy/utils" "^5.9.0"
    is-mobile "^3.1.1"
    preact "^10.5.13"

"@uppy/xhr-upload@^3.6.7":
  version "3.6.8"
  resolved "https://registry.yarnpkg.com/@uppy/xhr-upload/-/xhr-upload-3.6.8.tgz#8282dee5c71f337e92052f1c74b5da17dbd79493"
  integrity sha512-zr3OHrIdo08jmCqTYKS0C7o3E0XQpjtZI40wmB6VvXYzu4x/aZankG9QqKxLiY0n8KbZ9aCIvO8loxBGoL7Kaw==
  dependencies:
    "@uppy/companion-client" "^3.8.1"
    "@uppy/utils" "^5.9.0"

animate.css@^4.1.0:
  version "4.1.1"
  resolved "https://registry.yarnpkg.com/animate.css/-/animate.css-4.1.1.tgz#614ec5a81131d7e4dc362a58143f7406abd68075"
  integrity sha512-+mRmCTv6SbCmtYJCN4faJMNFVNN5EuCTTprDTAo7YzIGji2KADmakjVA3+8mVDkZ2Bf09vayB35lSQIex2+QaQ==

anymatch@~3.1.2:
  version "3.1.3"
  resolved "https://registry.yarnpkg.com/anymatch/-/anymatch-3.1.3.tgz#790c58b19ba1720a84205b57c618d5ad8524973e"
  integrity sha512-KMReFUr0B4t+D+OBkjR3KYqvocp2XaSzO55UcB6mgQMd3KbcE+mWTyvVV7D/zsdEbNnV6acZUutkiHQXvTr1Rw==
  dependencies:
    normalize-path "^3.0.0"
    picomatch "^2.0.4"

automation-events@^7.0.7:
  version "7.0.7"
  resolved "https://registry.yarnpkg.com/automation-events/-/automation-events-7.0.7.tgz#4f5c93f7e03db40690ebd6d7f0f84ee78d183165"
  integrity sha512-eg7aK2P0jrq4QqnZRWXOQJDYs6lxZXK/erfZ/WPTVPP/YQlgt+J0KvIzTo86zYszkru2J/QCW1FFJYgJVd7TgA==
  dependencies:
    "@babel/runtime" "^7.24.8"
    tslib "^2.6.3"

binary-extensions@^2.0.0:
  version "2.3.0"
  resolved "https://registry.yarnpkg.com/binary-extensions/-/binary-extensions-2.3.0.tgz#f6e14a97858d327252200242d4ccfe522c445522"
  integrity sha512-Ceh+7ox5qe7LJuLHoY0feh3pHuUDHAcRUeyL2VYghZwfpkNIy/+8Ocg0a3UuSoYzavmylwuLWQOf3hl0jjMMIw==

braces@~3.0.2:
  version "3.0.3"
  resolved "https://registry.yarnpkg.com/braces/-/braces-3.0.3.tgz#490332f40919452272d55a8480adc0c441358789"
  integrity sha512-yQbXgO/OSZVD2IsiLlro+7Hf6Q18EJrKSEsdoMzKePKXct3gvD8oLcOQdIzGupr5Fj+EDe8gO/lxc1BzfMpxvA==
  dependencies:
    fill-range "^7.1.1"

broker-factory@^3.0.100:
  version "3.0.100"
  resolved "https://registry.yarnpkg.com/broker-factory/-/broker-factory-3.0.100.tgz#b6c1f708aca64ba60b7a91e62d9d8088d68936d7"
  integrity sha512-Q7vlQDOF8AFgU3ZFm59slFwz/dTweB/4+o6Y3AFoJ9Ts9hpxqOAvTdqfjD5OvqOP0lK7xrTqoUuKNGcrpgpelQ==
  dependencies:
    "@babel/runtime" "^7.24.8"
    fast-unique-numbers "^9.0.7"
    tslib "^2.6.3"
    worker-factory "^7.0.27"

"bulma-o-steps@github:octoshrimpy/bulma-o-steps#c21bf10":
  version "1.1.0"
  resolved "https://codeload.github.com/octoshrimpy/bulma-o-steps/tar.gz/c21bf1072d7560be2c0443276e952b36c021fcfc"
  dependencies:
    bulma "^0.8.2"

bulma@^0.8.2:
  version "0.8.2"
  resolved "https://registry.yarnpkg.com/bulma/-/bulma-0.8.2.tgz#5d928f16ed4a84549c2873f95c92c38c69c631a7"
  integrity sha512-vMM/ijYSxX+Sm+nD7Lmc1UgWDy2JcL2nTKqwgEqXuOMU+IGALbXd5MLt/BcjBAPLIx36TtzhzBcSnOP974gcqA==

bulma@^1.0.0:
  version "1.0.2"
  resolved "https://registry.yarnpkg.com/bulma/-/bulma-1.0.2.tgz#47395a660755c9566db3cf981fd4e3a2b637af19"
  integrity sha512-D7GnDuF6seb6HkcnRMM9E739QpEY9chDzzeFrHMyEns/EXyDJuQ0XA0KxbBl/B2NTsKSoDomW61jFGFaAxhK5A==

"chokidar@>=3.0.0 <4.0.0":
  version "3.6.0"
  resolved "https://registry.yarnpkg.com/chokidar/-/chokidar-3.6.0.tgz#197c6cc669ef2a8dc5e7b4d97ee4e092c3eb0d5b"
  integrity sha512-7VT13fmjotKpGipCW9JEQAusEPE+Ei8nl6/g4FBAmIm0GOOLMua9NDDo/DWp0ZAxCr3cPq5ZpBqmPAQgDda2Pw==
  dependencies:
    anymatch "~3.1.2"
    braces "~3.0.2"
    glob-parent "~5.1.2"
    is-binary-path "~2.1.0"
    is-glob "~4.0.1"
    normalize-path "~3.0.0"
    readdirp "~3.6.0"
  optionalDependencies:
    fsevents "~2.3.2"

classnames@^2.2.6:
  version "2.5.1"
  resolved "https://registry.yarnpkg.com/classnames/-/classnames-2.5.1.tgz#ba774c614be0f016da105c858e7159eae8e7687b"
  integrity sha512-saHYOzhIQs6wy2sVxTM6bUDsQO4F50V9RQ22qBpEdCW+I+/Wmke2HOl6lS6dTpdxVhb88/I6+Hs+438c3lfUow==

cropperjs@1.5.7:
  version "1.5.7"
  resolved "https://registry.yarnpkg.com/cropperjs/-/cropperjs-1.5.7.tgz#b65019725bae1c6285e881fb661b2141fa57025b"
  integrity sha512-sGj+G/ofKh+f6A4BtXLJwtcKJgMUsXYVUubfTo9grERiDGXncttefmue/fyQFvn8wfdyoD1KhDRYLfjkJFl0yw==

esbuild@^0.21.2:
  version "0.21.5"
  resolved "https://registry.yarnpkg.com/esbuild/-/esbuild-0.21.5.tgz#9ca301b120922959b766360d8ac830da0d02997d"
  integrity sha512-mg3OPMV4hXywwpoDxu3Qda5xCKQi+vCTZq8S9J/EpkhB2HzKXq4SNFZE3+NK93JYxc8VMSep+lOUSC/RVKaBqw==
  optionalDependencies:
    "@esbuild/aix-ppc64" "0.21.5"
    "@esbuild/android-arm" "0.21.5"
    "@esbuild/android-arm64" "0.21.5"
    "@esbuild/android-x64" "0.21.5"
    "@esbuild/darwin-arm64" "0.21.5"
    "@esbuild/darwin-x64" "0.21.5"
    "@esbuild/freebsd-arm64" "0.21.5"
    "@esbuild/freebsd-x64" "0.21.5"
    "@esbuild/linux-arm" "0.21.5"
    "@esbuild/linux-arm64" "0.21.5"
    "@esbuild/linux-ia32" "0.21.5"
    "@esbuild/linux-loong64" "0.21.5"
    "@esbuild/linux-mips64el" "0.21.5"
    "@esbuild/linux-ppc64" "0.21.5"
    "@esbuild/linux-riscv64" "0.21.5"
    "@esbuild/linux-s390x" "0.21.5"
    "@esbuild/linux-x64" "0.21.5"
    "@esbuild/netbsd-x64" "0.21.5"
    "@esbuild/openbsd-x64" "0.21.5"
    "@esbuild/sunos-x64" "0.21.5"
    "@esbuild/win32-arm64" "0.21.5"
    "@esbuild/win32-ia32" "0.21.5"
    "@esbuild/win32-x64" "0.21.5"

eventemitter3@^5.0.1:
  version "5.0.1"
  resolved "https://registry.yarnpkg.com/eventemitter3/-/eventemitter3-5.0.1.tgz#53f5ffd0a492ac800721bb42c66b841de96423c4"
  integrity sha512-GWkBvjiSZK87ELrYOSESUYeVIc9mvLLf/nXalMOS5dYrgZq9o5OVkbZAVM06CVxYsCwH9BDZFPlQTlPA1j4ahA==

exifr@^7.0.0:
  version "7.1.3"
  resolved "https://registry.yarnpkg.com/exifr/-/exifr-7.1.3.tgz#f6218012c36dbb7d843222011b27f065fddbab6f"
  integrity sha512-g/aje2noHivrRSLbAUtBPWFbxKdKhgj/xr1vATDdUXPOFYJlQ62Ft0oy+72V6XLIpDJfHs6gXLbBLAolqOXYRw==

extendable-media-recorder-wav-encoder-broker@^7.0.104:
  version "7.0.104"
  resolved "https://registry.yarnpkg.com/extendable-media-recorder-wav-encoder-broker/-/extendable-media-recorder-wav-encoder-broker-7.0.104.tgz#b691c6d7a8a80f90e1aa57d6dbe15ca73b0a462a"
  integrity sha512-g5RWEAspcUhgrvkTwLU/JTSpoNQJUJ0ONFvW8ToXb2wIpsL3ktrIzsqgkbd0d8/vD5z4xVt8GBQO9K50Az5stQ==
  dependencies:
    "@babel/runtime" "^7.24.8"
    broker-factory "^3.0.100"
    extendable-media-recorder-wav-encoder-worker "^8.0.101"
    tslib "^2.6.3"

extendable-media-recorder-wav-encoder-worker@^8.0.101:
  version "8.0.101"
  resolved "https://registry.yarnpkg.com/extendable-media-recorder-wav-encoder-worker/-/extendable-media-recorder-wav-encoder-worker-8.0.101.tgz#f473c5e71ed94095f6b539a00d1b049a92bc7d07"
  integrity sha512-hlwHzCtDcJu+2DTBHjS84JbTFG096X4TPgkSBiWTDJMkNHJRyRhe3ZovUPCM8YRQ74A46hdYzHFY2gqCCrePFg==
  dependencies:
    "@babel/runtime" "^7.24.8"
    tslib "^2.6.3"
    worker-factory "^7.0.27"

extendable-media-recorder-wav-encoder@^7.0.81:
  version "7.0.113"
  resolved "https://registry.yarnpkg.com/extendable-media-recorder-wav-encoder/-/extendable-media-recorder-wav-encoder-7.0.113.tgz#2345f48bef9a1601e30a276ac5ffa03b46da2687"
  integrity sha512-0OsLfd4evoATDkoBYxp5vLhaTpWnh7zGOQvknnri8kxCzhNHrOK/1kv7V0bVt/GPgAw58HgkvWaZlgv0mgFTmA==
  dependencies:
    "@babel/runtime" "^7.24.8"
    extendable-media-recorder-wav-encoder-broker "^7.0.104"
    extendable-media-recorder-wav-encoder-worker "^8.0.101"
    tslib "^2.6.3"

extendable-media-recorder@^9.1.0:
  version "9.2.9"
  resolved "https://registry.yarnpkg.com/extendable-media-recorder/-/extendable-media-recorder-9.2.9.tgz#e47ec8d71b6adb92af69fedd611c5fb4fc25bc5a"
  integrity sha512-oIcBgXYUZEJIkIh6nY9Ooe7Eb8svINbIc7fi0uzzO9iuT2dyf1XyNR+Dz6RSfFc8/jQPoYaKlwtKVg4oeubsTg==
  dependencies:
    "@babel/runtime" "^7.24.8"
    media-encoder-host "^9.0.4"
    multi-buffer-data-view "^6.0.8"
    recorder-audio-worklet "^6.0.31"
    standardized-audio-context "^25.3.75"
    subscribable-things "^2.1.38"
    tslib "^2.6.3"

fast-unique-numbers@^9.0.7:
  version "9.0.7"
  resolved "https://registry.yarnpkg.com/fast-unique-numbers/-/fast-unique-numbers-9.0.7.tgz#1472ec9bbff43bbcc40bb75215810944d472606c"
  integrity sha512-K6hYNu8ZsVb7mwmd9OKxHmw4aLa+IFiBxt1e/FZVFFta94ZgNAHqIgUtDzd7AJaVoo/CoNTgr6sj1Dbj3PQPKg==
  dependencies:
    "@babel/runtime" "^7.24.8"
    tslib "^2.6.3"

fill-range@^7.1.1:
  version "7.1.1"
  resolved "https://registry.yarnpkg.com/fill-range/-/fill-range-7.1.1.tgz#44265d3cac07e3ea7dc247516380643754a05292"
  integrity sha512-YsGpe3WHLK8ZYi4tWDg2Jy3ebRz2rXowDxnld4bkQB00cc/1Zw9AWnC0i9ztDJitivtQvaI9KaLyKrc+hBW0yg==
  dependencies:
    to-regex-range "^5.0.1"

fitty@^2.3.0:
  version "2.4.2"
  resolved "https://registry.yarnpkg.com/fitty/-/fitty-2.4.2.tgz#7e75f8325e901f866dffcdb56c310682e15cf2eb"
  integrity sha512-GNhWgImK4+wEkgEZjBkQMyu5NLSmmryg/CaRP7zYby+TWzCrUou6BHL+iqbjKzJRXMyzuJkH+LBB1+lh4oO77g==

fsevents@~2.3.2:
  version "2.3.3"
  resolved "https://registry.yarnpkg.com/fsevents/-/fsevents-2.3.3.tgz#cac6407785d03675a2a5e1a5305c697b347d90d6"
  integrity sha512-5xoDfX+fL7faATnagmWPpbFtwh/R77WmMMqqHGS65C3vvB0YHrgF+B1YmZ3441tMj5n63k0212XNoJwzlhffQw==

glob-parent@~5.1.2:
  version "5.1.2"
  resolved "https://registry.yarnpkg.com/glob-parent/-/glob-parent-5.1.2.tgz#869832c58034fe68a4093c17dc15e8340d8401c4"
  integrity sha512-AOIgSQCepiJYwP3ARnGx+5VnTu2HBYdzbGP45eLw1vr3zB3vZLeyed1sC9hnbcOc9/SrMyM5RPQrkGz4aS9Zow==
  dependencies:
    is-glob "^4.0.1"

immutable@^4.0.0:
  version "4.3.7"
  resolved "https://registry.yarnpkg.com/immutable/-/immutable-4.3.7.tgz#c70145fc90d89fb02021e65c84eb0226e4e5a381"
  integrity sha512-1hqclzwYwjRDFLjcFxOM5AYkkG0rpFPpr1RLPMEuGczoS7YA8gLhy8SWXYRAA/XwfEHpfo3cw5JGioS32fnMRw==

improved-yarn-audit@^3.0.0:
  version "3.0.0"
  resolved "https://registry.yarnpkg.com/improved-yarn-audit/-/improved-yarn-audit-3.0.0.tgz#dfb09cea1a3a92c790ea2b4056431f6fb1b99bfa"
  integrity sha512-b7CrBYYwMidtPciCBkW62C7vqGjAV10bxcAWHeJvGrltrcMSEnG5I9CQgi14nmAlUKUQiSvpz47Lo3d7Z3Vjcg==

is-binary-path@~2.1.0:
  version "2.1.0"
  resolved "https://registry.yarnpkg.com/is-binary-path/-/is-binary-path-2.1.0.tgz#ea1f7f3b80f064236e83470f86c09c254fb45b09"
  integrity sha512-ZMERYes6pDydyuGidse7OsHxtbI7WVeUEozgR/g7rd0xUimYNlvZRE/K2MgZTjWy725IfelLeVcEM97mmtRGXw==
  dependencies:
    binary-extensions "^2.0.0"

is-extglob@^2.1.1:
  version "2.1.1"
  resolved "https://registry.yarnpkg.com/is-extglob/-/is-extglob-2.1.1.tgz#a88c02535791f02ed37c76a1b9ea9773c833f8c2"
  integrity sha512-SbKbANkN603Vi4jEZv49LeVJMn4yGwsbzZworEoyEiutsN3nJYdbO36zfhGJ6QEDpOZIFkDtnq5JRxmvl3jsoQ==

is-glob@^4.0.1, is-glob@~4.0.1:
  version "4.0.3"
  resolved "https://registry.yarnpkg.com/is-glob/-/is-glob-4.0.3.tgz#64f61e42cbbb2eec2071a9dac0b28ba1e65d5084"
  integrity sha512-xelSayHH36ZgE7ZWhli7pW34hNbNl8Ojv5KVmkJD4hBdD3th8Tfk9vYasLM+mXWOZhFkgZfxhLSnrwRr4elSSg==
  dependencies:
    is-extglob "^2.1.1"

is-mobile@^3.1.1:
  version "3.1.1"
  resolved "https://registry.yarnpkg.com/is-mobile/-/is-mobile-3.1.1.tgz#3b9e48f40068e4ea2da411f5009779844ce8d6aa"
  integrity sha512-RRoXXR2HNFxNkUnxtaBdGBXtFlUMFa06S0NUKf/LCF+MuGLu13gi9iBCkoEmc6+rpXuwi5Mso5V8Zf7mNynMBQ==

is-network-error@^1.0.0:
  version "1.1.0"
  resolved "https://registry.yarnpkg.com/is-network-error/-/is-network-error-1.1.0.tgz#d26a760e3770226d11c169052f266a4803d9c997"
  integrity sha512-tUdRRAnhT+OtCZR/LxZelH/C7QtjtFrTu5tXCA8pl55eTUElUHT+GPYV8MBMBvea/j+NxQqVt3LbWMRir7Gx9g==

is-number@^7.0.0:
  version "7.0.0"
  resolved "https://registry.yarnpkg.com/is-number/-/is-number-7.0.0.tgz#7535345b896734d5f80c4d06c50955527a14f12b"
  integrity sha512-41Cifkg6e8TylSpdtTpeLVMqvSBEVzTttHvERD741+pnZ8ANv0004MRL43QKPDlK9cGvNp6NZWZUBlbGXYxxng==

is-shallow-equal@^1.0.1:
  version "1.0.1"
  resolved "https://registry.yarnpkg.com/is-shallow-equal/-/is-shallow-equal-1.0.1.tgz#c410b51eb1c12ee50cd02891d32d1691a132d73c"
  integrity sha512-lq5RvK+85Hs5J3p4oA4256M1FEffzmI533ikeDHvJd42nouRRx5wBzt36JuviiGe5dIPyHON/d0/Up+PBo6XkQ==

lodash@^4.17.21:
  version "4.17.21"
  resolved "https://registry.yarnpkg.com/lodash/-/lodash-4.17.21.tgz#679591c564c3bffaae8454cf0b3df370c3d6911c"
  integrity sha512-v2kDEe57lecTulaDIuNTPy3Ry4gLGJ6Z1O3vE1krgXZNrsQ+LFTGHVxVjcXPs17LhbZVGedAJv8XZ1tvj5FvSg==

luminous-lightbox@^2.3.2:
  version "2.4.0"
  resolved "https://registry.yarnpkg.com/luminous-lightbox/-/luminous-lightbox-2.4.0.tgz#5403eccdae8a276f0bfd002915674bffdd978930"
  integrity sha512-qu1IE2/+sTyAzUgEGffHPnBNenJ1CDDieSDy6yLgmJUsMVoTLCbTeDJuQvje4hpl+M3xZvq87TIP8hu3BsgaEQ==

media-encoder-host-broker@^8.0.4:
  version "8.0.4"
  resolved "https://registry.yarnpkg.com/media-encoder-host-broker/-/media-encoder-host-broker-8.0.4.tgz#6d3cf2065071b603271adc72dfccee4e452649e7"
  integrity sha512-p6GVXEclu41zYZ56eS5bQQaLRlkL+/YMgt+tdI42tJxXboKjctcT5IhV9uk86MFCqFYNfFsZXzKuKyECDRz20g==
  dependencies:
    "@babel/runtime" "^7.24.8"
    broker-factory "^3.0.100"
    fast-unique-numbers "^9.0.7"
    media-encoder-host-worker "^10.0.4"
    tslib "^2.6.3"

media-encoder-host-worker@^10.0.4:
  version "10.0.4"
  resolved "https://registry.yarnpkg.com/media-encoder-host-worker/-/media-encoder-host-worker-10.0.4.tgz#683243811c75f8ae24ecbd17fd0bd7394aa10c8e"
  integrity sha512-4y7iGcEXIHth2idHmvx9iqcMgV4Ih0E60x8qPCynqOC8u+IUEGN38HNoAEdu9GHF9bx760tNtiLO/o6g6jd3mQ==
  dependencies:
    "@babel/runtime" "^7.24.8"
    extendable-media-recorder-wav-encoder-broker "^7.0.104"
    tslib "^2.6.3"
    worker-factory "^7.0.27"

media-encoder-host@^9.0.4:
  version "9.0.4"
  resolved "https://registry.yarnpkg.com/media-encoder-host/-/media-encoder-host-9.0.4.tgz#6b6d79d2d6de57b493f52eb3d9bf5e5cd8dcf232"
  integrity sha512-gaWCSF2AtzgjI/ZCsMUbPq3c1aN6Bj145JiBz7AhS8roLadRrRZQSMprlnR0HSAjxiOvJilG/+hL7iw4WQ25wg==
  dependencies:
    "@babel/runtime" "^7.24.8"
    media-encoder-host-broker "^8.0.4"
    media-encoder-host-worker "^10.0.4"
    tslib "^2.6.3"

memoize-one@^6.0.0:
  version "6.0.0"
  resolved "https://registry.yarnpkg.com/memoize-one/-/memoize-one-6.0.0.tgz#b2591b871ed82948aee4727dc6abceeeac8c1045"
  integrity sha512-rkpe71W0N0c0Xz6QD0eJETuWAJGnJ9afsl1srmwPrI+yBCkge5EycXXbYRyvL29zZVUWQCY7InPRCv3GDXuZNw==

mime-match@^1.0.2:
  version "1.0.2"
  resolved "https://registry.yarnpkg.com/mime-match/-/mime-match-1.0.2.tgz#3f87c31e9af1a5fd485fb9db134428b23bbb7ba8"
  integrity sha512-VXp/ugGDVh3eCLOBCiHZMYWQaTNUHv2IJrut+yXA6+JbLPXHglHwfS/5A5L0ll+jkCY7fIzRJcH6OIunF+c6Cg==
  dependencies:
    wildcard "^1.1.0"

multi-buffer-data-view@^6.0.8:
  version "6.0.8"
  resolved "https://registry.yarnpkg.com/multi-buffer-data-view/-/multi-buffer-data-view-6.0.8.tgz#65d089f3ca8c00b434d3c7c295dd66e4a38fb25a"
  integrity sha512-f6MN+xPe45KnKmBlTDYPuow1m42Df+THQRpYoksFQZ82jIcWcImEckUPZwkbM0Y5UnEenRv58C2NlVmg3gfF/w==
  dependencies:
    "@babel/runtime" "^7.24.8"
    tslib "^2.6.3"

namespace-emitter@^2.0.1:
  version "2.0.1"
  resolved "https://registry.yarnpkg.com/namespace-emitter/-/namespace-emitter-2.0.1.tgz#978d51361c61313b4e6b8cf6f3853d08dfa2b17c"
  integrity sha512-N/sMKHniSDJBjfrkbS/tpkPj4RAbvW3mr8UAzvlMHyun93XEm83IAvhWtJVHo+RHn/oO8Job5YN4b+wRjSVp5g==

nanoid@^4.0.0:
  version "4.0.2"
  resolved "https://registry.yarnpkg.com/nanoid/-/nanoid-4.0.2.tgz#140b3c5003959adbebf521c170f282c5e7f9fb9e"
  integrity sha512-7ZtY5KTCNheRGfEFxnedV5zFiORN1+Y1N6zvPTnHQd8ENUvfaDBeuJDZb2bN/oXwXxu3qkTXDzy57W5vAmDTBw==

normalize-path@^3.0.0, normalize-path@~3.0.0:
  version "3.0.0"
  resolved "https://registry.yarnpkg.com/normalize-path/-/normalize-path-3.0.0.tgz#0dcd69ff23a1c9b11fd0978316644a0388216a65"
  integrity sha512-6eZs5Ls3WtCisHWp9S2GUy8dqkpGi4BVSz3GaqiE6ezub0512ESztXUwUB6C6IKbQkY2Pnb/mD4WYojCRwcwLA==

p-queue@^7.3.4:
  version "7.4.1"
  resolved "https://registry.yarnpkg.com/p-queue/-/p-queue-7.4.1.tgz#7f86f853048beca8272abdbb7cec1ed2afc0f265"
  integrity sha512-vRpMXmIkYF2/1hLBKisKeVYJZ8S2tZ0zEAmIJgdVKP2nq0nh4qCdf8bgw+ZgKrkh71AOCaqzwbJJk1WtdcF3VA==
  dependencies:
    eventemitter3 "^5.0.1"
    p-timeout "^5.0.2"

p-retry@^6.1.0:
  version "6.2.0"
  resolved "https://registry.yarnpkg.com/p-retry/-/p-retry-6.2.0.tgz#8d6df01af298750009691ce2f9b3ad2d5968f3bd"
  integrity sha512-JA6nkq6hKyWLLasXQXUrO4z8BUZGUt/LjlJxx8Gb2+2ntodU/SS63YZ8b0LUTbQ8ZB9iwOfhEPhg4ykKnn2KsA==
  dependencies:
    "@types/retry" "0.12.2"
    is-network-error "^1.0.0"
    retry "^0.13.1"

p-timeout@^5.0.2:
  version "5.1.0"
  resolved "https://registry.yarnpkg.com/p-timeout/-/p-timeout-5.1.0.tgz#b3c691cf4415138ce2d9cfe071dba11f0fee085b"
  integrity sha512-auFDyzzzGZZZdHz3BtET9VEz0SE/uMEAx7uWfGPucfzEwwe/xH0iVeZibQmANYE/hp9T2+UUZT5m+BKyrDp3Ew==

picomatch@^2.0.4, picomatch@^2.2.1:
  version "2.3.1"
  resolved "https://registry.yarnpkg.com/picomatch/-/picomatch-2.3.1.tgz#3ba3833733646d9d3e4995946c1365a67fb07a42"
  integrity sha512-JU3teHTNjmE2VCGFzuY8EXzCDVwEqB2a8fsIvwaStHhAWJEeVd1o1QD80CU6+ZdEXXSLbSsuLwJjkCBWqRQUVA==

preact@^10.5.13:
  version "10.23.1"
  resolved "https://registry.yarnpkg.com/preact/-/preact-10.23.1.tgz#d400107289bc979881c5212cb5f5cd22cd1dc38c"
  integrity sha512-O5UdRsNh4vdZaTieWe3XOgSpdMAmkIYBCT3VhQDlKrzyCm8lUYsk0fmVEvoQQifoOjFRTaHZO69ylrzTW2BH+A==

readdirp@~3.6.0:
  version "3.6.0"
  resolved "https://registry.yarnpkg.com/readdirp/-/readdirp-3.6.0.tgz#74a370bd857116e245b29cc97340cd431a02a6c7"
  integrity sha512-hOS089on8RduqdbhvQ5Z37A0ESjsqz6qnRcffsMU3495FuTdqSm+7bhJ29JvIOsBDEEnan5DPu9t3To9VRlMzA==
  dependencies:
    picomatch "^2.2.1"

recorder-audio-worklet-processor@^5.0.22:
  version "5.0.22"
  resolved "https://registry.yarnpkg.com/recorder-audio-worklet-processor/-/recorder-audio-worklet-processor-5.0.22.tgz#cc6a96d4ca34f3fede8a5abd9b7819320ef72837"
  integrity sha512-AW2h1gDdG8iID2aLrBE5btbQ2PLPQMRmIXdIsuEX2fm6JsC1IpmtfL/m7RhtkZ4/yOHlxwwZwnpxv27D+LRiiA==
  dependencies:
    "@babel/runtime" "^7.24.8"
    tslib "^2.6.3"

recorder-audio-worklet@^6.0.31:
  version "6.0.31"
  resolved "https://registry.yarnpkg.com/recorder-audio-worklet/-/recorder-audio-worklet-6.0.31.tgz#47992705b0c5f1d768316cbdf288bd91a28d7c54"
  integrity sha512-nGExBjZ9OUNadI25FmHtdp8NgRohg8D+FEpNjaiHPbBqBjof7LfHN/trRO5WzEvds578fFfii2fshFWFQF+KZw==
  dependencies:
    "@babel/runtime" "^7.24.8"
    broker-factory "^3.0.100"
    fast-unique-numbers "^9.0.7"
    recorder-audio-worklet-processor "^5.0.22"
    standardized-audio-context "^25.3.75"
    subscribable-things "^2.1.38"
    tslib "^2.6.3"
    worker-factory "^7.0.27"

regenerator-runtime@^0.14.0:
  version "0.14.1"
  resolved "https://registry.yarnpkg.com/regenerator-runtime/-/regenerator-runtime-0.14.1.tgz#356ade10263f685dda125100cd862c1db895327f"
  integrity sha512-dYnhHh0nJoMfnkZs6GmmhFknAGRrLznOu5nc9ML+EJxGvrx6H7teuevqVqCuPcPK//3eDrrjQhehXVx9cnkGdw==

retry@^0.13.1:
  version "0.13.1"
  resolved "https://registry.yarnpkg.com/retry/-/retry-0.13.1.tgz#185b1587acf67919d63b357349e03537b2484658"
  integrity sha512-XQBQ3I8W1Cge0Seh+6gjj03LbmRFWuoszgK9ooCpwYIrhhoO80pfq4cUkU5DkknwfOfFteRwlZ56PYOGYyFWdg==

rxjs-interop@^2.0.0:
  version "2.0.0"
  resolved "https://registry.yarnpkg.com/rxjs-interop/-/rxjs-interop-2.0.0.tgz#dca61a93789a8304f653d2e159e377cefa348ec7"
  integrity sha512-ASEq9atUw7lualXB+knvgtvwkCEvGWV2gDD/8qnASzBkzEARZck9JAyxmY8OS6Nc1pCPEgDTKNcx+YqqYfzArw==

sass@^1.60.0:
  version "1.77.8"
  resolved "https://registry.yarnpkg.com/sass/-/sass-1.77.8.tgz#9f18b449ea401759ef7ec1752a16373e296b52bd"
  integrity sha512-4UHg6prsrycW20fqLGPShtEvo/WyHRVRHwOP4DzkUrObWoWI05QBSfzU71TVB7PFaL104TwNaHpjlWXAZbQiNQ==
  dependencies:
    chokidar ">=3.0.0 <4.0.0"
    immutable "^4.0.0"
    source-map-js ">=0.6.2 <2.0.0"

sortablejs@^1.15.0:
  version "1.15.2"
  resolved "https://registry.yarnpkg.com/sortablejs/-/sortablejs-1.15.2.tgz#4e9f7bda4718bd1838add9f1866ec77169149809"
  integrity sha512-FJF5jgdfvoKn1MAKSdGs33bIqLi3LmsgVTliuX6iITj834F+JRQZN90Z93yql8h0K2t0RwDPBmxwlbZfDcxNZA==

"source-map-js@>=0.6.2 <2.0.0":
  version "1.2.0"
  resolved "https://registry.yarnpkg.com/source-map-js/-/source-map-js-1.2.0.tgz#16b809c162517b5b8c3e7dcd315a2a5c2612b2af"
  integrity sha512-itJW8lvSA0TXEphiRoawsCksnlf8SyvmFzIhltqAHluXd88pkCd+cXJVHTDwdCr0IzwptSm035IHQktUu1QUMg==

spark-md5@^3.0.1:
  version "3.0.2"
  resolved "https://registry.yarnpkg.com/spark-md5/-/spark-md5-3.0.2.tgz#7952c4a30784347abcee73268e473b9c0167e3fc"
  integrity sha512-wcFzz9cDfbuqe0FZzfi2or1sgyIrsDwmPwfZC4hiNidPdPINjeUwNfv5kldczoEAcjl9Y1L3SM7Uz2PUEQzxQw==

standardized-audio-context@^25.3.75:
  version "25.3.75"
  resolved "https://registry.yarnpkg.com/standardized-audio-context/-/standardized-audio-context-25.3.75.tgz#41126bc4449b5a6d64a9c6f816edf5086eedae7f"
  integrity sha512-N7/Si1d0kuo1umRnWOsQESqxJlkMxBZfdfNRo5HeE7pA0lmo6PNrMkOSiM0NutFxpwA+KcPexo5JkTWWAAUaNQ==
  dependencies:
    "@babel/runtime" "^7.24.8"
    automation-events "^7.0.7"
    tslib "^2.6.3"

subscribable-things@^2.1.38:
  version "2.1.38"
  resolved "https://registry.yarnpkg.com/subscribable-things/-/subscribable-things-2.1.38.tgz#b5f80efd39e89a7a14ad700ab4651a983de08e3a"
  integrity sha512-tQAT99WJIStj3XCr9L4Nb08pRnb6g7FP8zeoBOJBaTir44L93jyg26DWMDD+Bzh1hMa2N4jw15dIcFGk9MA/lA==
  dependencies:
    "@babel/runtime" "^7.24.8"
    rxjs-interop "^2.0.0"
    tslib "^2.6.3"

to-regex-range@^5.0.1:
  version "5.0.1"
  resolved "https://registry.yarnpkg.com/to-regex-range/-/to-regex-range-5.0.1.tgz#1648c44aae7c8d988a326018ed72f5b4dd0392e4"
  integrity sha512-65P7iz6X5yEr1cwcgvQxbbIw7Uk3gOy5dIdtZ4rDveLqhrdJP+Li/Hx6tyK0NEb+2GCyneCMJiGqrADCSNk8sQ==
  dependencies:
    is-number "^7.0.0"

tslib@^2.6.3:
  version "2.6.3"
  resolved "https://registry.yarnpkg.com/tslib/-/tslib-2.6.3.tgz#0438f810ad7a9edcde7a241c3d80db693c8cbfe0"
  integrity sha512-xNvxJEOUiWPGhUuUdQgAJPKOOJfGnIyKySOc09XkKsgdUV/3E2zvwZYdejjmRgPCgcym1juLH3226yA7sEFJKQ==

turbolinks@^5.2.0:
  version "5.2.0"
  resolved "https://registry.yarnpkg.com/turbolinks/-/turbolinks-5.2.0.tgz#e6877a55ea5c1cb3bb225f0a4ae303d6d32ff77c"
  integrity sha512-pMiez3tyBo6uRHFNNZoYMmrES/IaGgMhQQM+VFF36keryjb5ms0XkVpmKHkfW/4Vy96qiGW3K9bz0tF5sK9bBw==

typescript@^5.4.5:
  version "5.5.4"
  resolved "https://registry.yarnpkg.com/typescript/-/typescript-5.5.4.tgz#d9852d6c82bad2d2eda4fd74a5762a8f5909e9ba"
  integrity sha512-Mtq29sKDAEYP7aljRgtPOpTvOfbwRWlS6dPRzwjdE+C0R4brX/GUyhHSecbHMFLNBLcJIPt9nl9yG5TZ1weH+Q==

wildcard@^1.1.0:
  version "1.1.2"
  resolved "https://registry.yarnpkg.com/wildcard/-/wildcard-1.1.2.tgz#a7020453084d8cd2efe70ba9d3696263de1710a5"
  integrity sha512-DXukZJxpHA8LuotRwL0pP1+rS6CS7FF2qStDDE1C7DDg2rLud2PXRMuEDYIPhgEezwnlHNL4c+N6MfMTjCGTng==

worker-factory@^7.0.27:
  version "7.0.27"
  resolved "https://registry.yarnpkg.com/worker-factory/-/worker-factory-7.0.27.tgz#812dff44feb256d7cbdd6a6a29523ef9a89a3d0c"
  integrity sha512-ZksIwNiBCn3nkPTcSVHTvyuhuAK1g6slNK5pCbsdpcOn4zTCa1tR6f6/S1JkvD1o5w5VWgQ7UUBSK2p1FvsipA==
  dependencies:
    "@babel/runtime" "^7.24.8"
    fast-unique-numbers "^9.0.7"
    tslib "^2.6.3"
