# THIS IS AN AUTOGENERATED FILE. DO NOT EDIT THIS FILE DIRECTLY.
# yarn lockfile v1


"@babel/runtime@^7.23.5", "@babel/runtime@^7.23.6":
  version "7.23.7"
  resolved "https://registry.yarnpkg.com/@babel/runtime/-/runtime-7.23.7.tgz#dd7c88deeb218a0f8bd34d5db1aa242e0f203193"
  integrity sha512-w06OXVOFso7LcbzMiDGt+3X7Rh7Ho8MmgPoWU3rarH+8upf+wSU/grlGbWzQyr3DkdN6ZeuMFjpdwW0Q+HxobA==
  dependencies:
    regenerator-runtime "^0.14.0"

"@esbuild/aix-ppc64@0.19.11":
  version "0.19.11"
  resolved "https://registry.yarnpkg.com/@esbuild/aix-ppc64/-/aix-ppc64-0.19.11.tgz#2acd20be6d4f0458bc8c784103495ff24f13b1d3"
  integrity sha512-FnzU0LyE3ySQk7UntJO4+qIiQgI7KoODnZg5xzXIrFJlKd2P2gwHsHY4927xj9y5PJmJSzULiUCWmv7iWnNa7g==

"@esbuild/android-arm64@0.19.11":
  version "0.19.11"
  resolved "https://registry.yarnpkg.com/@esbuild/android-arm64/-/android-arm64-0.19.11.tgz#b45d000017385c9051a4f03e17078abb935be220"
  integrity sha512-aiu7K/5JnLj//KOnOfEZ0D90obUkRzDMyqd/wNAUQ34m4YUPVhRZpnqKV9uqDGxT7cToSDnIHsGooyIczu9T+Q==

"@esbuild/android-arm@0.19.11":
  version "0.19.11"
  resolved "https://registry.yarnpkg.com/@esbuild/android-arm/-/android-arm-0.19.11.tgz#f46f55414e1c3614ac682b29977792131238164c"
  integrity sha512-5OVapq0ClabvKvQ58Bws8+wkLCV+Rxg7tUVbo9xu034Nm536QTII4YzhaFriQ7rMrorfnFKUsArD2lqKbFY4vw==

"@esbuild/android-x64@0.19.11":
  version "0.19.11"
  resolved "https://registry.yarnpkg.com/@esbuild/android-x64/-/android-x64-0.19.11.tgz#bfc01e91740b82011ef503c48f548950824922b2"
  integrity sha512-eccxjlfGw43WYoY9QgB82SgGgDbibcqyDTlk3l3C0jOVHKxrjdc9CTwDUQd0vkvYg5um0OH+GpxYvp39r+IPOg==

"@esbuild/darwin-arm64@0.19.11":
  version "0.19.11"
  resolved "https://registry.yarnpkg.com/@esbuild/darwin-arm64/-/darwin-arm64-0.19.11.tgz#533fb7f5a08c37121d82c66198263dcc1bed29bf"
  integrity sha512-ETp87DRWuSt9KdDVkqSoKoLFHYTrkyz2+65fj9nfXsaV3bMhTCjtQfw3y+um88vGRKRiF7erPrh/ZuIdLUIVxQ==

"@esbuild/darwin-x64@0.19.11":
  version "0.19.11"
  resolved "https://registry.yarnpkg.com/@esbuild/darwin-x64/-/darwin-x64-0.19.11.tgz#62f3819eff7e4ddc656b7c6815a31cf9a1e7d98e"
  integrity sha512-fkFUiS6IUK9WYUO/+22omwetaSNl5/A8giXvQlcinLIjVkxwTLSktbF5f/kJMftM2MJp9+fXqZ5ezS7+SALp4g==

"@esbuild/freebsd-arm64@0.19.11":
  version "0.19.11"
  resolved "https://registry.yarnpkg.com/@esbuild/freebsd-arm64/-/freebsd-arm64-0.19.11.tgz#d478b4195aa3ca44160272dab85ef8baf4175b4a"
  integrity sha512-lhoSp5K6bxKRNdXUtHoNc5HhbXVCS8V0iZmDvyWvYq9S5WSfTIHU2UGjcGt7UeS6iEYp9eeymIl5mJBn0yiuxA==

"@esbuild/freebsd-x64@0.19.11":
  version "0.19.11"
  resolved "https://registry.yarnpkg.com/@esbuild/freebsd-x64/-/freebsd-x64-0.19.11.tgz#7bdcc1917409178257ca6a1a27fe06e797ec18a2"
  integrity sha512-JkUqn44AffGXitVI6/AbQdoYAq0TEullFdqcMY/PCUZ36xJ9ZJRtQabzMA+Vi7r78+25ZIBosLTOKnUXBSi1Kw==

"@esbuild/linux-arm64@0.19.11":
  version "0.19.11"
  resolved "https://registry.yarnpkg.com/@esbuild/linux-arm64/-/linux-arm64-0.19.11.tgz#58ad4ff11685fcc735d7ff4ca759ab18fcfe4545"
  integrity sha512-LneLg3ypEeveBSMuoa0kwMpCGmpu8XQUh+mL8XXwoYZ6Be2qBnVtcDI5azSvh7vioMDhoJFZzp9GWp9IWpYoUg==

"@esbuild/linux-arm@0.19.11":
  version "0.19.11"
  resolved "https://registry.yarnpkg.com/@esbuild/linux-arm/-/linux-arm-0.19.11.tgz#ce82246d873b5534d34de1e5c1b33026f35e60e3"
  integrity sha512-3CRkr9+vCV2XJbjwgzjPtO8T0SZUmRZla+UL1jw+XqHZPkPgZiyWvbDvl9rqAN8Zl7qJF0O/9ycMtjU67HN9/Q==

"@esbuild/linux-ia32@0.19.11":
  version "0.19.11"
  resolved "https://registry.yarnpkg.com/@esbuild/linux-ia32/-/linux-ia32-0.19.11.tgz#cbae1f313209affc74b80f4390c4c35c6ab83fa4"
  integrity sha512-caHy++CsD8Bgq2V5CodbJjFPEiDPq8JJmBdeyZ8GWVQMjRD0sU548nNdwPNvKjVpamYYVL40AORekgfIubwHoA==

"@esbuild/linux-loong64@0.19.11":
  version "0.19.11"
  resolved "https://registry.yarnpkg.com/@esbuild/linux-loong64/-/linux-loong64-0.19.11.tgz#5f32aead1c3ec8f4cccdb7ed08b166224d4e9121"
  integrity sha512-ppZSSLVpPrwHccvC6nQVZaSHlFsvCQyjnvirnVjbKSHuE5N24Yl8F3UwYUUR1UEPaFObGD2tSvVKbvR+uT1Nrg==

"@esbuild/linux-mips64el@0.19.11":
  version "0.19.11"
  resolved "https://registry.yarnpkg.com/@esbuild/linux-mips64el/-/linux-mips64el-0.19.11.tgz#38eecf1cbb8c36a616261de858b3c10d03419af9"
  integrity sha512-B5x9j0OgjG+v1dF2DkH34lr+7Gmv0kzX6/V0afF41FkPMMqaQ77pH7CrhWeR22aEeHKaeZVtZ6yFwlxOKPVFyg==

"@esbuild/linux-ppc64@0.19.11":
  version "0.19.11"
  resolved "https://registry.yarnpkg.com/@esbuild/linux-ppc64/-/linux-ppc64-0.19.11.tgz#9c5725a94e6ec15b93195e5a6afb821628afd912"
  integrity sha512-MHrZYLeCG8vXblMetWyttkdVRjQlQUb/oMgBNurVEnhj4YWOr4G5lmBfZjHYQHHN0g6yDmCAQRR8MUHldvvRDA==

"@esbuild/linux-riscv64@0.19.11":
  version "0.19.11"
  resolved "https://registry.yarnpkg.com/@esbuild/linux-riscv64/-/linux-riscv64-0.19.11.tgz#2dc4486d474a2a62bbe5870522a9a600e2acb916"
  integrity sha512-f3DY++t94uVg141dozDu4CCUkYW+09rWtaWfnb3bqe4w5NqmZd6nPVBm+qbz7WaHZCoqXqHz5p6CM6qv3qnSSQ==

"@esbuild/linux-s390x@0.19.11":
  version "0.19.11"
  resolved "https://registry.yarnpkg.com/@esbuild/linux-s390x/-/linux-s390x-0.19.11.tgz#4ad8567df48f7dd4c71ec5b1753b6f37561a65a8"
  integrity sha512-A5xdUoyWJHMMlcSMcPGVLzYzpcY8QP1RtYzX5/bS4dvjBGVxdhuiYyFwp7z74ocV7WDc0n1harxmpq2ePOjI0Q==

"@esbuild/linux-x64@0.19.11":
  version "0.19.11"
  resolved "https://registry.yarnpkg.com/@esbuild/linux-x64/-/linux-x64-0.19.11.tgz#b7390c4d5184f203ebe7ddaedf073df82a658766"
  integrity sha512-grbyMlVCvJSfxFQUndw5mCtWs5LO1gUlwP4CDi4iJBbVpZcqLVT29FxgGuBJGSzyOxotFG4LoO5X+M1350zmPA==

"@esbuild/netbsd-x64@0.19.11":
  version "0.19.11"
  resolved "https://registry.yarnpkg.com/@esbuild/netbsd-x64/-/netbsd-x64-0.19.11.tgz#d633c09492a1721377f3bccedb2d821b911e813d"
  integrity sha512-13jvrQZJc3P230OhU8xgwUnDeuC/9egsjTkXN49b3GcS5BKvJqZn86aGM8W9pd14Kd+u7HuFBMVtrNGhh6fHEQ==

"@esbuild/openbsd-x64@0.19.11":
  version "0.19.11"
  resolved "https://registry.yarnpkg.com/@esbuild/openbsd-x64/-/openbsd-x64-0.19.11.tgz#17388c76e2f01125bf831a68c03a7ffccb65d1a2"
  integrity sha512-ysyOGZuTp6SNKPE11INDUeFVVQFrhcNDVUgSQVDzqsqX38DjhPEPATpid04LCoUr2WXhQTEZ8ct/EgJCUDpyNw==

"@esbuild/sunos-x64@0.19.11":
  version "0.19.11"
  resolved "https://registry.yarnpkg.com/@esbuild/sunos-x64/-/sunos-x64-0.19.11.tgz#e320636f00bb9f4fdf3a80e548cb743370d41767"
  integrity sha512-Hf+Sad9nVwvtxy4DXCZQqLpgmRTQqyFyhT3bZ4F2XlJCjxGmRFF0Shwn9rzhOYRB61w9VMXUkxlBy56dk9JJiQ==

"@esbuild/win32-arm64@0.19.11":
  version "0.19.11"
  resolved "https://registry.yarnpkg.com/@esbuild/win32-arm64/-/win32-arm64-0.19.11.tgz#c778b45a496e90b6fc373e2a2bb072f1441fe0ee"
  integrity sha512-0P58Sbi0LctOMOQbpEOvOL44Ne0sqbS0XWHMvvrg6NE5jQ1xguCSSw9jQeUk2lfrXYsKDdOe6K+oZiwKPilYPQ==

"@esbuild/win32-ia32@0.19.11":
  version "0.19.11"
  resolved "https://registry.yarnpkg.com/@esbuild/win32-ia32/-/win32-ia32-0.19.11.tgz#481a65fee2e5cce74ec44823e6b09ecedcc5194c"
  integrity sha512-6YOrWS+sDJDmshdBIQU+Uoyh7pQKrdykdefC1avn76ss5c+RN6gut3LZA4E2cH5xUEp5/cA0+YxRaVtRAb0xBg==

"@esbuild/win32-x64@0.19.11":
  version "0.19.11"
  resolved "https://registry.yarnpkg.com/@esbuild/win32-x64/-/win32-x64-0.19.11.tgz#a5d300008960bb39677c46bf16f53ec70d8dee04"
  integrity sha512-vfkhltrjCAb603XaFhqhAF4LGDi2M4OrCRrFusyQ+iTLQ/o60QQXxc9cZC/FFpihBI9N1Grn6SMKVJ4KP7Fuiw==

"@hotwired/stimulus@^3.1.0":
  version "3.2.2"
  resolved "https://registry.yarnpkg.com/@hotwired/stimulus/-/stimulus-3.2.2.tgz#071aab59c600fed95b97939e605ff261a4251608"
  integrity sha512-eGeIqNOQpXoPAIP7tC1+1Yc1yl1xnwYqg+3mzqxyrbE5pg5YFBZcA6YoTiByJB6DKAEsiWtl6tjTJS4IYtbB7A==

"@kollegorna/cocoon-vanilla-js@^1.0.7":
  version "1.0.7"
  resolved "https://registry.yarnpkg.com/@kollegorna/cocoon-vanilla-js/-/cocoon-vanilla-js-1.0.7.tgz#af897b69227f3ff1bd96a6618b86d4a983c94da4"
  integrity sha512-ceu4Mtx7R6Lw7rUdDiODEcMBJCWxog+pO4OEEQKRRERrBqQeGM5zb6qSM5Z5/DJJooqmpY9ANyxt7XbfJMDVWQ==

"@mdi/font@^7.0.96":
  version "7.4.47"
  resolved "https://registry.yarnpkg.com/@mdi/font/-/font-7.4.47.tgz#2ae522867da3a5c88b738d54b403eb91471903af"
  integrity sha512-43MtGpd585SNzHZPcYowu/84Vz2a2g31TvPMTm9uTiCSWzaheQySUcSyUH/46fPnuPQWof2yd0pGBtzee/IQWw==

"@rails/activestorage@^7.0.2":
  version "7.1.2"
  resolved "https://registry.yarnpkg.com/@rails/activestorage/-/activestorage-7.1.2.tgz#088dce680fa1e0a4f8e0c5ac91073f729204ed06"
  integrity sha512-evC/xGlpq5XGpcNJina3oNVVB8pUp1GpnN3a84SVA+UNuB6O91OdNRl9BGHNAOo6/jxmFtLb73PIjWqQyVE14w==
  dependencies:
    spark-md5 "^3.0.1"

"@rails/ujs@^7.0.2":
  version "7.1.2"
  resolved "https://registry.yarnpkg.com/@rails/ujs/-/ujs-7.1.2.tgz#ea903bcc0224e17156015d995b6f1b83e27d64b2"
  integrity sha512-c5x02djEKEVVE4qfN4XgElJS4biM0xxtIVpcJ0ZHLK116U19rowTtmD0AJ/RCb3Xaewa4GPIWLlwgeC0dCQqzw==

"@transloadit/prettier-bytes@0.0.7":
  version "0.0.7"
  resolved "https://registry.yarnpkg.com/@transloadit/prettier-bytes/-/prettier-bytes-0.0.7.tgz#cdb5399f445fdd606ed833872fa0cabdbc51686b"
  integrity sha512-VeJbUb0wEKbcwaSlj5n+LscBl9IPgLPkHVGBkh00cztv6X4L/TJXK58LzFuBKX7/GAfiGhIwH67YTLTlzvIzBA==

"@transloadit/prettier-bytes@0.0.9":
  version "0.0.9"
  resolved "https://registry.yarnpkg.com/@transloadit/prettier-bytes/-/prettier-bytes-0.0.9.tgz#8d3146f75fd9d3c544cb63ec7dbdeb6670d3e2d7"
  integrity sha512-pCvdmea/F3Tn4hAtHqNXmjcixSaroJJ+L3STXlYJdir1g1m2mRQpWbN8a4SvgQtaw2930Ckhdx8qXdXBFMKbAA==

"@types/retry@0.12.2":
  version "0.12.2"
  resolved "https://registry.yarnpkg.com/@types/retry/-/retry-0.12.2.tgz#ed279a64fa438bb69f2480eda44937912bb7480a"
  integrity sha512-XISRgDJ2Tc5q4TRqvgJtzsRkFYNJzZrhTdtMoGVBttwzzQJkPnS3WWTFc7kuDRoPtPakl+T+OfdEUjYJj7Jbow==

"@uppy/companion-client@^3.7.0":
  version "3.7.0"
  resolved "https://registry.yarnpkg.com/@uppy/companion-client/-/companion-client-3.7.0.tgz#74760cb5c215b70e948b279305d6192a5b56df8d"
  integrity sha512-37qJNMkqo01SM9h2gkFbV6e+aXM02s2zAda2dGsRLRsjvl/Tx69NlmxJ3xqG/7HWRnYcbBWtspb7y0tt1i/afg==
  dependencies:
    "@uppy/utils" "^5.7.0"
    namespace-emitter "^2.0.1"
    p-retry "^6.1.0"

"@uppy/core@^3.0.0":
  version "3.8.0"
  resolved "https://registry.yarnpkg.com/@uppy/core/-/core-3.8.0.tgz#2697c48aab5ec777a86440237da939d7ff0ffe5d"
  integrity sha512-C93vVhid929+VLGjaD9CZOLJDg8GkEGMUGveFp3Tyo/wujiG+sB3fOF+c6TzKpzPLfNtVpskU1BnI7tZrq1LWw==
  dependencies:
    "@transloadit/prettier-bytes" "0.0.9"
    "@uppy/store-default" "^3.2.0"
    "@uppy/utils" "^5.7.0"
    lodash "^4.17.21"
    mime-match "^1.0.2"
    namespace-emitter "^2.0.1"
    nanoid "^4.0.0"
    preact "^10.5.13"

"@uppy/dashboard@^3.0.0":
  version "3.7.1"
  resolved "https://registry.yarnpkg.com/@uppy/dashboard/-/dashboard-3.7.1.tgz#74dfb0ad69341b00676676f313fbfbaca6704b10"
  integrity sha512-qtCMXd2Ymrw0qNGSTlEEMyyDkGUCm+wX5/VrmV9lnfT7JtlSfotUK0K6KvkBeu2v1Chsu27C6Xlq6RddZMR2xQ==
  dependencies:
    "@transloadit/prettier-bytes" "0.0.7"
    "@uppy/informer" "^3.0.4"
    "@uppy/provider-views" "^3.7.0"
    "@uppy/status-bar" "^3.2.5"
    "@uppy/thumbnail-generator" "^3.0.6"
    "@uppy/utils" "^5.6.0"
    classnames "^2.2.6"
    is-shallow-equal "^1.0.1"
    lodash "^4.17.21"
    memoize-one "^6.0.0"
    nanoid "^4.0.0"
    preact "^10.5.13"

"@uppy/image-editor@^2.0.0":
  version "2.4.0"
  resolved "https://registry.yarnpkg.com/@uppy/image-editor/-/image-editor-2.4.0.tgz#d1ba54ca1bc7a72d58e681fee60e97c971bec5d5"
  integrity sha512-X6isSLmtZEHhWgeK/juD1TG5D3Z0DdZ2AwdOZNGQQbznVL8y1bH10J9MVnnkmwYyWhsaUopE2tAcYCqZAVCZ+w==
  dependencies:
    "@uppy/utils" "^5.7.0"
    cropperjs "1.5.7"
    preact "^10.5.13"

"@uppy/informer@^3.0.4":
  version "3.0.4"
  resolved "https://registry.yarnpkg.com/@uppy/informer/-/informer-3.0.4.tgz#dc8cfd870135caead5975b3357c043cc442732ab"
  integrity sha512-gzocdxn8qAFsW2EryehwjghladaBgv6Isjte53FTBV7o/vjaHPP6huKGbYpljyuQi8i9V+KrmvNGslofssgJ4g==
  dependencies:
    "@uppy/utils" "^5.5.2"
    preact "^10.5.13"

"@uppy/provider-views@^3.7.0":
  version "3.8.0"
  resolved "https://registry.yarnpkg.com/@uppy/provider-views/-/provider-views-3.8.0.tgz#531c82a383052f345b85b171b1fb6187afb959b9"
  integrity sha512-sTtx5bgsg2WVR+MyF0gnnM3Z7g3CyFx+Stlz//AvB6g27EMqtqO4zwDR3mestMrETkWYov5bhhqUbt2BaeANpA==
  dependencies:
    "@uppy/utils" "^5.7.0"
    classnames "^2.2.6"
    nanoid "^4.0.0"
    p-queue "^7.3.4"
    preact "^10.5.13"

"@uppy/status-bar@^3.2.5":
  version "3.2.5"
  resolved "https://registry.yarnpkg.com/@uppy/status-bar/-/status-bar-3.2.5.tgz#7ded2e8b4456fa369bc5b679b26ce12427fee556"
  integrity sha512-bRSxBPio5B+Kuf6w8ll+/i9VUwG8f0FnbZ1yQvCr8J9vxhd0Z5hvwhX4NP8uzHC6ZPJHlEQOTsxzGQ6y+Mdm0A==
  dependencies:
    "@transloadit/prettier-bytes" "0.0.9"
    "@uppy/utils" "^5.5.2"
    classnames "^2.2.6"
    preact "^10.5.13"

"@uppy/store-default@^3.2.0":
  version "3.2.0"
  resolved "https://registry.yarnpkg.com/@uppy/store-default/-/store-default-3.2.0.tgz#1f65206126f80e52bfa1de1ca1e58724cf2b47f8"
  integrity sha512-Y7t0peUG89ZKa30vM4qlRIC6uKxIfOANeMT9Nzjwcxvzz8l7es22jG3eAj9WF2F7YSu7xdsH8ODs6SIrJJ8gow==

"@uppy/thumbnail-generator@^3.0.6":
  version "3.0.6"
  resolved "https://registry.yarnpkg.com/@uppy/thumbnail-generator/-/thumbnail-generator-3.0.6.tgz#9718fa9b4c1561cdf04bc4a7a5ac92c0289fcbfa"
  integrity sha512-gsi/BQBiunHneXCbo8VglFbhEb0CoQXQjCyGNKoEq/deEcbXhBBDxkiGcgv83l5GZJl2jLiKWqXnXAXREkldrQ==
  dependencies:
    "@uppy/utils" "^5.5.2"
    exifr "^7.0.0"

"@uppy/utils@^5.5.2", "@uppy/utils@^5.6.0", "@uppy/utils@^5.7.0":
  version "5.7.0"
  resolved "https://registry.yarnpkg.com/@uppy/utils/-/utils-5.7.0.tgz#763c0f0d88eb15f457278713d6d676c1b58109c9"
  integrity sha512-AJj7gAx5YfMgyevwOxVdIP2h4Nw/O6h57wKA6gj+Lce6tMORcqzGt4yQiKBsrBI0bPyFWCbzA3vX5t0//1JCBA==
  dependencies:
    lodash "^4.17.21"
    preact "^10.5.13"

"@uppy/webcam@^3.0.0":
  version "3.3.4"
  resolved "https://registry.yarnpkg.com/@uppy/webcam/-/webcam-3.3.4.tgz#501667402a27d4b2f861437734422ae37e8a1828"
  integrity sha512-K6YQTxjj7wlYQas8RbNPxyXPsKVOKx06oy5hHJIax3rKfXwaKz86dIK1Vc+WHwX/aHxc4z7YQyU+A2dwa++tZg==
  dependencies:
    "@uppy/utils" "^5.5.2"
    is-mobile "^3.1.1"
    preact "^10.5.13"

"@uppy/xhr-upload@^3.0.0":
  version "3.6.0"
  resolved "https://registry.yarnpkg.com/@uppy/xhr-upload/-/xhr-upload-3.6.0.tgz#ef33c75d4830540c8045dd611ef0f64dbfa5ca0e"
  integrity sha512-HgWr+CvJzJXAp639AiZatdEWmRdhhN5LrjTZurAkvm9nPQarpi1bo0DChO+1bpkXWOR/1VarBbZOr8lNecEn7Q==
  dependencies:
    "@uppy/companion-client" "^3.7.0"
    "@uppy/utils" "^5.7.0"
    nanoid "^4.0.0"

animate.css@^4.1.0:
  version "4.1.1"
  resolved "https://registry.yarnpkg.com/animate.css/-/animate.css-4.1.1.tgz#614ec5a81131d7e4dc362a58143f7406abd68075"
  integrity sha512-+mRmCTv6SbCmtYJCN4faJMNFVNN5EuCTTprDTAo7YzIGji2KADmakjVA3+8mVDkZ2Bf09vayB35lSQIex2+QaQ==

anymatch@~3.1.2:
  version "3.1.3"
  resolved "https://registry.yarnpkg.com/anymatch/-/anymatch-3.1.3.tgz#790c58b19ba1720a84205b57c618d5ad8524973e"
  integrity sha512-KMReFUr0B4t+D+OBkjR3KYqvocp2XaSzO55UcB6mgQMd3KbcE+mWTyvVV7D/zsdEbNnV6acZUutkiHQXvTr1Rw==
  dependencies:
    normalize-path "^3.0.0"
    picomatch "^2.0.4"

automation-events@^6.0.13:
  version "6.0.13"
  resolved "https://registry.yarnpkg.com/automation-events/-/automation-events-6.0.13.tgz#dcaba831b959a45f05401dec374dba71618564d5"
  integrity sha512-V1D19taPDEB7LUph6FpJv9m2i+UpLR096sAbPKt92sRChCOA6Jt2bcofU/YAwG8F8/qZp3GrrscJ1FzaEHd68w==
  dependencies:
    "@babel/runtime" "^7.23.5"
    tslib "^2.6.2"

binary-extensions@^2.0.0:
  version "2.2.0"
  resolved "https://registry.yarnpkg.com/binary-extensions/-/binary-extensions-2.2.0.tgz#75f502eeaf9ffde42fc98829645be4ea76bd9e2d"
  integrity sha512-jDctJ/IVQbZoJykoeHbhXpOlNBqGNcwXJKJog42E5HDPUwQTSdjCHdihjj0DlnheQ7blbT6dHOafNAiS8ooQKA==

braces@~3.0.2:
  version "3.0.2"
  resolved "https://registry.yarnpkg.com/braces/-/braces-3.0.2.tgz#3454e1a462ee8d599e236df336cd9ea4f8afe107"
  integrity sha512-b8um+L1RzM3WDSzvhm6gIz1yfTbBt6YTlcEKAvsmqCZZFw46z626lVj9j1yEPW33H5H+lBQpZMP1k8l+78Ha0A==
  dependencies:
    fill-range "^7.0.1"

broker-factory@^3.0.89:
  version "3.0.89"
  resolved "https://registry.yarnpkg.com/broker-factory/-/broker-factory-3.0.89.tgz#6afbad4fe06e4f0da449dff7df8c3451661c915b"
  integrity sha512-A2zkxJjpWjItTGzIETq7MFtBD6UgSA1VvfAeJIXsI+gq1nQ0VozuP80iZRXgdwRfFBCDdlB+8rzMO8Bfnwirug==
  dependencies:
    "@babel/runtime" "^7.23.5"
    fast-unique-numbers "^8.0.12"
    tslib "^2.6.2"
    worker-factory "^7.0.15"

"bulma-o-steps@https://github.com/octoshrimpy/bulma-o-steps.git#c21bf10":
  version "1.1.0"
  resolved "https://github.com/octoshrimpy/bulma-o-steps.git#c21bf1072d7560be2c0443276e952b36c021fcfc"
  dependencies:
    bulma "^0.8.2"

bulma@^0.8.2:
  version "0.8.2"
  resolved "https://registry.yarnpkg.com/bulma/-/bulma-0.8.2.tgz#5d928f16ed4a84549c2873f95c92c38c69c631a7"
  integrity sha512-vMM/ijYSxX+Sm+nD7Lmc1UgWDy2JcL2nTKqwgEqXuOMU+IGALbXd5MLt/BcjBAPLIx36TtzhzBcSnOP974gcqA==

bulma@^0.9.0:
  version "0.9.4"
  resolved "https://registry.yarnpkg.com/bulma/-/bulma-0.9.4.tgz#0ca8aeb1847a34264768dba26a064c8be72674a1"
  integrity sha512-86FlT5+1GrsgKbPLRRY7cGDg8fsJiP/jzTqXXVqiUZZ2aZT8uemEOHlU1CDU+TxklPEZ11HZNNWclRBBecP4CQ==

"chokidar@>=3.0.0 <4.0.0":
  version "3.5.3"
  resolved "https://registry.yarnpkg.com/chokidar/-/chokidar-3.5.3.tgz#1cf37c8707b932bd1af1ae22c0432e2acd1903bd"
  integrity sha512-Dr3sfKRP6oTcjf2JmUmFJfeVMvXBdegxB0iVQ5eb2V10uFJUCAS8OByZdVAyVb8xXNz3GjjTgj9kLWsZTqE6kw==
  dependencies:
    anymatch "~3.1.2"
    braces "~3.0.2"
    glob-parent "~5.1.2"
    is-binary-path "~2.1.0"
    is-glob "~4.0.1"
    normalize-path "~3.0.0"
    readdirp "~3.6.0"
  optionalDependencies:
    fsevents "~2.3.2"

classnames@^2.2.6:
  version "2.5.1"
  resolved "https://registry.yarnpkg.com/classnames/-/classnames-2.5.1.tgz#ba774c614be0f016da105c858e7159eae8e7687b"
  integrity sha512-saHYOzhIQs6wy2sVxTM6bUDsQO4F50V9RQ22qBpEdCW+I+/Wmke2HOl6lS6dTpdxVhb88/I6+Hs+438c3lfUow==

compilerr@^11.0.13:
  version "11.0.13"
  resolved "https://registry.yarnpkg.com/compilerr/-/compilerr-11.0.13.tgz#006e8f8715211f4c1e4a774be887c659c45de2b5"
  integrity sha512-lqq1b3pFfn1Qims/lgzD5+uwOMzrDsUpiZ5LP2v8Sok7K+OFRt+m23GmkTBQl6ONvFSTB+xL1be8GXYsxt5dJQ==
  dependencies:
    "@babel/runtime" "^7.23.5"
    dashify "^2.0.0"
    indefinite-article "0.0.2"
    tslib "^2.6.2"

cropperjs@1.5.7:
  version "1.5.7"
  resolved "https://registry.yarnpkg.com/cropperjs/-/cropperjs-1.5.7.tgz#b65019725bae1c6285e881fb661b2141fa57025b"
  integrity sha512-sGj+G/ofKh+f6A4BtXLJwtcKJgMUsXYVUubfTo9grERiDGXncttefmue/fyQFvn8wfdyoD1KhDRYLfjkJFl0yw==

dashify@^2.0.0:
  version "2.0.0"
  resolved "https://registry.yarnpkg.com/dashify/-/dashify-2.0.0.tgz#fff270ca2868ca427fee571de35691d6e437a648"
  integrity sha512-hpA5C/YrPjucXypHPPc0oJ1l9Hf6wWbiOL7Ik42cxnsUOhWiCB/fylKbKqqJalW9FgkNQCw16YO8uW9Hs0Iy1A==

esbuild@^0.19.2:
  version "0.19.11"
  resolved "https://registry.yarnpkg.com/esbuild/-/esbuild-0.19.11.tgz#4a02dca031e768b5556606e1b468fe72e3325d96"
  integrity sha512-HJ96Hev2hX/6i5cDVwcqiJBBtuo9+FeIJOtZ9W1kA5M6AMJRHUZlpYZ1/SbEwtO0ioNAW8rUooVpC/WehY2SfA==
  optionalDependencies:
    "@esbuild/aix-ppc64" "0.19.11"
    "@esbuild/android-arm" "0.19.11"
    "@esbuild/android-arm64" "0.19.11"
    "@esbuild/android-x64" "0.19.11"
    "@esbuild/darwin-arm64" "0.19.11"
    "@esbuild/darwin-x64" "0.19.11"
    "@esbuild/freebsd-arm64" "0.19.11"
    "@esbuild/freebsd-x64" "0.19.11"
    "@esbuild/linux-arm" "0.19.11"
    "@esbuild/linux-arm64" "0.19.11"
    "@esbuild/linux-ia32" "0.19.11"
    "@esbuild/linux-loong64" "0.19.11"
    "@esbuild/linux-mips64el" "0.19.11"
    "@esbuild/linux-ppc64" "0.19.11"
    "@esbuild/linux-riscv64" "0.19.11"
    "@esbuild/linux-s390x" "0.19.11"
    "@esbuild/linux-x64" "0.19.11"
    "@esbuild/netbsd-x64" "0.19.11"
    "@esbuild/openbsd-x64" "0.19.11"
    "@esbuild/sunos-x64" "0.19.11"
    "@esbuild/win32-arm64" "0.19.11"
    "@esbuild/win32-ia32" "0.19.11"
    "@esbuild/win32-x64" "0.19.11"

eventemitter3@^5.0.1:
  version "5.0.1"
  resolved "https://registry.yarnpkg.com/eventemitter3/-/eventemitter3-5.0.1.tgz#53f5ffd0a492ac800721bb42c66b841de96423c4"
  integrity sha512-GWkBvjiSZK87ELrYOSESUYeVIc9mvLLf/nXalMOS5dYrgZq9o5OVkbZAVM06CVxYsCwH9BDZFPlQTlPA1j4ahA==

exifr@^7.0.0:
  version "7.1.3"
  resolved "https://registry.yarnpkg.com/exifr/-/exifr-7.1.3.tgz#f6218012c36dbb7d843222011b27f065fddbab6f"
  integrity sha512-g/aje2noHivrRSLbAUtBPWFbxKdKhgj/xr1vATDdUXPOFYJlQ62Ft0oy+72V6XLIpDJfHs6gXLbBLAolqOXYRw==

extendable-media-recorder-wav-encoder-broker@^7.0.93:
  version "7.0.93"
  resolved "https://registry.yarnpkg.com/extendable-media-recorder-wav-encoder-broker/-/extendable-media-recorder-wav-encoder-broker-7.0.93.tgz#d91ff3e3678b8ea78ea1956c52a00eed7250a987"
  integrity sha512-mZQlQ9Yyt3/x3vO6apu5hR49RdLCtHVEqjmf3PSi5nPtrQSJKI5n3oUp9v4jRNAJbUCxtRmBZHDZ2HvwHfDtbQ==
  dependencies:
    "@babel/runtime" "^7.23.5"
    broker-factory "^3.0.89"
    extendable-media-recorder-wav-encoder-worker "^8.0.90"
    tslib "^2.6.2"

extendable-media-recorder-wav-encoder-worker@^8.0.90:
  version "8.0.90"
  resolved "https://registry.yarnpkg.com/extendable-media-recorder-wav-encoder-worker/-/extendable-media-recorder-wav-encoder-worker-8.0.90.tgz#87afd567589f50e68f4483f4c773dc6b477c0e65"
  integrity sha512-13X3svoPjAlOmIWtRSyMC354vZF82GXhQnI2fHwp41k7hQCS1jaQ8WlUMzcyZ2GAKErbuzWAdVuKPLedNpQUDA==
  dependencies:
    "@babel/runtime" "^7.23.5"
    tslib "^2.6.2"
    worker-factory "^7.0.15"

extendable-media-recorder-wav-encoder@^7.0.81:
  version "7.0.101"
  resolved "https://registry.yarnpkg.com/extendable-media-recorder-wav-encoder/-/extendable-media-recorder-wav-encoder-7.0.101.tgz#f189327e7279b7a6060f2c4b8dd471955d394e46"
  integrity sha512-Q0qc4R5tWwT2eEezo/fDtg5rjkIvmlESpDLXnN41O8N598LkXfUm34H9iONHEAKVo3kM0RG5KS4mFAb1iDMQkQ==
  dependencies:
    "@babel/runtime" "^7.23.5"
    extendable-media-recorder-wav-encoder-broker "^7.0.93"
    extendable-media-recorder-wav-encoder-worker "^8.0.90"
    tslib "^2.6.2"

extendable-media-recorder@^9.1.0:
  version "9.1.5"
  resolved "https://registry.yarnpkg.com/extendable-media-recorder/-/extendable-media-recorder-9.1.5.tgz#1aad331a85cb36fb293c2033fa12de1c7fb7f9ba"
  integrity sha512-JpCJGO3pGd8cI0aaO7GsJZPPoK0t3ay2JA5O57D3xu/3KcbyfDL4/vq3usvOT9tHvfHqQ8i2U0ZjrKqePIiLNA==
  dependencies:
    "@babel/runtime" "^7.23.5"
    media-encoder-host "^8.0.104"
    multi-buffer-data-view "^5.0.13"
    recorder-audio-worklet "^6.0.17"
    standardized-audio-context "^25.3.60"
    subscribable-things "^2.1.28"
    tslib "^2.6.2"

fast-unique-numbers@^8.0.12:
  version "8.0.12"
  resolved "https://registry.yarnpkg.com/fast-unique-numbers/-/fast-unique-numbers-8.0.12.tgz#08b2cde6f41fe3d11645422d17e4a188474e3c4d"
  integrity sha512-Z4AJueNDnuC/sLxeQqrHP4zgqcBIeQQLbQ0hEx1a7m6Wf7ERrdAyR7CkGfoEFWm9Qla7dpLt0eWPyiO18gqj0A==
  dependencies:
    "@babel/runtime" "^7.23.5"
    tslib "^2.6.2"

fill-range@^7.0.1:
  version "7.0.1"
  resolved "https://registry.yarnpkg.com/fill-range/-/fill-range-7.0.1.tgz#1919a6a7c75fe38b2c7c77e5198535da9acdda40"
  integrity sha512-qOo9F+dMUmC2Lcb4BbVvnKJxTPjCm+RRpe4gDuGrzkL7mEVl/djYSu2OdQ2Pa302N4oqkSg9ir6jaLWJ2USVpQ==
  dependencies:
    to-regex-range "^5.0.1"

fitty@^2.3.0:
  version "2.4.2"
  resolved "https://registry.yarnpkg.com/fitty/-/fitty-2.4.2.tgz#7e75f8325e901f866dffcdb56c310682e15cf2eb"
  integrity sha512-GNhWgImK4+wEkgEZjBkQMyu5NLSmmryg/CaRP7zYby+TWzCrUou6BHL+iqbjKzJRXMyzuJkH+LBB1+lh4oO77g==

fsevents@~2.3.2:
  version "2.3.3"
  resolved "https://registry.yarnpkg.com/fsevents/-/fsevents-2.3.3.tgz#cac6407785d03675a2a5e1a5305c697b347d90d6"
  integrity sha512-5xoDfX+fL7faATnagmWPpbFtwh/R77WmMMqqHGS65C3vvB0YHrgF+B1YmZ3441tMj5n63k0212XNoJwzlhffQw==

glob-parent@~5.1.2:
  version "5.1.2"
  resolved "https://registry.yarnpkg.com/glob-parent/-/glob-parent-5.1.2.tgz#869832c58034fe68a4093c17dc15e8340d8401c4"
  integrity sha512-AOIgSQCepiJYwP3ARnGx+5VnTu2HBYdzbGP45eLw1vr3zB3vZLeyed1sC9hnbcOc9/SrMyM5RPQrkGz4aS9Zow==
  dependencies:
    is-glob "^4.0.1"

immutable@^4.0.0:
  version "4.3.4"
  resolved "https://registry.yarnpkg.com/immutable/-/immutable-4.3.4.tgz#2e07b33837b4bb7662f288c244d1ced1ef65a78f"
  integrity sha512-fsXeu4J4i6WNWSikpI88v/PcVflZz+6kMhUfIwc5SY+poQRPnaf5V7qds6SUyUN3cVxEzuCab7QIoLOQ+DQ1wA==

improved-yarn-audit@^3.0.0:
  version "3.0.0"
  resolved "https://registry.yarnpkg.com/improved-yarn-audit/-/improved-yarn-audit-3.0.0.tgz#dfb09cea1a3a92c790ea2b4056431f6fb1b99bfa"
  integrity sha512-b7CrBYYwMidtPciCBkW62C7vqGjAV10bxcAWHeJvGrltrcMSEnG5I9CQgi14nmAlUKUQiSvpz47Lo3d7Z3Vjcg==

indefinite-article@0.0.2:
  version "0.0.2"
  resolved "https://registry.yarnpkg.com/indefinite-article/-/indefinite-article-0.0.2.tgz#4bc855257066cfab61ea68beba75d100d6e2506b"
  integrity sha512-Au/2XzRkvxq2J6w5uvSSbBKPZ5kzINx5F2wb0SF8xpRL8BP9Lav81TnRbfPp6p+SYjYxwaaLn4EUwI3/MmYKSw==

is-binary-path@~2.1.0:
  version "2.1.0"
  resolved "https://registry.yarnpkg.com/is-binary-path/-/is-binary-path-2.1.0.tgz#ea1f7f3b80f064236e83470f86c09c254fb45b09"
  integrity sha512-ZMERYes6pDydyuGidse7OsHxtbI7WVeUEozgR/g7rd0xUimYNlvZRE/K2MgZTjWy725IfelLeVcEM97mmtRGXw==
  dependencies:
    binary-extensions "^2.0.0"

is-extglob@^2.1.1:
  version "2.1.1"
  resolved "https://registry.yarnpkg.com/is-extglob/-/is-extglob-2.1.1.tgz#a88c02535791f02ed37c76a1b9ea9773c833f8c2"
  integrity sha512-SbKbANkN603Vi4jEZv49LeVJMn4yGwsbzZworEoyEiutsN3nJYdbO36zfhGJ6QEDpOZIFkDtnq5JRxmvl3jsoQ==

is-glob@^4.0.1, is-glob@~4.0.1:
  version "4.0.3"
  resolved "https://registry.yarnpkg.com/is-glob/-/is-glob-4.0.3.tgz#64f61e42cbbb2eec2071a9dac0b28ba1e65d5084"
  integrity sha512-xelSayHH36ZgE7ZWhli7pW34hNbNl8Ojv5KVmkJD4hBdD3th8Tfk9vYasLM+mXWOZhFkgZfxhLSnrwRr4elSSg==
  dependencies:
    is-extglob "^2.1.1"

is-mobile@^3.1.1:
  version "3.1.1"
  resolved "https://registry.yarnpkg.com/is-mobile/-/is-mobile-3.1.1.tgz#3b9e48f40068e4ea2da411f5009779844ce8d6aa"
  integrity sha512-RRoXXR2HNFxNkUnxtaBdGBXtFlUMFa06S0NUKf/LCF+MuGLu13gi9iBCkoEmc6+rpXuwi5Mso5V8Zf7mNynMBQ==

is-network-error@^1.0.0:
  version "1.0.0"
  resolved "https://registry.yarnpkg.com/is-network-error/-/is-network-error-1.0.0.tgz#757d7af42263f18f616626e63af12abb19002bbc"
  integrity sha512-P3fxi10Aji2FZmHTrMPSNFbNC6nnp4U5juPAIjXPHkUNubi4+qK7vvdsaNpAUwXslhYm9oyjEYTxs1xd/+Ph0w==

is-number@^7.0.0:
  version "7.0.0"
  resolved "https://registry.yarnpkg.com/is-number/-/is-number-7.0.0.tgz#7535345b896734d5f80c4d06c50955527a14f12b"
  integrity sha512-41Cifkg6e8TylSpdtTpeLVMqvSBEVzTttHvERD741+pnZ8ANv0004MRL43QKPDlK9cGvNp6NZWZUBlbGXYxxng==

is-shallow-equal@^1.0.1:
  version "1.0.1"
  resolved "https://registry.yarnpkg.com/is-shallow-equal/-/is-shallow-equal-1.0.1.tgz#c410b51eb1c12ee50cd02891d32d1691a132d73c"
  integrity sha512-lq5RvK+85Hs5J3p4oA4256M1FEffzmI533ikeDHvJd42nouRRx5wBzt36JuviiGe5dIPyHON/d0/Up+PBo6XkQ==

lodash@^4.17.21:
  version "4.17.21"
  resolved "https://registry.yarnpkg.com/lodash/-/lodash-4.17.21.tgz#679591c564c3bffaae8454cf0b3df370c3d6911c"
  integrity sha512-v2kDEe57lecTulaDIuNTPy3Ry4gLGJ6Z1O3vE1krgXZNrsQ+LFTGHVxVjcXPs17LhbZVGedAJv8XZ1tvj5FvSg==

luminous-lightbox@^2.3.2:
  version "2.4.0"
  resolved "https://registry.yarnpkg.com/luminous-lightbox/-/luminous-lightbox-2.4.0.tgz#5403eccdae8a276f0bfd002915674bffdd978930"
  integrity sha512-qu1IE2/+sTyAzUgEGffHPnBNenJ1CDDieSDy6yLgmJUsMVoTLCbTeDJuQvje4hpl+M3xZvq87TIP8hu3BsgaEQ==

media-encoder-host-broker@^7.0.94:
  version "7.0.94"
  resolved "https://registry.yarnpkg.com/media-encoder-host-broker/-/media-encoder-host-broker-7.0.94.tgz#fec0a3aca7e51575adf2b82ec3fbd367e2874eb3"
  integrity sha512-M3nBVELYCSaVIQWaClYcnAC5ygCSBnfUCbxkcEhPWg+tYgvMlPwDq7unHS6UZI7uecVwyRTN31IL/wa31x0VEg==
  dependencies:
    "@babel/runtime" "^7.23.5"
    broker-factory "^3.0.89"
    fast-unique-numbers "^8.0.12"
    media-encoder-host-worker "^9.1.16"
    tslib "^2.6.2"

media-encoder-host-worker@^9.1.16:
  version "9.1.16"
  resolved "https://registry.yarnpkg.com/media-encoder-host-worker/-/media-encoder-host-worker-9.1.16.tgz#cdadc0722ded2d38c31643c0f7b63ab4af409ea3"
  integrity sha512-L1rD1DXoSLxRhgN52cKwNzzqAIo1y+SXSFKzn+Fj5fFNldOCn4wl4BbuPN6u4HW4yHRzxa6mupTjVaKumiw7uw==
  dependencies:
    "@babel/runtime" "^7.23.5"
    extendable-media-recorder-wav-encoder-broker "^7.0.93"
    tslib "^2.6.2"
    worker-factory "^7.0.15"

media-encoder-host@^8.0.104:
  version "8.0.104"
  resolved "https://registry.yarnpkg.com/media-encoder-host/-/media-encoder-host-8.0.104.tgz#a63ac9bc1982527c44837fdb881b90afa1a84526"
  integrity sha512-DXOm4XbwCKWoCtW2B4leb9YAfC/1HxG8ysT5AOFXNPs5E9UuamDCa0zhtRNPNn2Bp3MJCiB1qo8jORhqVubJhQ==
  dependencies:
    "@babel/runtime" "^7.23.5"
    media-encoder-host-broker "^7.0.94"
    media-encoder-host-worker "^9.1.16"
    tslib "^2.6.2"

memoize-one@^6.0.0:
  version "6.0.0"
  resolved "https://registry.yarnpkg.com/memoize-one/-/memoize-one-6.0.0.tgz#b2591b871ed82948aee4727dc6abceeeac8c1045"
  integrity sha512-rkpe71W0N0c0Xz6QD0eJETuWAJGnJ9afsl1srmwPrI+yBCkge5EycXXbYRyvL29zZVUWQCY7InPRCv3GDXuZNw==

mime-match@^1.0.2:
  version "1.0.2"
  resolved "https://registry.yarnpkg.com/mime-match/-/mime-match-1.0.2.tgz#3f87c31e9af1a5fd485fb9db134428b23bbb7ba8"
  integrity sha512-VXp/ugGDVh3eCLOBCiHZMYWQaTNUHv2IJrut+yXA6+JbLPXHglHwfS/5A5L0ll+jkCY7fIzRJcH6OIunF+c6Cg==
  dependencies:
    wildcard "^1.1.0"

multi-buffer-data-view@^5.0.13:
  version "5.0.13"
  resolved "https://registry.yarnpkg.com/multi-buffer-data-view/-/multi-buffer-data-view-5.0.13.tgz#83369fbf3c172f387672c7d9505377ed43934514"
  integrity sha512-1aR8uZp6JOEq1tb1euDmCZFm0ksOe8Kub3ItBrDPBKVhlPaknUcAhanDxrSVrJiJb5c+4vsB1U6Tye8AbL9XkQ==
  dependencies:
    "@babel/runtime" "^7.23.5"
    tslib "^2.6.2"

namespace-emitter@^2.0.1:
  version "2.0.1"
  resolved "https://registry.yarnpkg.com/namespace-emitter/-/namespace-emitter-2.0.1.tgz#978d51361c61313b4e6b8cf6f3853d08dfa2b17c"
  integrity sha512-N/sMKHniSDJBjfrkbS/tpkPj4RAbvW3mr8UAzvlMHyun93XEm83IAvhWtJVHo+RHn/oO8Job5YN4b+wRjSVp5g==

nanoid@^4.0.0:
  version "4.0.2"
  resolved "https://registry.yarnpkg.com/nanoid/-/nanoid-4.0.2.tgz#140b3c5003959adbebf521c170f282c5e7f9fb9e"
  integrity sha512-7ZtY5KTCNheRGfEFxnedV5zFiORN1+Y1N6zvPTnHQd8ENUvfaDBeuJDZb2bN/oXwXxu3qkTXDzy57W5vAmDTBw==

normalize-path@^3.0.0, normalize-path@~3.0.0:
  version "3.0.0"
  resolved "https://registry.yarnpkg.com/normalize-path/-/normalize-path-3.0.0.tgz#0dcd69ff23a1c9b11fd0978316644a0388216a65"
  integrity sha512-6eZs5Ls3WtCisHWp9S2GUy8dqkpGi4BVSz3GaqiE6ezub0512ESztXUwUB6C6IKbQkY2Pnb/mD4WYojCRwcwLA==

p-queue@^7.3.4:
  version "7.4.1"
  resolved "https://registry.yarnpkg.com/p-queue/-/p-queue-7.4.1.tgz#7f86f853048beca8272abdbb7cec1ed2afc0f265"
  integrity sha512-vRpMXmIkYF2/1hLBKisKeVYJZ8S2tZ0zEAmIJgdVKP2nq0nh4qCdf8bgw+ZgKrkh71AOCaqzwbJJk1WtdcF3VA==
  dependencies:
    eventemitter3 "^5.0.1"
    p-timeout "^5.0.2"

p-retry@^6.1.0:
  version "6.2.0"
  resolved "https://registry.yarnpkg.com/p-retry/-/p-retry-6.2.0.tgz#8d6df01af298750009691ce2f9b3ad2d5968f3bd"
  integrity sha512-JA6nkq6hKyWLLasXQXUrO4z8BUZGUt/LjlJxx8Gb2+2ntodU/SS63YZ8b0LUTbQ8ZB9iwOfhEPhg4ykKnn2KsA==
  dependencies:
    "@types/retry" "0.12.2"
    is-network-error "^1.0.0"
    retry "^0.13.1"

p-timeout@^5.0.2:
  version "5.1.0"
  resolved "https://registry.yarnpkg.com/p-timeout/-/p-timeout-5.1.0.tgz#b3c691cf4415138ce2d9cfe071dba11f0fee085b"
  integrity sha512-auFDyzzzGZZZdHz3BtET9VEz0SE/uMEAx7uWfGPucfzEwwe/xH0iVeZibQmANYE/hp9T2+UUZT5m+BKyrDp3Ew==

picomatch@^2.0.4, picomatch@^2.2.1:
  version "2.3.1"
  resolved "https://registry.yarnpkg.com/picomatch/-/picomatch-2.3.1.tgz#3ba3833733646d9d3e4995946c1365a67fb07a42"
  integrity sha512-JU3teHTNjmE2VCGFzuY8EXzCDVwEqB2a8fsIvwaStHhAWJEeVd1o1QD80CU6+ZdEXXSLbSsuLwJjkCBWqRQUVA==

preact@^10.5.13:
  version "10.19.3"
  resolved "https://registry.yarnpkg.com/preact/-/preact-10.19.3.tgz#7a7107ed2598a60676c943709ea3efb8aaafa899"
  integrity sha512-nHHTeFVBTHRGxJXKkKu5hT8C/YWBkPso4/Gad6xuj5dbptt9iF9NZr9pHbPhBrnT2klheu7mHTxTZ/LjwJiEiQ==

rails-ujs@^5.2.4-1:
  version "5.2.8"
  resolved "https://registry.yarnpkg.com/rails-ujs/-/rails-ujs-5.2.8.tgz#dffc6b7d15f735f523e31be0a30b47264b282623"
  integrity sha512-qwCTG/7FgRRxQIWJ9vmLF8ucqFVM2Krk+0JWcI5OF485jymGa1Rix8kF5vNHGz/VGUvS2Dhom9PdlsdjMt9Kmg==

readdirp@~3.6.0:
  version "3.6.0"
  resolved "https://registry.yarnpkg.com/readdirp/-/readdirp-3.6.0.tgz#74a370bd857116e245b29cc97340cd431a02a6c7"
  integrity sha512-hOS089on8RduqdbhvQ5Z37A0ESjsqz6qnRcffsMU3495FuTdqSm+7bhJ29JvIOsBDEEnan5DPu9t3To9VRlMzA==
  dependencies:
    picomatch "^2.2.1"

recorder-audio-worklet-processor@^5.0.12:
  version "5.0.12"
  resolved "https://registry.yarnpkg.com/recorder-audio-worklet-processor/-/recorder-audio-worklet-processor-5.0.12.tgz#de51a672db5297dd344b81f912de14f72ccadea8"
  integrity sha512-t8PUAo8au5MaxXaofhCCGGYntYm8dJkM4uGz6IQ3VXv29eoLRPAURKUNRCG/rufdwKm21X6LyxulEsWoL+x/EQ==
  dependencies:
    "@babel/runtime" "^7.23.5"
    tslib "^2.6.2"

recorder-audio-worklet@^6.0.17:
  version "6.0.17"
  resolved "https://registry.yarnpkg.com/recorder-audio-worklet/-/recorder-audio-worklet-6.0.17.tgz#f58c17e512d959bae1984fd228ad74f92714aabd"
  integrity sha512-SlK6XYwDonSUKUE6OBj+cwZhqzY7Pz3Eiv4dAFfuR5npOHHfj/mvSadmkhk5r6KltZ6aCgXoPNtGYDH6BchXwA==
  dependencies:
    "@babel/runtime" "^7.23.5"
    broker-factory "^3.0.89"
    fast-unique-numbers "^8.0.12"
    recorder-audio-worklet-processor "^5.0.12"
    standardized-audio-context "^25.3.60"
    subscribable-things "^2.1.28"
    tslib "^2.6.2"
    worker-factory "^7.0.15"

regenerator-runtime@^0.14.0:
  version "0.14.1"
  resolved "https://registry.yarnpkg.com/regenerator-runtime/-/regenerator-runtime-0.14.1.tgz#356ade10263f685dda125100cd862c1db895327f"
  integrity sha512-dYnhHh0nJoMfnkZs6GmmhFknAGRrLznOu5nc9ML+EJxGvrx6H7teuevqVqCuPcPK//3eDrrjQhehXVx9cnkGdw==

retry@^0.13.1:
  version "0.13.1"
  resolved "https://registry.yarnpkg.com/retry/-/retry-0.13.1.tgz#185b1587acf67919d63b357349e03537b2484658"
  integrity sha512-XQBQ3I8W1Cge0Seh+6gjj03LbmRFWuoszgK9ooCpwYIrhhoO80pfq4cUkU5DkknwfOfFteRwlZ56PYOGYyFWdg==

rxjs-interop@^2.0.0:
  version "2.0.0"
  resolved "https://registry.yarnpkg.com/rxjs-interop/-/rxjs-interop-2.0.0.tgz#dca61a93789a8304f653d2e159e377cefa348ec7"
  integrity sha512-ASEq9atUw7lualXB+knvgtvwkCEvGWV2gDD/8qnASzBkzEARZck9JAyxmY8OS6Nc1pCPEgDTKNcx+YqqYfzArw==

sass@^1.60.0:
  version "1.69.7"
  resolved "https://registry.yarnpkg.com/sass/-/sass-1.69.7.tgz#6e7e1c8f51e8162faec3e9619babc7da780af3b7"
  integrity sha512-rzj2soDeZ8wtE2egyLXgOOHQvaC2iosZrkF6v3EUG+tBwEvhqUCzm0VP3k9gHF9LXbSrRhT5SksoI56Iw8NPnQ==
  dependencies:
    chokidar ">=3.0.0 <4.0.0"
    immutable "^4.0.0"
    source-map-js ">=0.6.2 <2.0.0"

sortablejs@^1.15.0:
  version "1.15.1"
  resolved "https://registry.yarnpkg.com/sortablejs/-/sortablejs-1.15.1.tgz#9a35f52cdff449fb42ea8ecf222f3468d76e0a47"
  integrity sha512-P5Cjvb0UG1ZVNiDPj/n4V+DinttXG6K8n7vM/HQf0C25K3YKQTQY6fsr/sEGsJGpQ9exmPxluHxKBc0mLKU1lQ==

"source-map-js@>=0.6.2 <2.0.0":
  version "1.0.2"
  resolved "https://registry.yarnpkg.com/source-map-js/-/source-map-js-1.0.2.tgz#adbc361d9c62df380125e7f161f71c826f1e490c"
  integrity sha512-R0XvVJ9WusLiqTCEiGCmICCMplcCkIwwR11mOSD9CR5u+IXYdiseeEuXCVAjS54zqwkLcPNnmU4OeJ6tUrWhDw==

spark-md5@^3.0.1:
  version "3.0.2"
  resolved "https://registry.yarnpkg.com/spark-md5/-/spark-md5-3.0.2.tgz#7952c4a30784347abcee73268e473b9c0167e3fc"
  integrity sha512-wcFzz9cDfbuqe0FZzfi2or1sgyIrsDwmPwfZC4hiNidPdPINjeUwNfv5kldczoEAcjl9Y1L3SM7Uz2PUEQzxQw==

standardized-audio-context@^25.3.60:
  version "25.3.61"
  resolved "https://registry.yarnpkg.com/standardized-audio-context/-/standardized-audio-context-25.3.61.tgz#2cac9884072e3c1a39c9b734c054ec6c72f7969f"
  integrity sha512-ew5s1DOlSfU/oHtdIbRGhtPriGd2D4ttVY0uB63Ura1bQWG+c0YVFtmy2fBPLcKH5qkIbrHHlwJTikgVsJ62dg==
  dependencies:
    "@babel/runtime" "^7.23.6"
    automation-events "^6.0.13"
    tslib "^2.6.2"

subscribable-things@^2.1.28:
  version "2.1.28"
  resolved "https://registry.yarnpkg.com/subscribable-things/-/subscribable-things-2.1.28.tgz#7625ab0f050733a2c91412eba1531f85e88ac651"
  integrity sha512-uZipZJ2/EyClGZZSDsRMXBpvDvK18QCKBc42b6fT9TYNFSjwy7+GEWWkxeFY+jCpXhgfrd3CnrQ2reinhFn8yw==
  dependencies:
    "@babel/runtime" "^7.23.5"
    rxjs-interop "^2.0.0"
    tslib "^2.6.2"

to-regex-range@^5.0.1:
  version "5.0.1"
  resolved "https://registry.yarnpkg.com/to-regex-range/-/to-regex-range-5.0.1.tgz#1648c44aae7c8d988a326018ed72f5b4dd0392e4"
  integrity sha512-65P7iz6X5yEr1cwcgvQxbbIw7Uk3gOy5dIdtZ4rDveLqhrdJP+Li/Hx6tyK0NEb+2GCyneCMJiGqrADCSNk8sQ==
  dependencies:
    is-number "^7.0.0"

tslib@^2.6.2:
  version "2.6.2"
  resolved "https://registry.yarnpkg.com/tslib/-/tslib-2.6.2.tgz#703ac29425e7b37cd6fd456e92404d46d1f3e4ae"
  integrity sha512-AEYxH93jGFPn/a2iVAwW87VuUIkR1FVUKB77NwMF7nBTDkDrrT/Hpt/IrCJ0QXhW27jTBDcf5ZY7w6RiqTMw2Q==

turbolinks@^5.2.0:
  version "5.2.0"
  resolved "https://registry.yarnpkg.com/turbolinks/-/turbolinks-5.2.0.tgz#e6877a55ea5c1cb3bb225f0a4ae303d6d32ff77c"
  integrity sha512-pMiez3tyBo6uRHFNNZoYMmrES/IaGgMhQQM+VFF36keryjb5ms0XkVpmKHkfW/4Vy96qiGW3K9bz0tF5sK9bBw==

wildcard@^1.1.0:
  version "1.1.2"
  resolved "https://registry.yarnpkg.com/wildcard/-/wildcard-1.1.2.tgz#a7020453084d8cd2efe70ba9d3696263de1710a5"
  integrity sha512-DXukZJxpHA8LuotRwL0pP1+rS6CS7FF2qStDDE1C7DDg2rLud2PXRMuEDYIPhgEezwnlHNL4c+N6MfMTjCGTng==

worker-factory@^7.0.15:
  version "7.0.16"
  resolved "https://registry.yarnpkg.com/worker-factory/-/worker-factory-7.0.16.tgz#45e8c4e299f348bf596eb92bed4bb9fd80080c30"
  integrity sha512-AjDMwO9SwgQhKNgDdL88RidnqP5Sjs3+MH5yu/Es/IuQLlxr3Gcz/fQRqBc85sBijYcsjs2FQD07Vy2vySQUgg==
  dependencies:
    "@babel/runtime" "^7.23.6"
    compilerr "^11.0.13"
    fast-unique-numbers "^8.0.12"
    tslib "^2.6.2"
