# THIS IS AN AUTOGENERATED FILE. DO NOT EDIT THIS FILE DIRECTLY.
# yarn lockfile v1


"@babel/runtime@^7.21.0":
  version "7.21.0"
  resolved "https://registry.yarnpkg.com/@babel/runtime/-/runtime-7.21.0.tgz#5b55c9d394e5fcf304909a8b00c07dc217b56673"
  integrity sha512-xwII0//EObnq89Ji5AKYQaRYiW/nZ3llSv29d49IuxPhKbtJoLP+9QUUZ4nVragQVtaVGeZrpB+ZtG/Pdy/POw==
  dependencies:
    regenerator-runtime "^0.13.11"

"@esbuild/android-arm64@0.17.14":
  version "0.17.14"
  resolved "https://registry.yarnpkg.com/@esbuild/android-arm64/-/android-arm64-0.17.14.tgz#4624cea3c8941c91f9e9c1228f550d23f1cef037"
  integrity sha512-eLOpPO1RvtsP71afiFTvS7tVFShJBCT0txiv/xjFBo5a7R7Gjw7X0IgIaFoLKhqXYAXhahoXm7qAmRXhY4guJg==

"@esbuild/android-arm@0.17.14":
  version "0.17.14"
  resolved "https://registry.yarnpkg.com/@esbuild/android-arm/-/android-arm-0.17.14.tgz#74fae60fcab34c3f0e15cb56473a6091ba2b53a6"
  integrity sha512-0CnlwnjDU8cks0yJLXfkaU/uoLyRf9VZJs4p1PskBr2AlAHeEsFEwJEo0of/Z3g+ilw5mpyDwThlxzNEIxOE4g==

"@esbuild/android-x64@0.17.14":
  version "0.17.14"
  resolved "https://registry.yarnpkg.com/@esbuild/android-x64/-/android-x64-0.17.14.tgz#f002fbc08d5e939d8314bd23bcfb1e95d029491f"
  integrity sha512-nrfQYWBfLGfSGLvRVlt6xi63B5IbfHm3tZCdu/82zuFPQ7zez4XjmRtF/wIRYbJQ/DsZrxJdEvYFE67avYXyng==

"@esbuild/darwin-arm64@0.17.14":
  version "0.17.14"
  resolved "https://registry.yarnpkg.com/@esbuild/darwin-arm64/-/darwin-arm64-0.17.14.tgz#b8dcd79a1dd19564950b4ca51d62999011e2e168"
  integrity sha512-eoSjEuDsU1ROwgBH/c+fZzuSyJUVXQTOIN9xuLs9dE/9HbV/A5IqdXHU1p2OfIMwBwOYJ9SFVGGldxeRCUJFyw==

"@esbuild/darwin-x64@0.17.14":
  version "0.17.14"
  resolved "https://registry.yarnpkg.com/@esbuild/darwin-x64/-/darwin-x64-0.17.14.tgz#4b49f195d9473625efc3c773fc757018f2c0d979"
  integrity sha512-zN0U8RWfrDttdFNkHqFYZtOH8hdi22z0pFm0aIJPsNC4QQZv7je8DWCX5iA4Zx6tRhS0CCc0XC2m7wKsbWEo5g==

"@esbuild/freebsd-arm64@0.17.14":
  version "0.17.14"
  resolved "https://registry.yarnpkg.com/@esbuild/freebsd-arm64/-/freebsd-arm64-0.17.14.tgz#480923fd38f644c6342c55e916cc7c231a85eeb7"
  integrity sha512-z0VcD4ibeZWVQCW1O7szaLxGsx54gcCnajEJMdYoYjLiq4g1jrP2lMq6pk71dbS5+7op/L2Aod+erw+EUr28/A==

"@esbuild/freebsd-x64@0.17.14":
  version "0.17.14"
  resolved "https://registry.yarnpkg.com/@esbuild/freebsd-x64/-/freebsd-x64-0.17.14.tgz#a6b6b01954ad8562461cb8a5e40e8a860af69cbe"
  integrity sha512-hd9mPcxfTgJlolrPlcXkQk9BMwNBvNBsVaUe5eNUqXut6weDQH8whcNaKNF2RO8NbpT6GY8rHOK2A9y++s+ehw==

"@esbuild/linux-arm64@0.17.14":
  version "0.17.14"
  resolved "https://registry.yarnpkg.com/@esbuild/linux-arm64/-/linux-arm64-0.17.14.tgz#1fe2f39f78183b59f75a4ad9c48d079916d92418"
  integrity sha512-FhAMNYOq3Iblcj9i+K0l1Fp/MHt+zBeRu/Qkf0LtrcFu3T45jcwB6A1iMsemQ42vR3GBhjNZJZTaCe3VFPbn9g==

"@esbuild/linux-arm@0.17.14":
  version "0.17.14"
  resolved "https://registry.yarnpkg.com/@esbuild/linux-arm/-/linux-arm-0.17.14.tgz#18d594a49b64e4a3a05022c005cb384a58056a2a"
  integrity sha512-BNTl+wSJ1omsH8s3TkQmIIIQHwvwJrU9u1ggb9XU2KTVM4TmthRIVyxSp2qxROJHhZuW/r8fht46/QE8hU8Qvg==

"@esbuild/linux-ia32@0.17.14":
  version "0.17.14"
  resolved "https://registry.yarnpkg.com/@esbuild/linux-ia32/-/linux-ia32-0.17.14.tgz#f7f0182a9cfc0159e0922ed66c805c9c6ef1b654"
  integrity sha512-91OK/lQ5y2v7AsmnFT+0EyxdPTNhov3y2CWMdizyMfxSxRqHazXdzgBKtlmkU2KYIc+9ZK3Vwp2KyXogEATYxQ==

"@esbuild/linux-loong64@0.17.14":
  version "0.17.14"
  resolved "https://registry.yarnpkg.com/@esbuild/linux-loong64/-/linux-loong64-0.17.14.tgz#5f5305fdffe2d71dd9a97aa77d0c99c99409066f"
  integrity sha512-vp15H+5NR6hubNgMluqqKza85HcGJgq7t6rMH7O3Y6ApiOWPkvW2AJfNojUQimfTp6OUrACUXfR4hmpcENXoMQ==

"@esbuild/linux-mips64el@0.17.14":
  version "0.17.14"
  resolved "https://registry.yarnpkg.com/@esbuild/linux-mips64el/-/linux-mips64el-0.17.14.tgz#a602e85c51b2f71d2aedfe7f4143b2f92f97f3f5"
  integrity sha512-90TOdFV7N+fgi6c2+GO9ochEkmm9kBAKnuD5e08GQMgMINOdOFHuYLPQ91RYVrnWwQ5683sJKuLi9l4SsbJ7Hg==

"@esbuild/linux-ppc64@0.17.14":
  version "0.17.14"
  resolved "https://registry.yarnpkg.com/@esbuild/linux-ppc64/-/linux-ppc64-0.17.14.tgz#32d918d782105cbd9345dbfba14ee018b9c7afdf"
  integrity sha512-NnBGeoqKkTugpBOBZZoktQQ1Yqb7aHKmHxsw43NddPB2YWLAlpb7THZIzsRsTr0Xw3nqiPxbA1H31ZMOG+VVPQ==

"@esbuild/linux-riscv64@0.17.14":
  version "0.17.14"
  resolved "https://registry.yarnpkg.com/@esbuild/linux-riscv64/-/linux-riscv64-0.17.14.tgz#38612e7b6c037dff7022c33f49ca17f85c5dec58"
  integrity sha512-0qdlKScLXA8MGVy21JUKvMzCYWovctuP8KKqhtE5A6IVPq4onxXhSuhwDd2g5sRCzNDlDjitc5sX31BzDoL5Fw==

"@esbuild/linux-s390x@0.17.14":
  version "0.17.14"
  resolved "https://registry.yarnpkg.com/@esbuild/linux-s390x/-/linux-s390x-0.17.14.tgz#4397dff354f899e72fd035d72af59a700c465ccb"
  integrity sha512-Hdm2Jo1yaaOro4v3+6/zJk6ygCqIZuSDJHdHaf8nVH/tfOuoEX5Riv03Ka15LmQBYJObUTNS1UdyoMk0WUn9Ww==

"@esbuild/linux-x64@0.17.14":
  version "0.17.14"
  resolved "https://registry.yarnpkg.com/@esbuild/linux-x64/-/linux-x64-0.17.14.tgz#6c5cb99891b6c3e0c08369da3ef465e8038ad9c2"
  integrity sha512-8KHF17OstlK4DuzeF/KmSgzrTWQrkWj5boluiiq7kvJCiQVzUrmSkaBvcLB2UgHpKENO2i6BthPkmUhNDaJsVw==

"@esbuild/netbsd-x64@0.17.14":
  version "0.17.14"
  resolved "https://registry.yarnpkg.com/@esbuild/netbsd-x64/-/netbsd-x64-0.17.14.tgz#5fa5255a64e9bf3947c1b3bef5e458b50b211994"
  integrity sha512-nVwpqvb3yyXztxIT2+VsxJhB5GCgzPdk1n0HHSnchRAcxqKO6ghXwHhJnr0j/B+5FSyEqSxF4q03rbA2fKXtUQ==

"@esbuild/openbsd-x64@0.17.14":
  version "0.17.14"
  resolved "https://registry.yarnpkg.com/@esbuild/openbsd-x64/-/openbsd-x64-0.17.14.tgz#74d14c79dcb6faf446878cc64284aa4e02f5ca6f"
  integrity sha512-1RZ7uQQ9zcy/GSAJL1xPdN7NDdOOtNEGiJalg/MOzeakZeTrgH/DoCkbq7TaPDiPhWqnDF+4bnydxRqQD7il6g==

"@esbuild/sunos-x64@0.17.14":
  version "0.17.14"
  resolved "https://registry.yarnpkg.com/@esbuild/sunos-x64/-/sunos-x64-0.17.14.tgz#5c7d1c7203781d86c2a9b2ff77bd2f8036d24cfa"
  integrity sha512-nqMjDsFwv7vp7msrwWRysnM38Sd44PKmW8EzV01YzDBTcTWUpczQg6mGao9VLicXSgW/iookNK6AxeogNVNDZA==

"@esbuild/win32-arm64@0.17.14":
  version "0.17.14"
  resolved "https://registry.yarnpkg.com/@esbuild/win32-arm64/-/win32-arm64-0.17.14.tgz#dc36ed84f1390e73b6019ccf0566c80045e5ca3d"
  integrity sha512-xrD0mccTKRBBIotrITV7WVQAwNJ5+1va6L0H9zN92v2yEdjfAN7864cUaZwJS7JPEs53bDTzKFbfqVlG2HhyKQ==

"@esbuild/win32-ia32@0.17.14":
  version "0.17.14"
  resolved "https://registry.yarnpkg.com/@esbuild/win32-ia32/-/win32-ia32-0.17.14.tgz#0802a107afa9193c13e35de15a94fe347c588767"
  integrity sha512-nXpkz9bbJrLLyUTYtRotSS3t5b+FOuljg8LgLdINWFs3FfqZMtbnBCZFUmBzQPyxqU87F8Av+3Nco/M3hEcu1w==

"@esbuild/win32-x64@0.17.14":
  version "0.17.14"
  resolved "https://registry.yarnpkg.com/@esbuild/win32-x64/-/win32-x64-0.17.14.tgz#e81fb49de05fed91bf74251c9ca0343f4fc77d31"
  integrity sha512-gPQmsi2DKTaEgG14hc3CHXHp62k8g6qr0Pas+I4lUxRMugGSATh/Bi8Dgusoz9IQ0IfdrvLpco6kujEIBoaogA==

"@hotwired/stimulus@^3.1.0":
  version "3.2.1"
  resolved "https://registry.yarnpkg.com/@hotwired/stimulus/-/stimulus-3.2.1.tgz#e3de23623b0c52c247aba4cd5d530d257008676b"
  integrity sha512-HGlzDcf9vv/EQrMJ5ZG6VWNs8Z/xMN+1o2OhV1gKiSG6CqZt5MCBB1gRg5ILiN3U0jEAxuDTNPRfBcnZBDmupQ==

"@kollegorna/cocoon-vanilla-js@^1.0.7":
  version "1.0.7"
  resolved "https://registry.yarnpkg.com/@kollegorna/cocoon-vanilla-js/-/cocoon-vanilla-js-1.0.7.tgz#af897b69227f3ff1bd96a6618b86d4a983c94da4"
  integrity sha512-ceu4Mtx7R6Lw7rUdDiODEcMBJCWxog+pO4OEEQKRRERrBqQeGM5zb6qSM5Z5/DJJooqmpY9ANyxt7XbfJMDVWQ==

"@mdi/font@^7.0.96":
  version "7.2.96"
  resolved "https://registry.yarnpkg.com/@mdi/font/-/font-7.2.96.tgz#af800d9fe3b424f85ad45e9baa755bd003ab4986"
  integrity sha512-e//lmkmpFUMZKhmCY9zdjRe4zNXfbOIJnn6xveHbaV2kSw5aJ5dLXUxcRt1Gxfi7ZYpFLUWlkG2MGSFAiqAu7w==

"@rails/activestorage@^7.0.2":
  version "7.0.4"
  resolved "https://registry.yarnpkg.com/@rails/activestorage/-/activestorage-7.0.4.tgz#56bc3052f60e8867b40a87ed5ff3c0afe536643e"
  integrity sha512-K2fV9C0z88fapu58nt9uHzMylsmJWUFuaIFvuZQEf1WTiPMsgTsj1bf8+cD81zXfTXYMZDQNRq4164JmuBKD3A==
  dependencies:
    spark-md5 "^3.0.1"

"@rails/ujs@^7.0.2":
  version "7.0.4"
  resolved "https://registry.yarnpkg.com/@rails/ujs/-/ujs-7.0.4.tgz#7fe5387d2d82b0547fdfc6667b424ec119c86b1e"
  integrity sha512-UY9yQxBvtqXzXScslgPwZoQd16T0+z3P6BQS4lZDJFg5xVuMIgHkHQI6dhyWEt5l/qwbGaYX+YiZu6J+oxWPOw==

"@transloadit/prettier-bytes@0.0.7":
  version "0.0.7"
  resolved "https://registry.yarnpkg.com/@transloadit/prettier-bytes/-/prettier-bytes-0.0.7.tgz#cdb5399f445fdd606ed833872fa0cabdbc51686b"
  integrity sha512-VeJbUb0wEKbcwaSlj5n+LscBl9IPgLPkHVGBkh00cztv6X4L/TJXK58LzFuBKX7/GAfiGhIwH67YTLTlzvIzBA==

"@transloadit/prettier-bytes@0.0.9":
  version "0.0.9"
  resolved "https://registry.yarnpkg.com/@transloadit/prettier-bytes/-/prettier-bytes-0.0.9.tgz#8d3146f75fd9d3c544cb63ec7dbdeb6670d3e2d7"
  integrity sha512-pCvdmea/F3Tn4hAtHqNXmjcixSaroJJ+L3STXlYJdir1g1m2mRQpWbN8a4SvgQtaw2930Ckhdx8qXdXBFMKbAA==

"@uppy/companion-client@^3.1.1":
  version "3.1.1"
  resolved "https://registry.yarnpkg.com/@uppy/companion-client/-/companion-client-3.1.1.tgz#8c9974f70b899a40771da9a90113941356f9842e"
  integrity sha512-S1M37vjWu8gdOgdI3Hh/1fVZ9GaLdyPQjVyUujZDTsr79b4VG7v/zjdqJ0FiOTjfGbpnj8s9kr1uyYi0Zf5VFw==
  dependencies:
    "@uppy/utils" "^5.1.1"
    namespace-emitter "^2.0.1"

"@uppy/core@^3.0.0":
  version "3.1.1"
  resolved "https://registry.yarnpkg.com/@uppy/core/-/core-3.1.1.tgz#45958c28308903c7174a1aade726f1e73bd61b20"
  integrity sha512-cVH2R+snO4zexw5P1jujY+am4gndI/deWRxrvJ8RKGz6P5g/c89buIEX+5I2aYRT9yPjqstLe7Oob61yspVMpQ==
  dependencies:
    "@transloadit/prettier-bytes" "0.0.9"
    "@uppy/store-default" "^3.0.2"
    "@uppy/utils" "^5.1.3"
    lodash.throttle "^4.1.1"
    mime-match "^1.0.2"
    namespace-emitter "^2.0.1"
    nanoid "^4.0.0"
    preact "^10.5.13"

"@uppy/dashboard@^3.0.0":
  version "3.3.1"
  resolved "https://registry.yarnpkg.com/@uppy/dashboard/-/dashboard-3.3.1.tgz#fa815120f4a8b8a088b59a32ed74359ed8817140"
  integrity sha512-KzOElKUbZajwp+OVXM3/4bSAJq59o1yWNOlzDEvA4Uu/DMDQbd+jmorjyE8zuJwWyhEAWnuIoMrz+ng0FKvCnA==
  dependencies:
    "@transloadit/prettier-bytes" "0.0.7"
    "@uppy/informer" "^3.0.1"
    "@uppy/provider-views" "^3.1.0"
    "@uppy/status-bar" "^3.0.1"
    "@uppy/thumbnail-generator" "^3.0.2"
    "@uppy/utils" "^5.1.3"
    classnames "^2.2.6"
    is-shallow-equal "^1.0.1"
    lodash.debounce "^4.0.8"
    memoize-one "^6.0.0"
    nanoid "^4.0.0"
    preact "^10.5.13"

"@uppy/image-editor@^2.0.0":
  version "2.1.1"
  resolved "https://registry.yarnpkg.com/@uppy/image-editor/-/image-editor-2.1.1.tgz#033253ca44b9e17b087db9d0ec68f12a02dd1766"
  integrity sha512-cw0pHBjLNfsXpXt7KvqpGBaIEFXA+Hc1V6nvZ1DP+Ic2P0Kzz7PywOBLQtmd7e1XSLvZl1dCkd1gc9WjqgspSA==
  dependencies:
    "@uppy/utils" "^5.1.3"
    cropperjs "1.5.7"
    preact "^10.5.13"

"@uppy/informer@^3.0.1":
  version "3.0.1"
  resolved "https://registry.yarnpkg.com/@uppy/informer/-/informer-3.0.1.tgz#03a6793a830fddfe86f15b16dabcc8c4f918900c"
  integrity sha512-Mip+l2CYsTVYa0fSwD0okHRS5/UhAqCfQO2CRwwR5/vC6DpR1VAALDqx6RpssOaFiOACAx12VCcZiP5J8+2BJw==
  dependencies:
    "@uppy/utils" "^5.0.2"
    preact "^10.5.13"

"@uppy/provider-views@^3.1.0":
  version "3.1.0"
  resolved "https://registry.yarnpkg.com/@uppy/provider-views/-/provider-views-3.1.0.tgz#9056586ac8af69a3d8e8c858db8a1c326238f2e3"
  integrity sha512-98XoOP+MECgBR3Dj17D/5JH51DeGtyqcVvrsHZIzjPg7bgpI+tOHUzXEYLAMC0conDlzOVI8V1d5a9tr1V7MMA==
  dependencies:
    "@uppy/utils" "^5.1.3"
    classnames "^2.2.6"
    preact "^10.5.13"

"@uppy/status-bar@^3.0.1":
  version "3.0.1"
  resolved "https://registry.yarnpkg.com/@uppy/status-bar/-/status-bar-3.0.1.tgz#b0751715821770b3ddb7b03eab2fdf35d841bfe5"
  integrity sha512-QQqIjiHBsNjZFR6xEc5SAT5UYbKnRcgNWwyLmJR0BYVINfx/aeIueXIm0jkBuJ4XFkebH7nDjKGW89JE9WKkgg==
  dependencies:
    "@transloadit/prettier-bytes" "0.0.9"
    "@uppy/utils" "^5.0.2"
    classnames "^2.2.6"
    lodash.throttle "^4.1.1"
    preact "^10.5.13"

"@uppy/store-default@^3.0.2":
  version "3.0.2"
  resolved "https://registry.yarnpkg.com/@uppy/store-default/-/store-default-3.0.2.tgz#870724c45a2f671d625123cb4a412e3bfae935d9"
  integrity sha512-kIQMCjXui6tjF1E9xGo4YHkvt71McXkU0FStrcQuBrRXuOhb+NcuWh3sMh3KryivVNgT6w5Odrlw2FUFkl9cqA==

"@uppy/thumbnail-generator@^3.0.2":
  version "3.0.2"
  resolved "https://registry.yarnpkg.com/@uppy/thumbnail-generator/-/thumbnail-generator-3.0.2.tgz#2b3e536138625ff691d0283c8a84fddc233a3c4c"
  integrity sha512-3qE1giGu1O9BkO8MCYYV78X9p95l5Ptv7JUDpqKlIMN/NGBHblMFCn5mjmt4soyQFUGgnZ7+bxq0DtjXPpWJYA==
  dependencies:
    "@uppy/utils" "^5.0.2"
    exifr "^7.0.0"

"@uppy/utils@^5.0.2", "@uppy/utils@^5.1.1", "@uppy/utils@^5.1.2", "@uppy/utils@^5.1.3":
  version "5.1.3"
  resolved "https://registry.yarnpkg.com/@uppy/utils/-/utils-5.1.3.tgz#259bc461aa5d8248cda9c7a4d031444010021df9"
  integrity sha512-ws6eh5JClNe91AYVRMBy7RJzMlhdvQpVtLKJoyIAoJDEf0m4cvdqDJethB3KTq4WtBQkLpMD4I6mvR4eN3talA==
  dependencies:
    lodash.throttle "^4.1.1"

"@uppy/webcam@^3.0.0":
  version "3.3.0"
  resolved "https://registry.yarnpkg.com/@uppy/webcam/-/webcam-3.3.0.tgz#74c127940112dc303d4f0c71be4b839461f70c82"
  integrity sha512-lRU53WcqgO5Rikw31Ua8jVJgi1eYpI6HGHF+egLHFFjxJS4cV3XqeSXlVhKOzfWweDVjfDQBIMiOU1WMcMUzPQ==
  dependencies:
    "@uppy/utils" "^5.1.3"
    is-mobile "^3.1.1"
    preact "^10.5.13"

"@uppy/xhr-upload@^3.0.0":
  version "3.1.0"
  resolved "https://registry.yarnpkg.com/@uppy/xhr-upload/-/xhr-upload-3.1.0.tgz#a6a2d11329ac8a8745ff15535c156082ebc41e3a"
  integrity sha512-v0OsrB74w9RcFU8VMFElxMuGaSFHBuAlkbK30zHEY2YEKUsCfkWMdUbpaWNc1KWERH66Fv57IsA3AbK2HTjWdw==
  dependencies:
    "@uppy/companion-client" "^3.1.1"
    "@uppy/utils" "^5.1.2"
    nanoid "^4.0.0"

animate.css@^4.1.0:
  version "4.1.1"
  resolved "https://registry.yarnpkg.com/animate.css/-/animate.css-4.1.1.tgz#614ec5a81131d7e4dc362a58143f7406abd68075"
  integrity sha512-+mRmCTv6SbCmtYJCN4faJMNFVNN5EuCTTprDTAo7YzIGji2KADmakjVA3+8mVDkZ2Bf09vayB35lSQIex2+QaQ==

anymatch@~3.1.2:
  version "3.1.3"
  resolved "https://registry.yarnpkg.com/anymatch/-/anymatch-3.1.3.tgz#790c58b19ba1720a84205b57c618d5ad8524973e"
  integrity sha512-KMReFUr0B4t+D+OBkjR3KYqvocp2XaSzO55UcB6mgQMd3KbcE+mWTyvVV7D/zsdEbNnV6acZUutkiHQXvTr1Rw==
  dependencies:
    normalize-path "^3.0.0"
    picomatch "^2.0.4"

automation-events@^5.0.2:
  version "5.0.2"
  resolved "https://registry.yarnpkg.com/automation-events/-/automation-events-5.0.2.tgz#c792ce2b1e43481019153f37dcb0d18c68642425"
  integrity sha512-8mfgjeI22tlKeaGY8y0bDt93IIUJhQKR/ISTsnhhFkpAzCirPdQ/Rmfp3xakCTmIihLgDuIWcWygHWozYKVGyQ==
  dependencies:
    "@babel/runtime" "^7.21.0"
    tslib "^2.5.0"

binary-extensions@^2.0.0:
  version "2.2.0"
  resolved "https://registry.yarnpkg.com/binary-extensions/-/binary-extensions-2.2.0.tgz#75f502eeaf9ffde42fc98829645be4ea76bd9e2d"
  integrity sha512-jDctJ/IVQbZoJykoeHbhXpOlNBqGNcwXJKJog42E5HDPUwQTSdjCHdihjj0DlnheQ7blbT6dHOafNAiS8ooQKA==

braces@~3.0.2:
  version "3.0.2"
  resolved "https://registry.yarnpkg.com/braces/-/braces-3.0.2.tgz#3454e1a462ee8d599e236df336cd9ea4f8afe107"
  integrity sha512-b8um+L1RzM3WDSzvhm6gIz1yfTbBt6YTlcEKAvsmqCZZFw46z626lVj9j1yEPW33H5H+lBQpZMP1k8l+78Ha0A==
  dependencies:
    fill-range "^7.0.1"

broker-factory@^3.0.75:
  version "3.0.75"
  resolved "https://registry.yarnpkg.com/broker-factory/-/broker-factory-3.0.75.tgz#0170602bcfe8965368b08231c75dc8c093572eed"
  integrity sha512-VMC2GBMaoKXdVPC0yH/Z1NbDieYRuKlGPT6PbrrReDwvHSZH2Cl5dJVO3tPTkA9Q+xXOmnRYgcjNktZD/Oz21w==
  dependencies:
    "@babel/runtime" "^7.21.0"
    fast-unique-numbers "^7.0.2"
    tslib "^2.5.0"
    worker-factory "^6.0.76"

"bulma-o-steps@https://github.com/pedantic-git/bulma-o-steps.git#08d4a4a":
  version "1.1.0"
  resolved "https://github.com/pedantic-git/bulma-o-steps.git#08d4a4ab98c7440422147f151997c9d3007269f6"
  dependencies:
    bulma "^0.8.2"

bulma@^0.8.2:
  version "0.8.2"
  resolved "https://registry.yarnpkg.com/bulma/-/bulma-0.8.2.tgz#5d928f16ed4a84549c2873f95c92c38c69c631a7"
  integrity sha512-vMM/ijYSxX+Sm+nD7Lmc1UgWDy2JcL2nTKqwgEqXuOMU+IGALbXd5MLt/BcjBAPLIx36TtzhzBcSnOP974gcqA==

bulma@^0.9.0:
  version "0.9.4"
  resolved "https://registry.yarnpkg.com/bulma/-/bulma-0.9.4.tgz#0ca8aeb1847a34264768dba26a064c8be72674a1"
  integrity sha512-86FlT5+1GrsgKbPLRRY7cGDg8fsJiP/jzTqXXVqiUZZ2aZT8uemEOHlU1CDU+TxklPEZ11HZNNWclRBBecP4CQ==

"chokidar@>=3.0.0 <4.0.0":
  version "3.5.3"
  resolved "https://registry.yarnpkg.com/chokidar/-/chokidar-3.5.3.tgz#1cf37c8707b932bd1af1ae22c0432e2acd1903bd"
  integrity sha512-Dr3sfKRP6oTcjf2JmUmFJfeVMvXBdegxB0iVQ5eb2V10uFJUCAS8OByZdVAyVb8xXNz3GjjTgj9kLWsZTqE6kw==
  dependencies:
    anymatch "~3.1.2"
    braces "~3.0.2"
    glob-parent "~5.1.2"
    is-binary-path "~2.1.0"
    is-glob "~4.0.1"
    normalize-path "~3.0.0"
    readdirp "~3.6.0"
  optionalDependencies:
    fsevents "~2.3.2"

classnames@^2.2.6:
  version "2.3.2"
  resolved "https://registry.yarnpkg.com/classnames/-/classnames-2.3.2.tgz#351d813bf0137fcc6a76a16b88208d2560a0d924"
  integrity sha512-CSbhY4cFEJRe6/GQzIk5qXZ4Jeg5pcsP7b5peFSDpffpe1cqjASH/n9UTjBwOp6XpMSTwQ8Za2K5V02ueA7Tmw==

compilerr@^10.0.2:
  version "10.0.2"
  resolved "https://registry.yarnpkg.com/compilerr/-/compilerr-10.0.2.tgz#d6ecff912304634ebef232f0d660a724187b5f03"
  integrity sha512-CFwUXxJ9OuWsSvnLSbefxi+GLsZ0YnuJh40ry5QdmZ1FWK59OG+QB8XSj6t7Kq+/c5DSS7en+cML6GlzHKH58A==
  dependencies:
    "@babel/runtime" "^7.21.0"
    dashify "^2.0.0"
    indefinite-article "0.0.2"
    tslib "^2.5.0"

cropperjs@1.5.7:
  version "1.5.7"
  resolved "https://registry.yarnpkg.com/cropperjs/-/cropperjs-1.5.7.tgz#b65019725bae1c6285e881fb661b2141fa57025b"
  integrity sha512-sGj+G/ofKh+f6A4BtXLJwtcKJgMUsXYVUubfTo9grERiDGXncttefmue/fyQFvn8wfdyoD1KhDRYLfjkJFl0yw==

dashify@^2.0.0:
  version "2.0.0"
  resolved "https://registry.yarnpkg.com/dashify/-/dashify-2.0.0.tgz#fff270ca2868ca427fee571de35691d6e437a648"
  integrity sha512-hpA5C/YrPjucXypHPPc0oJ1l9Hf6wWbiOL7Ik42cxnsUOhWiCB/fylKbKqqJalW9FgkNQCw16YO8uW9Hs0Iy1A==

esbuild@^0.17.14:
  version "0.17.14"
  resolved "https://registry.yarnpkg.com/esbuild/-/esbuild-0.17.14.tgz#d61a22de751a3133f3c6c7f9c1c3e231e91a3245"
  integrity sha512-vOO5XhmVj/1XQR9NQ1UPq6qvMYL7QFJU57J5fKBKBKxp17uDt5PgxFDb4A2nEiXhr1qQs4x0F5+66hVVw4ruNw==
  optionalDependencies:
    "@esbuild/android-arm" "0.17.14"
    "@esbuild/android-arm64" "0.17.14"
    "@esbuild/android-x64" "0.17.14"
    "@esbuild/darwin-arm64" "0.17.14"
    "@esbuild/darwin-x64" "0.17.14"
    "@esbuild/freebsd-arm64" "0.17.14"
    "@esbuild/freebsd-x64" "0.17.14"
    "@esbuild/linux-arm" "0.17.14"
    "@esbuild/linux-arm64" "0.17.14"
    "@esbuild/linux-ia32" "0.17.14"
    "@esbuild/linux-loong64" "0.17.14"
    "@esbuild/linux-mips64el" "0.17.14"
    "@esbuild/linux-ppc64" "0.17.14"
    "@esbuild/linux-riscv64" "0.17.14"
    "@esbuild/linux-s390x" "0.17.14"
    "@esbuild/linux-x64" "0.17.14"
    "@esbuild/netbsd-x64" "0.17.14"
    "@esbuild/openbsd-x64" "0.17.14"
    "@esbuild/sunos-x64" "0.17.14"
    "@esbuild/win32-arm64" "0.17.14"
    "@esbuild/win32-ia32" "0.17.14"
    "@esbuild/win32-x64" "0.17.14"

exifr@^7.0.0:
  version "7.1.3"
  resolved "https://registry.yarnpkg.com/exifr/-/exifr-7.1.3.tgz#f6218012c36dbb7d843222011b27f065fddbab6f"
  integrity sha512-g/aje2noHivrRSLbAUtBPWFbxKdKhgj/xr1vATDdUXPOFYJlQ62Ft0oy+72V6XLIpDJfHs6gXLbBLAolqOXYRw==

extendable-media-recorder-wav-encoder-broker@^7.0.77:
  version "7.0.77"
  resolved "https://registry.yarnpkg.com/extendable-media-recorder-wav-encoder-broker/-/extendable-media-recorder-wav-encoder-broker-7.0.77.tgz#a71af2362a5d861d4a52212b0fca57b8082ac59a"
  integrity sha512-HNUcsUMtKw8hUx1pHM/78+joa3L7FpCh+R3jX9RRuSrHMUw/ldq29wi/evBs4lMoasyMZLHD3yI1Phz0hYH7pg==
  dependencies:
    "@babel/runtime" "^7.21.0"
    broker-factory "^3.0.75"
    extendable-media-recorder-wav-encoder-worker "^8.0.76"
    tslib "^2.5.0"

extendable-media-recorder-wav-encoder-worker@^8.0.76:
  version "8.0.76"
  resolved "https://registry.yarnpkg.com/extendable-media-recorder-wav-encoder-worker/-/extendable-media-recorder-wav-encoder-worker-8.0.76.tgz#645a997eb0dea0c7841930dc4ec5641c41648548"
  integrity sha512-m/pafu/XodKM05r3wkdY6D+gvprD6VCe1rLKnmF/Ooj4VGQ3DglsOhxWmEXRHVtzFWHIxIpjq6Z14VYaj1sXUg==
  dependencies:
    "@babel/runtime" "^7.21.0"
    tslib "^2.5.0"
    worker-factory "^6.0.76"

extendable-media-recorder-wav-encoder@^7.0.81:
  version "7.0.85"
  resolved "https://registry.yarnpkg.com/extendable-media-recorder-wav-encoder/-/extendable-media-recorder-wav-encoder-7.0.85.tgz#2c0cd70a4ad88e5ac34fd2eb379560290da87cb1"
  integrity sha512-M96Y6twJ/OBordRltfyf8Kl2P2C0e176ogVTpGYquHApEyRnGpnm6LMmNqiRkQC8me0WOOhKLVvKCGmEF3lmvQ==
  dependencies:
    "@babel/runtime" "^7.21.0"
    extendable-media-recorder-wav-encoder-broker "^7.0.77"
    extendable-media-recorder-wav-encoder-worker "^8.0.76"
    tslib "^2.5.0"

extendable-media-recorder@^7.1.1:
  version "7.1.9"
  resolved "https://registry.yarnpkg.com/extendable-media-recorder/-/extendable-media-recorder-7.1.9.tgz#0f99eecd17d25ca4c585ff97ac59e8d5c55c0a7a"
  integrity sha512-oT02jgpPF/YVgvQtaIz2w17QfV2kjUha65CVyP8GS7TWTZ0ofIib62KKz9IMqS9UN7S7LjJLCRskC9I7vEbsWw==
  dependencies:
    "@babel/runtime" "^7.21.0"
    media-encoder-host "^8.0.87"
    multi-buffer-data-view "^4.0.2"
    recorder-audio-worklet "^5.1.39"
    standardized-audio-context "^25.3.41"
    subscribable-things "^2.1.14"
    tslib "^2.5.0"

fast-unique-numbers@^7.0.2:
  version "7.0.2"
  resolved "https://registry.yarnpkg.com/fast-unique-numbers/-/fast-unique-numbers-7.0.2.tgz#d66d7118204461be6cb8d0802a91a3f7e40c6130"
  integrity sha512-xnqpsnu889bHbq5cbDMwCJ2BPf6kjFPMu+RHfqKvisRxeEbTOVxY5aW/ZNsZ/r8OlwatxmjdFEVQog2xAhLkvg==
  dependencies:
    "@babel/runtime" "^7.21.0"
    tslib "^2.5.0"

fill-range@^7.0.1:
  version "7.0.1"
  resolved "https://registry.yarnpkg.com/fill-range/-/fill-range-7.0.1.tgz#1919a6a7c75fe38b2c7c77e5198535da9acdda40"
  integrity sha512-qOo9F+dMUmC2Lcb4BbVvnKJxTPjCm+RRpe4gDuGrzkL7mEVl/djYSu2OdQ2Pa302N4oqkSg9ir6jaLWJ2USVpQ==
  dependencies:
    to-regex-range "^5.0.1"

fitty@^2.3.0:
  version "2.3.6"
  resolved "https://registry.yarnpkg.com/fitty/-/fitty-2.3.6.tgz#1dc2f3fbf6ffd4766b4fdd8b3d55a0cb01334ed1"
  integrity sha512-ENp/+MqqYmXBGHC0dlltCX75+5zL5m0uiIGCgYdoThao99BrJpNYzEh3xrvhiy4b7O5X82CQT7dPTiB53H6stw==

fsevents@~2.3.2:
  version "2.3.2"
  resolved "https://registry.yarnpkg.com/fsevents/-/fsevents-2.3.2.tgz#8a526f78b8fdf4623b709e0b975c52c24c02fd1a"
  integrity sha512-xiqMQR4xAeHTuB9uWm+fFRcIOgKBMiOBP+eXiyT7jsgVCq1bkVygt00oASowB7EdtpOHaaPgKt812P9ab+DDKA==

glob-parent@~5.1.2:
  version "5.1.2"
  resolved "https://registry.yarnpkg.com/glob-parent/-/glob-parent-5.1.2.tgz#869832c58034fe68a4093c17dc15e8340d8401c4"
  integrity sha512-AOIgSQCepiJYwP3ARnGx+5VnTu2HBYdzbGP45eLw1vr3zB3vZLeyed1sC9hnbcOc9/SrMyM5RPQrkGz4aS9Zow==
  dependencies:
    is-glob "^4.0.1"

immutable@^4.0.0:
  version "4.3.0"
  resolved "https://registry.yarnpkg.com/immutable/-/immutable-4.3.0.tgz#eb1738f14ffb39fd068b1dbe1296117484dd34be"
  integrity sha512-0AOCmOip+xgJwEVTQj1EfiDDOkPmuyllDuTuEX+DDXUgapLAsBIfkg3sxCYyCEA8mQqZrrxPUGjcOQ2JS3WLkg==

improved-yarn-audit@^3.0.0:
  version "3.0.0"
  resolved "https://registry.yarnpkg.com/improved-yarn-audit/-/improved-yarn-audit-3.0.0.tgz#dfb09cea1a3a92c790ea2b4056431f6fb1b99bfa"
  integrity sha512-b7CrBYYwMidtPciCBkW62C7vqGjAV10bxcAWHeJvGrltrcMSEnG5I9CQgi14nmAlUKUQiSvpz47Lo3d7Z3Vjcg==

indefinite-article@0.0.2:
  version "0.0.2"
  resolved "https://registry.yarnpkg.com/indefinite-article/-/indefinite-article-0.0.2.tgz#4bc855257066cfab61ea68beba75d100d6e2506b"
  integrity sha512-Au/2XzRkvxq2J6w5uvSSbBKPZ5kzINx5F2wb0SF8xpRL8BP9Lav81TnRbfPp6p+SYjYxwaaLn4EUwI3/MmYKSw==

is-binary-path@~2.1.0:
  version "2.1.0"
  resolved "https://registry.yarnpkg.com/is-binary-path/-/is-binary-path-2.1.0.tgz#ea1f7f3b80f064236e83470f86c09c254fb45b09"
  integrity sha512-ZMERYes6pDydyuGidse7OsHxtbI7WVeUEozgR/g7rd0xUimYNlvZRE/K2MgZTjWy725IfelLeVcEM97mmtRGXw==
  dependencies:
    binary-extensions "^2.0.0"

is-extglob@^2.1.1:
  version "2.1.1"
  resolved "https://registry.yarnpkg.com/is-extglob/-/is-extglob-2.1.1.tgz#a88c02535791f02ed37c76a1b9ea9773c833f8c2"
  integrity sha512-SbKbANkN603Vi4jEZv49LeVJMn4yGwsbzZworEoyEiutsN3nJYdbO36zfhGJ6QEDpOZIFkDtnq5JRxmvl3jsoQ==

is-glob@^4.0.1, is-glob@~4.0.1:
  version "4.0.3"
  resolved "https://registry.yarnpkg.com/is-glob/-/is-glob-4.0.3.tgz#64f61e42cbbb2eec2071a9dac0b28ba1e65d5084"
  integrity sha512-xelSayHH36ZgE7ZWhli7pW34hNbNl8Ojv5KVmkJD4hBdD3th8Tfk9vYasLM+mXWOZhFkgZfxhLSnrwRr4elSSg==
  dependencies:
    is-extglob "^2.1.1"

is-mobile@^3.1.1:
  version "3.1.1"
  resolved "https://registry.yarnpkg.com/is-mobile/-/is-mobile-3.1.1.tgz#3b9e48f40068e4ea2da411f5009779844ce8d6aa"
  integrity sha512-RRoXXR2HNFxNkUnxtaBdGBXtFlUMFa06S0NUKf/LCF+MuGLu13gi9iBCkoEmc6+rpXuwi5Mso5V8Zf7mNynMBQ==

is-number@^7.0.0:
  version "7.0.0"
  resolved "https://registry.yarnpkg.com/is-number/-/is-number-7.0.0.tgz#7535345b896734d5f80c4d06c50955527a14f12b"
  integrity sha512-41Cifkg6e8TylSpdtTpeLVMqvSBEVzTttHvERD741+pnZ8ANv0004MRL43QKPDlK9cGvNp6NZWZUBlbGXYxxng==

is-shallow-equal@^1.0.1:
  version "1.0.1"
  resolved "https://registry.yarnpkg.com/is-shallow-equal/-/is-shallow-equal-1.0.1.tgz#c410b51eb1c12ee50cd02891d32d1691a132d73c"
  integrity sha512-lq5RvK+85Hs5J3p4oA4256M1FEffzmI533ikeDHvJd42nouRRx5wBzt36JuviiGe5dIPyHON/d0/Up+PBo6XkQ==

lodash.debounce@^4.0.8:
  version "4.0.8"
  resolved "https://registry.yarnpkg.com/lodash.debounce/-/lodash.debounce-4.0.8.tgz#82d79bff30a67c4005ffd5e2515300ad9ca4d7af"
  integrity sha512-FT1yDzDYEoYWhnSGnpE/4Kj1fLZkDFyqRb7fNt6FdYOSxlUWAtp42Eh6Wb0rGIv/m9Bgo7x4GhQbm5Ys4SG5ow==

lodash.throttle@^4.1.1:
  version "4.1.1"
  resolved "https://registry.yarnpkg.com/lodash.throttle/-/lodash.throttle-4.1.1.tgz#c23e91b710242ac70c37f1e1cda9274cc39bf2f4"
  integrity sha512-wIkUCfVKpVsWo3JSZlc+8MB5it+2AN5W8J7YVMST30UrvcQNZ1Okbj+rbVniijTWE6FGYy4XJq/rHkas8qJMLQ==

luminous-lightbox@^2.3.2:
  version "2.4.0"
  resolved "https://registry.yarnpkg.com/luminous-lightbox/-/luminous-lightbox-2.4.0.tgz#5403eccdae8a276f0bfd002915674bffdd978930"
  integrity sha512-qu1IE2/+sTyAzUgEGffHPnBNenJ1CDDieSDy6yLgmJUsMVoTLCbTeDJuQvje4hpl+M3xZvq87TIP8hu3BsgaEQ==

media-encoder-host-broker@^7.0.77:
  version "7.0.77"
  resolved "https://registry.yarnpkg.com/media-encoder-host-broker/-/media-encoder-host-broker-7.0.77.tgz#2592516f40076c0e74b28621d605712d786a5c6a"
  integrity sha512-I8Zlq5nYcmFihwbPol6QXOwj+BcKk8bbODnIDIfQDRnpJXSi8Ivokpis40FfPWHxIB0Ce16LpDcedcnnF0DxOQ==
  dependencies:
    "@babel/runtime" "^7.21.0"
    broker-factory "^3.0.75"
    fast-unique-numbers "^7.0.2"
    media-encoder-host-worker "^9.0.77"
    tslib "^2.5.0"

media-encoder-host-worker@^9.0.77:
  version "9.0.77"
  resolved "https://registry.yarnpkg.com/media-encoder-host-worker/-/media-encoder-host-worker-9.0.77.tgz#913a9ed1987400c787fd681f9c98d798c7a0208d"
  integrity sha512-Y/+Plzi4wnl4+2m3ljarfuCPeNzc4LtYwy2sp4nx6cHIxjVg7pgQa1xN++eJoL71SUYGsO79EHmS7rNazE4B9w==
  dependencies:
    "@babel/runtime" "^7.21.0"
    extendable-media-recorder-wav-encoder-broker "^7.0.77"
    tslib "^2.5.0"
    worker-factory "^6.0.76"

media-encoder-host@^8.0.87:
  version "8.0.87"
  resolved "https://registry.yarnpkg.com/media-encoder-host/-/media-encoder-host-8.0.87.tgz#af0b64b97939207098e507ad09d194f42713d00c"
  integrity sha512-9KZK8LoK1V6dh/CgQsIj3N5jQmrbekpK+s9sV3/h40Pg+9QnluU+Cxvkofy66eqFqLLGqdPMF8SN7cx99hgCNg==
  dependencies:
    "@babel/runtime" "^7.21.0"
    media-encoder-host-broker "^7.0.77"
    media-encoder-host-worker "^9.0.77"
    tslib "^2.5.0"

memoize-one@^6.0.0:
  version "6.0.0"
  resolved "https://registry.yarnpkg.com/memoize-one/-/memoize-one-6.0.0.tgz#b2591b871ed82948aee4727dc6abceeeac8c1045"
  integrity sha512-rkpe71W0N0c0Xz6QD0eJETuWAJGnJ9afsl1srmwPrI+yBCkge5EycXXbYRyvL29zZVUWQCY7InPRCv3GDXuZNw==

mime-match@^1.0.2:
  version "1.0.2"
  resolved "https://registry.yarnpkg.com/mime-match/-/mime-match-1.0.2.tgz#3f87c31e9af1a5fd485fb9db134428b23bbb7ba8"
  integrity sha512-VXp/ugGDVh3eCLOBCiHZMYWQaTNUHv2IJrut+yXA6+JbLPXHglHwfS/5A5L0ll+jkCY7fIzRJcH6OIunF+c6Cg==
  dependencies:
    wildcard "^1.1.0"

multi-buffer-data-view@^4.0.2:
  version "4.0.2"
  resolved "https://registry.yarnpkg.com/multi-buffer-data-view/-/multi-buffer-data-view-4.0.2.tgz#ceedf6ea9fde7cf07d5f6bb1121ce044d907d94b"
  integrity sha512-vVpWjB7sujx3TBa4TkpSyKav1DDbvjyHwL8hyzZxROF/OKi3pRzRTVnyMZR2knjomMU3CxQQOs/MEUckUmFhUg==
  dependencies:
    "@babel/runtime" "^7.21.0"
    tslib "^2.5.0"

namespace-emitter@^2.0.1:
  version "2.0.1"
  resolved "https://registry.yarnpkg.com/namespace-emitter/-/namespace-emitter-2.0.1.tgz#978d51361c61313b4e6b8cf6f3853d08dfa2b17c"
  integrity sha512-N/sMKHniSDJBjfrkbS/tpkPj4RAbvW3mr8UAzvlMHyun93XEm83IAvhWtJVHo+RHn/oO8Job5YN4b+wRjSVp5g==

nanoid@^4.0.0:
  version "4.0.1"
  resolved "https://registry.yarnpkg.com/nanoid/-/nanoid-4.0.1.tgz#398d7ccfdbf9faf2231b2ca7e8fff5dbca6a509b"
  integrity sha512-udKGtCCUafD3nQtJg9wBhRP3KMbPglUsgV5JVsXhvyBs/oefqb4sqMEhKBBgqZncYowu58p1prsZQBYvAj/Gww==

normalize-path@^3.0.0, normalize-path@~3.0.0:
  version "3.0.0"
  resolved "https://registry.yarnpkg.com/normalize-path/-/normalize-path-3.0.0.tgz#0dcd69ff23a1c9b11fd0978316644a0388216a65"
  integrity sha512-6eZs5Ls3WtCisHWp9S2GUy8dqkpGi4BVSz3GaqiE6ezub0512ESztXUwUB6C6IKbQkY2Pnb/mD4WYojCRwcwLA==

picomatch@^2.0.4, picomatch@^2.2.1:
  version "2.3.1"
  resolved "https://registry.yarnpkg.com/picomatch/-/picomatch-2.3.1.tgz#3ba3833733646d9d3e4995946c1365a67fb07a42"
  integrity sha512-JU3teHTNjmE2VCGFzuY8EXzCDVwEqB2a8fsIvwaStHhAWJEeVd1o1QD80CU6+ZdEXXSLbSsuLwJjkCBWqRQUVA==

preact@^10.5.13:
  version "10.13.1"
  resolved "https://registry.yarnpkg.com/preact/-/preact-10.13.1.tgz#d220bd8771b8fa197680d4917f3cefc5eed88720"
  integrity sha512-KyoXVDU5OqTpG9LXlB3+y639JAGzl8JSBXLn1J9HTSB3gbKcuInga7bZnXLlxmK94ntTs1EFeZp0lrja2AuBYQ==

rails-ujs@^5.2.4-1:
  version "5.2.8"
  resolved "https://registry.yarnpkg.com/rails-ujs/-/rails-ujs-5.2.8.tgz#dffc6b7d15f735f523e31be0a30b47264b282623"
  integrity sha512-qwCTG/7FgRRxQIWJ9vmLF8ucqFVM2Krk+0JWcI5OF485jymGa1Rix8kF5vNHGz/VGUvS2Dhom9PdlsdjMt9Kmg==

readdirp@~3.6.0:
  version "3.6.0"
  resolved "https://registry.yarnpkg.com/readdirp/-/readdirp-3.6.0.tgz#74a370bd857116e245b29cc97340cd431a02a6c7"
  integrity sha512-hOS089on8RduqdbhvQ5Z37A0ESjsqz6qnRcffsMU3495FuTdqSm+7bhJ29JvIOsBDEEnan5DPu9t3To9VRlMzA==
  dependencies:
    picomatch "^2.2.1"

recorder-audio-worklet-processor@^4.2.21:
  version "4.2.21"
  resolved "https://registry.yarnpkg.com/recorder-audio-worklet-processor/-/recorder-audio-worklet-processor-4.2.21.tgz#24129ffda37084543b9f639ab1367dd2618b4881"
  integrity sha512-oiiS2sp6eMxkvjt13yetSYUJvnAxBZk60mIxz0Vf/2lDWa/4svCyMLHIDzYKbHahkISd0UYyqLS9dI7xDlUOCA==
  dependencies:
    "@babel/runtime" "^7.21.0"
    tslib "^2.5.0"

recorder-audio-worklet@^5.1.39:
  version "5.1.39"
  resolved "https://registry.yarnpkg.com/recorder-audio-worklet/-/recorder-audio-worklet-5.1.39.tgz#7bbffd2d4e7028e0954c68350e50177e05acaa7f"
  integrity sha512-w/RazoBwZnkFnEPRsJYNThOHznLQC98/IzWRrutpJQVvCcL0nbLsVSLDaRrnrqVpRUI11VgiXRh30HaHiSdVhQ==
  dependencies:
    "@babel/runtime" "^7.21.0"
    broker-factory "^3.0.75"
    fast-unique-numbers "^7.0.2"
    recorder-audio-worklet-processor "^4.2.21"
    standardized-audio-context "^25.3.41"
    subscribable-things "^2.1.14"
    tslib "^2.5.0"
    worker-factory "^6.0.76"

regenerator-runtime@^0.13.11:
  version "0.13.11"
  resolved "https://registry.yarnpkg.com/regenerator-runtime/-/regenerator-runtime-0.13.11.tgz#f6dca3e7ceec20590d07ada785636a90cdca17f9"
  integrity sha512-kY1AZVr2Ra+t+piVaJ4gxaFaReZVH40AKNo7UCX6W+dEwBo/2oZJzqfuN1qLq1oL45o56cPaTXELwrTh8Fpggg==

rxjs-interop@^2.0.0:
  version "2.0.0"
  resolved "https://registry.yarnpkg.com/rxjs-interop/-/rxjs-interop-2.0.0.tgz#dca61a93789a8304f653d2e159e377cefa348ec7"
  integrity sha512-ASEq9atUw7lualXB+knvgtvwkCEvGWV2gDD/8qnASzBkzEARZck9JAyxmY8OS6Nc1pCPEgDTKNcx+YqqYfzArw==

sass@^1.60.0:
  version "1.60.0"
  resolved "https://registry.yarnpkg.com/sass/-/sass-1.60.0.tgz#657f0c23a302ac494b09a5ba8497b739fb5b5a81"
  integrity sha512-updbwW6fNb5gGm8qMXzVO7V4sWf7LMXnMly/JEyfbfERbVH46Fn6q02BX7/eHTdKpE7d+oTkMMQpFWNUMfFbgQ==
  dependencies:
    chokidar ">=3.0.0 <4.0.0"
    immutable "^4.0.0"
    source-map-js ">=0.6.2 <2.0.0"

sortablejs@^1.15.0:
  version "1.15.0"
  resolved "https://registry.yarnpkg.com/sortablejs/-/sortablejs-1.15.0.tgz#53230b8aa3502bb77a29e2005808ffdb4a5f7e2a"
  integrity sha512-bv9qgVMjUMf89wAvM6AxVvS/4MX3sPeN0+agqShejLU5z5GX4C75ow1O2e5k4L6XItUyAK3gH6AxSbXrOM5e8w==

"source-map-js@>=0.6.2 <2.0.0":
  version "1.0.2"
  resolved "https://registry.yarnpkg.com/source-map-js/-/source-map-js-1.0.2.tgz#adbc361d9c62df380125e7f161f71c826f1e490c"
  integrity sha512-R0XvVJ9WusLiqTCEiGCmICCMplcCkIwwR11mOSD9CR5u+IXYdiseeEuXCVAjS54zqwkLcPNnmU4OeJ6tUrWhDw==

spark-md5@^3.0.1:
  version "3.0.2"
  resolved "https://registry.yarnpkg.com/spark-md5/-/spark-md5-3.0.2.tgz#7952c4a30784347abcee73268e473b9c0167e3fc"
  integrity sha512-wcFzz9cDfbuqe0FZzfi2or1sgyIrsDwmPwfZC4hiNidPdPINjeUwNfv5kldczoEAcjl9Y1L3SM7Uz2PUEQzxQw==

standardized-audio-context@^25.3.41:
  version "25.3.41"
  resolved "https://registry.yarnpkg.com/standardized-audio-context/-/standardized-audio-context-25.3.41.tgz#42689e0653698bba13705e220b78fe1f9cf458da"
  integrity sha512-NCKY1kLCGN37dnCCIG4NX1LHWRgONvIU6u6GS3nzhMM9CV/M+GR48uIeojjeJBSICfWXfQ+t2N1MTdsgJz3wlA==
  dependencies:
    "@babel/runtime" "^7.21.0"
    automation-events "^5.0.2"
    tslib "^2.5.0"

subscribable-things@^2.1.14:
  version "2.1.14"
  resolved "https://registry.yarnpkg.com/subscribable-things/-/subscribable-things-2.1.14.tgz#b281471f4d934d41452561ef44e671361efaf70c"
  integrity sha512-+0e6wGpFVa7snrwzY/xwiiQhlpBglvPAhsYK9EhFAcboP5z0eN1W3CQoROYyeY3psiCbwcleb9vaXasKAcvISw==
  dependencies:
    "@babel/runtime" "^7.21.0"
    rxjs-interop "^2.0.0"
    tslib "^2.5.0"

to-regex-range@^5.0.1:
  version "5.0.1"
  resolved "https://registry.yarnpkg.com/to-regex-range/-/to-regex-range-5.0.1.tgz#1648c44aae7c8d988a326018ed72f5b4dd0392e4"
  integrity sha512-65P7iz6X5yEr1cwcgvQxbbIw7Uk3gOy5dIdtZ4rDveLqhrdJP+Li/Hx6tyK0NEb+2GCyneCMJiGqrADCSNk8sQ==
  dependencies:
    is-number "^7.0.0"

tslib@^2.5.0:
  version "2.5.0"
  resolved "https://registry.yarnpkg.com/tslib/-/tslib-2.5.0.tgz#42bfed86f5787aeb41d031866c8f402429e0fddf"
  integrity sha512-336iVw3rtn2BUK7ORdIAHTyxHGRIHVReokCR3XjbckJMK7ms8FysBfhLR8IXnAgy7T0PTPNBWKiH514FOW/WSg==

turbolinks@^5.2.0:
  version "5.2.0"
  resolved "https://registry.yarnpkg.com/turbolinks/-/turbolinks-5.2.0.tgz#e6877a55ea5c1cb3bb225f0a4ae303d6d32ff77c"
  integrity sha512-pMiez3tyBo6uRHFNNZoYMmrES/IaGgMhQQM+VFF36keryjb5ms0XkVpmKHkfW/4Vy96qiGW3K9bz0tF5sK9bBw==

wildcard@^1.1.0:
  version "1.1.2"
  resolved "https://registry.yarnpkg.com/wildcard/-/wildcard-1.1.2.tgz#a7020453084d8cd2efe70ba9d3696263de1710a5"
  integrity sha512-DXukZJxpHA8LuotRwL0pP1+rS6CS7FF2qStDDE1C7DDg2rLud2PXRMuEDYIPhgEezwnlHNL4c+N6MfMTjCGTng==

worker-factory@^6.0.76:
  version "6.0.76"
  resolved "https://registry.yarnpkg.com/worker-factory/-/worker-factory-6.0.76.tgz#78f86a300b959b1b5ebe010f042aae22e72346e4"
  integrity sha512-W1iBNPmE9p0asU4aFmYJYCnMxhkvk4qlKc660GlHxWgmflY64NxxTbmKqipu4K5p9LiKKPjqXfcQme6153BZEQ==
  dependencies:
    "@babel/runtime" "^7.21.0"
    compilerr "^10.0.2"
    fast-unique-numbers "^7.0.2"
    tslib "^2.5.0"
